// !$*UTF8*$!
{
	archiveVersion = 1;
	classes = {
	};
	objectVersion = 56;
	objects = {

/* Begin PBXBuildFile section */
		07894D43A3CE2D26E7D5A681 /* AppTheme.swift in Sources */ = {isa = PBXBuildFile; fileRef = 494AF242A7E19C2ED189AC1D /* AppTheme.swift */; };
		912359B39005B15F533413E3 /* Assets.xcassets in Resources */ = {isa = PBXBuildFile; fileRef = FD381624E89BEA467A3F6BF0 /* Assets.xcassets */; };
		A0B0F00DDEAFB001CAFE0101 /* MediaItem.swift in Sources */ = {isa = PBXBuildFile; fileRef = A0B0F00DDEAFB001CAFE0001 /* MediaItem.swift */; };
		A0B0F00DDEAFB001CAFE0102 /* MediaFilter.swift in Sources */ = {isa = PBXBuildFile; fileRef = A0B0F00DDEAFB001CAFE0002 /* MediaFilter.swift */; };
		A0B0F00DDEAFB001CAFE0103 /* PhotoLibraryViewModel.swift in Sources */ = {isa = PBXBuildFile; fileRef = A0B0F00DDEAFB001CAFE0003 /* PhotoLibraryViewModel.swift */; };
		A0B0F00DDEAFB001CAFE0104 /* MediaThumbnailView.swift in Sources */ = {isa = PBXBuildFile; fileRef = A0B0F00DDEAFB001CAFE0004 /* MediaThumbnailView.swift */; };
		A0B0F00DDEAFB001CAFE0105 /* MediaGridItemView.swift in Sources */ = {isa = PBXBuildFile; fileRef = A0B0F00DDEAFB001CAFE0005 /* MediaGridItemView.swift */; };
		A0B0F00DDEAFB001CAFE0106 /* FilterChip.swift in Sources */ = {isa = PBXBuildFile; fileRef = A0B0F00DDEAFB001CAFE0006 /* FilterChip.swift */; };
		A0B0F00DDEAFB001CAFE0107 /* SelectionBottomBar.swift in Sources */ = {isa = PBXBuildFile; fileRef = A0B0F00DDEAFB001CAFE0007 /* SelectionBottomBar.swift */; };
		A0B0F00DDEAFB001CAFE0108 /* MediaPreviewView.swift in Sources */ = {isa = PBXBuildFile; fileRef = A0B0F00DDEAFB001CAFE0008 /* MediaPreviewView.swift */; };
		B95033CA06554AA0D1EE9337 /* MixtapeApp.swift in Sources */ = {isa = PBXBuildFile; fileRef = BF5180642B1AC3288A6921DE /* MixtapeApp.swift */; };
		BA0EDF00DEAFB001CAFE0101 /* EditorTool.swift in Sources */ = {isa = PBXBuildFile; fileRef = BA0EDF00DEAFB001CAFE0001 /* EditorTool.swift */; };
		BA0EDF00DEAFB001CAFE0102 /* EditorClip.swift in Sources */ = {isa = PBXBuildFile; fileRef = BA0EDF00DEAFB001CAFE0002 /* EditorClip.swift */; };
		BA0EDF00DEAFB001CAFE0103 /* EditorTextOverlay.swift in Sources */ = {isa = PBXBuildFile; fileRef = BA0EDF00DEAFB001CAFE0003 /* EditorTextOverlay.swift */; };
		BA0EDF00DEAFB001CAFE0104 /* EditorAudioTrack.swift in Sources */ = {isa = PBXBuildFile; fileRef = BA0EDF00DEAFB001CAFE0004 /* EditorAudioTrack.swift */; };
		BA0EDF00DEAFB001CAFE0105 /* EditorViewModel.swift in Sources */ = {isa = PBXBuildFile; fileRef = BA0EDF00DEAFB001CAFE0005 /* EditorViewModel.swift */; };
		BA0EDF00DEAFB001CAFE010C /* EditorCompositionBuilder.swift in Sources */ = {isa = PBXBuildFile; fileRef = BA0EDF00DEAFB001CAFE000C /* EditorCompositionBuilder.swift */; };
		BA0EDF00DEAFB001CAFE0106 /* EditorTopBar.swift in Sources */ = {isa = PBXBuildFile; fileRef = BA0EDF00DEAFB001CAFE0006 /* EditorTopBar.swift */; };
		BA0EDF00DEAFB001CAFE0107 /* EditorPreviewPlayer.swift in Sources */ = {isa = PBXBuildFile; fileRef = BA0EDF00DEAFB001CAFE0007 /* EditorPreviewPlayer.swift */; };
		BA0EDF00DEAFB001CAFE0108 /* EditorTimeline.swift in Sources */ = {isa = PBXBuildFile; fileRef = BA0EDF00DEAFB001CAFE0008 /* EditorTimeline.swift */; };
		BA0EDF00DEAFB001CAFE0109 /* EditorBottomToolbar.swift in Sources */ = {isa = PBXBuildFile; fileRef = BA0EDF00DEAFB001CAFE0009 /* EditorBottomToolbar.swift */; };
		BA0EDF00DEAFB001CAFE010A /* EditorScreen.swift in Sources */ = {isa = PBXBuildFile; fileRef = BA0EDF00DEAFB001CAFE000A /* EditorScreen.swift */; };
		BA0EDF00DEAFB001CAFE010B /* ClipTrimHandleView.swift in Sources */ = {isa = PBXBuildFile; fileRef = BA0EDF00DEAFB001CAFE000B /* ClipTrimHandleView.swift */; };
		CED677972FACE5BD00531EBF /* ProjectListScreen.swift in Sources */ = {isa = PBXBuildFile; fileRef = CED677962FACE5BD00531EBF /* ProjectListScreen.swift */; };
		CED6779C2FACEC0E00531EBF /* ProjectMockModel.swift in Sources */ = {isa = PBXBuildFile; fileRef = CED6779B2FACEC0E00531EBF /* ProjectMockModel.swift */; };
		CED6779E2FAD04CD00531EBF /* AppGlobalBackgroundScaffold.swift in Sources */ = {isa = PBXBuildFile; fileRef = CED6779D2FAD04CD00531EBF /* AppGlobalBackgroundScaffold.swift */; };
		CED677A12FAD0DD200531EBF /* SizedBox.swift in Sources */ = {isa = PBXBuildFile; fileRef = CED677A02FAD0DD200531EBF /* SizedBox.swift */; };
		CED677A42FAD2D2B00531EBF /* ProjectCardView.swift in Sources */ = {isa = PBXBuildFile; fileRef = CED677A32FAD2D2B00531EBF /* ProjectCardView.swift */; };
		CED677A62FADDF6E00531EBF /* CreateProjectScreen.swift in Sources */ = {isa = PBXBuildFile; fileRef = CED677A52FADDF6E00531EBF /* CreateProjectScreen.swift */; };
		CED677A82FADDF6E00531EBF /* MediaLibraryPickerScreen.swift in Sources */ = {isa = PBXBuildFile; fileRef = CED677A72FADDF6E00531EBF /* MediaLibraryPickerScreen.swift */; };
		CEEAAC5C2FB87D8900EF5186 /* AudioSessionConfigurator.swift in Sources */ = {isa = PBXBuildFile; fileRef = CEEAAC5B2FB87D8900EF5186 /* AudioSessionConfigurator.swift */; };
/* End PBXBuildFile section */

/* Begin PBXFileReference section */
		494AF242A7E19C2ED189AC1D /* AppTheme.swift */ = {isa = PBXFileReference; lastKnownFileType = sourcecode.swift; path = AppTheme.swift; sourceTree = "<group>"; };
		A0B0F00DDEAFB001CAFE0001 /* MediaItem.swift */ = {isa = PBXFileReference; lastKnownFileType = sourcecode.swift; path = MediaItem.swift; sourceTree = "<group>"; };
		A0B0F00DDEAFB001CAFE0002 /* MediaFilter.swift */ = {isa = PBXFileReference; lastKnownFileType = sourcecode.swift; path = MediaFilter.swift; sourceTree = "<group>"; };
		A0B0F00DDEAFB001CAFE0003 /* PhotoLibraryViewModel.swift */ = {isa = PBXFileReference; lastKnownFileType = sourcecode.swift; path = PhotoLibraryViewModel.swift; sourceTree = "<group>"; };
		A0B0F00DDEAFB001CAFE0004 /* MediaThumbnailView.swift */ = {isa = PBXFileReference; lastKnownFileType = sourcecode.swift; path = MediaThumbnailView.swift; sourceTree = "<group>"; };
		A0B0F00DDEAFB001CAFE0005 /* MediaGridItemView.swift */ = {isa = PBXFileReference; lastKnownFileType = sourcecode.swift; path = MediaGridItemView.swift; sourceTree = "<group>"; };
		A0B0F00DDEAFB001CAFE0006 /* FilterChip.swift */ = {isa = PBXFileReference; lastKnownFileType = sourcecode.swift; path = FilterChip.swift; sourceTree = "<group>"; };
		A0B0F00DDEAFB001CAFE0007 /* SelectionBottomBar.swift */ = {isa = PBXFileReference; lastKnownFileType = sourcecode.swift; path = SelectionBottomBar.swift; sourceTree = "<group>"; };
		A0B0F00DDEAFB001CAFE0008 /* MediaPreviewView.swift */ = {isa = PBXFileReference; lastKnownFileType = sourcecode.swift; path = MediaPreviewView.swift; sourceTree = "<group>"; };
		B7FA166B3D2D812B47B67F76 /* Mixtape.app */ = {isa = PBXFileReference; explicitFileType = wrapper.application; includeInIndex = 0; path = Mixtape.app; sourceTree = BUILT_PRODUCTS_DIR; };
		BA0EDF00DEAFB001CAFE0001 /* EditorTool.swift */ = {isa = PBXFileReference; lastKnownFileType = sourcecode.swift; path = EditorTool.swift; sourceTree = "<group>"; };
		BA0EDF00DEAFB001CAFE0002 /* EditorClip.swift */ = {isa = PBXFileReference; lastKnownFileType = sourcecode.swift; path = EditorClip.swift; sourceTree = "<group>"; };
		BA0EDF00DEAFB001CAFE0003 /* EditorTextOverlay.swift */ = {isa = PBXFileReference; lastKnownFileType = sourcecode.swift; path = EditorTextOverlay.swift; sourceTree = "<group>"; };
		BA0EDF00DEAFB001CAFE0004 /* EditorAudioTrack.swift */ = {isa = PBXFileReference; lastKnownFileType = sourcecode.swift; path = EditorAudioTrack.swift; sourceTree = "<group>"; };
		BA0EDF00DEAFB001CAFE0005 /* EditorViewModel.swift */ = {isa = PBXFileReference; lastKnownFileType = sourcecode.swift; path = EditorViewModel.swift; sourceTree = "<group>"; };
		BA0EDF00DEAFB001CAFE000C /* EditorCompositionBuilder.swift */ = {isa = PBXFileReference; lastKnownFileType = sourcecode.swift; path = EditorCompositionBuilder.swift; sourceTree = "<group>"; };
		BA0EDF00DEAFB001CAFE0006 /* EditorTopBar.swift */ = {isa = PBXFileReference; lastKnownFileType = sourcecode.swift; path = EditorTopBar.swift; sourceTree = "<group>"; };
		BA0EDF00DEAFB001CAFE0007 /* EditorPreviewPlayer.swift */ = {isa = PBXFileReference; lastKnownFileType = sourcecode.swift; path = EditorPreviewPlayer.swift; sourceTree = "<group>"; };
		BA0EDF00DEAFB001CAFE0008 /* EditorTimeline.swift */ = {isa = PBXFileReference; lastKnownFileType = sourcecode.swift; path = EditorTimeline.swift; sourceTree = "<group>"; };
		BA0EDF00DEAFB001CAFE0009 /* EditorBottomToolbar.swift */ = {isa = PBXFileReference; lastKnownFileType = sourcecode.swift; path = EditorBottomToolbar.swift; sourceTree = "<group>"; };
		BA0EDF00DEAFB001CAFE000A /* EditorScreen.swift */ = {isa = PBXFileReference; lastKnownFileType = sourcecode.swift; path = EditorScreen.swift; sourceTree = "<group>"; };
		BA0EDF00DEAFB001CAFE000B /* ClipTrimHandleView.swift */ = {isa = PBXFileReference; lastKnownFileType = sourcecode.swift; path = ClipTrimHandleView.swift; sourceTree = "<group>"; };
		BF5180642B1AC3288A6921DE /* MixtapeApp.swift */ = {isa = PBXFileReference; lastKnownFileType = sourcecode.swift; path = MixtapeApp.swift; sourceTree = "<group>"; };
		CED677962FACE5BD00531EBF /* ProjectListScreen.swift */ = {isa = PBXFileReference; lastKnownFileType = sourcecode.swift; path = ProjectListScreen.swift; sourceTree = "<group>"; };
		CED6779B2FACEC0E00531EBF /* ProjectMockModel.swift */ = {isa = PBXFileReference; lastKnownFileType = sourcecode.swift; path = ProjectMockModel.swift; sourceTree = "<group>"; };
		CED6779D2FAD04CD00531EBF /* AppGlobalBackgroundScaffold.swift */ = {isa = PBXFileReference; lastKnownFileType = sourcecode.swift; path = AppGlobalBackgroundScaffold.swift; sourceTree = "<group>"; };
		CED677A02FAD0DD200531EBF /* SizedBox.swift */ = {isa = PBXFileReference; lastKnownFileType = sourcecode.swift; path = SizedBox.swift; sourceTree = "<group>"; };
		CED677A32FAD2D2B00531EBF /* ProjectCardView.swift */ = {isa = PBXFileReference; lastKnownFileType = sourcecode.swift; path = ProjectCardView.swift; sourceTree = "<group>"; };
		CED677A52FADDF6E00531EBF /* CreateProjectScreen.swift */ = {isa = PBXFileReference; lastKnownFileType = sourcecode.swift; path = CreateProjectScreen.swift; sourceTree = "<group>"; };
		CED677A72FADDF6E00531EBF /* MediaLibraryPickerScreen.swift */ = {isa = PBXFileReference; lastKnownFileType = sourcecode.swift; path = MediaLibraryPickerScreen.swift; sourceTree = "<group>"; };
		CEEAAC5A2FB87D8900EF5185 /* Mixtape-Info.plist */ = {isa = PBXFileReference; lastKnownFileType = text.plist; path = "Mixtape-Info.plist"; sourceTree = "<group>"; };
		CEEAAC5B2FB87D8900EF5186 /* AudioSessionConfigurator.swift */ = {isa = PBXFileReference; lastKnownFileType = sourcecode.swift; path = AudioSessionConfigurator.swift; sourceTree = "<group>"; };
		FD381624E89BEA467A3F6BF0 /* Assets.xcassets */ = {isa = PBXFileReference; lastKnownFileType = folder.assetcatalog; path = Assets.xcassets; sourceTree = "<group>"; };
/* End PBXFileReference section */

/* Begin PBXFrameworksBuildPhase section */
		71FE200D317990948E24D8EE /* Frameworks */ = {
			isa = PBXFrameworksBuildPhase;
			buildActionMask = 2147483647;
			files = (
			);
			runOnlyForDeploymentPostprocessing = 0;
		};
/* End PBXFrameworksBuildPhase section */

/* Begin PBXGroup section */
		1E4A1728AD0F8AF0776ADE98 /* App */ = {
			isa = PBXGroup;
			children = (
				BF5180642B1AC3288A6921DE /* MixtapeApp.swift */,
			);
			path = App;
			sourceTree = "<group>";
		};
		390D6AA02EC2146AAC9E2BCE /* Core */ = {
			isa = PBXGroup;
			children = (
				CED6779F2FAD0DA700531EBF /* Components */,
				CEEAAC5B2FB87D8900EF5186 /* AudioSessionConfigurator.swift */,
				494AF242A7E19C2ED189AC1D /* AppTheme.swift */,
				CED6779D2FAD04CD00531EBF /* AppGlobalBackgroundScaffold.swift */,
			);
			path = Core;
			sourceTree = "<group>";
		};
		5C999E731352905727541C3C = {
			isa = PBXGroup;
			children = (
				CEEAAC5A2FB87D8900EF5185 /* Mixtape-Info.plist */,
				D4BAA6CF3F4204D0B19A1276,
				6D159F361021D92BC3E10E55 /* Products */,
			);
			sourceTree = "<group>";
		};
		6D159F361021D92BC3E10E55 /* Products */ = {
			isa = PBXGroup;
			children = (
				B7FA166B3D2D812B47B67F76 /* Mixtape.app */,
			);
			name = Products;
			sourceTree = "<group>";
		};
		A0B0F00DDEAFB001CAFE0200 /* ViewModel */ = {
			isa = PBXGroup;
			children = (
				A0B0F00DDEAFB001CAFE0003 /* PhotoLibraryViewModel.swift */,
			);
			path = ViewModel;
			sourceTree = "<group>";
		};
		BA0EDF00DEAFB001CAFE0200 /* Editor */ = {
			isa = PBXGroup;
			children = (
				BA0EDF00DEAFB001CAFE0201 /* Model */,
				BA0EDF00DEAFB001CAFE0203 /* ViewModel */,
				BA0EDF00DEAFB001CAFE0205 /* Services */,
				BA0EDF00DEAFB001CAFE0207 /* View */,
			);
			path = Editor;
			sourceTree = "<group>";
		};
		BA0EDF00DEAFB001CAFE0205 /* Services */ = {
			isa = PBXGroup;
			children = (
				BA0EDF00DEAFB001CAFE000C /* EditorCompositionBuilder.swift */,
			);
			path = Services;
			sourceTree = "<group>";
		};
		BA0EDF00DEAFB001CAFE0201 /* Model */ = {
			isa = PBXGroup;
			children = (
				BA0EDF00DEAFB001CAFE0001 /* EditorTool.swift */,
				BA0EDF00DEAFB001CAFE0002 /* EditorClip.swift */,
				BA0EDF00DEAFB001CAFE0003 /* EditorTextOverlay.swift */,
				BA0EDF00DEAFB001CAFE0004 /* EditorAudioTrack.swift */,
			);
			path = Model;
			sourceTree = "<group>";
		};
		BA0EDF00DEAFB001CAFE0203 /* ViewModel */ = {
			isa = PBXGroup;
			children = (
				BA0EDF00DEAFB001CAFE0005 /* EditorViewModel.swift */,
			);
			path = ViewModel;
			sourceTree = "<group>";
		};
		BA0EDF00DEAFB001CAFE0207 /* View */ = {
			isa = PBXGroup;
			children = (
				BA0EDF00DEAFB001CAFE0206 /* Screens */,
				BA0EDF00DEAFB001CAFE0204 /* Components */,
			);
			path = View;
			sourceTree = "<group>";
		};
		BA0EDF00DEAFB001CAFE0204 /* Components */ = {
			isa = PBXGroup;
			children = (
				BA0EDF00DEAFB001CAFE0006 /* EditorTopBar.swift */,
				BA0EDF00DEAFB001CAFE0007 /* EditorPreviewPlayer.swift */,
				BA0EDF00DEAFB001CAFE0008 /* EditorTimeline.swift */,
				BA0EDF00DEAFB001CAFE0009 /* EditorBottomToolbar.swift */,
				BA0EDF00DEAFB001CAFE000B /* ClipTrimHandleView.swift */,
			);
			path = Components;
			sourceTree = "<group>";
		};
		BA0EDF00DEAFB001CAFE0206 /* Screens */ = {
			isa = PBXGroup;
			children = (
				BA0EDF00DEAFB001CAFE000A /* EditorScreen.swift */,
			);
			path = Screens;
			sourceTree = "<group>";
		};
		CED677932FACE2B300531EBF /* Features */ = {
			isa = PBXGroup;
			children = (
				CED677942FACE3AC00531EBF /* ProjectList */,
				BA0EDF00DEAFB001CAFE0200 /* Editor */,
			);
			path = Features;
			sourceTree = "<group>";
		};
		CED677942FACE3AC00531EBF /* ProjectList */ = {
			isa = PBXGroup;
			children = (
				CED6779A2FACEBF700531EBF /* Model */,
				A0B0F00DDEAFB001CAFE0200 /* ViewModel */,
				CED677A92FADDF6E00531EBF1 /* View */,
			);
			path = ProjectList;
			sourceTree = "<group>";
		};
		CED677A92FADDF6E00531EBF1 /* View */ = {
			isa = PBXGroup;
			children = (
				CED677A82FADDF6E00531EBF0 /* Screens */,
				CED677A22FAD2D0D00531EBF /* Components */,
			);
			path = View;
			sourceTree = "<group>";
		};
		CED677A82FADDF6E00531EBF0 /* Screens */ = {
			isa = PBXGroup;
			children = (
				CED677962FACE5BD00531EBF /* ProjectListScreen.swift */,
				CED677A52FADDF6E00531EBF /* CreateProjectScreen.swift */,
				CED677A72FADDF6E00531EBF /* MediaLibraryPickerScreen.swift */,
			);
			path = Screens;
			sourceTree = "<group>";
		};
		CED6779A2FACEBF700531EBF /* Model */ = {
			isa = PBXGroup;
			children = (
				CED6779B2FACEC0E00531EBF /* ProjectMockModel.swift */,
				A0B0F00DDEAFB001CAFE0001 /* MediaItem.swift */,
				A0B0F00DDEAFB001CAFE0002 /* MediaFilter.swift */,
			);
			path = Model;
			sourceTree = "<group>";
		};
		CED6779F2FAD0DA700531EBF /* Components */ = {
			isa = PBXGroup;
			children = (
				CED677A02FAD0DD200531EBF /* SizedBox.swift */,
			);
			path = Components;
			sourceTree = "<group>";
		};
		CED677A22FAD2D0D00531EBF /* Components */ = {
			isa = PBXGroup;
			children = (
				CED677A32FAD2D2B00531EBF /* ProjectCardView.swift */,
				A0B0F00DDEAFB001CAFE0004 /* MediaThumbnailView.swift */,
				A0B0F00DDEAFB001CAFE0005 /* MediaGridItemView.swift */,
				A0B0F00DDEAFB001CAFE0006 /* FilterChip.swift */,
				A0B0F00DDEAFB001CAFE0007 /* SelectionBottomBar.swift */,
				A0B0F00DDEAFB001CAFE0008 /* MediaPreviewView.swift */,
			);
			path = Components;
			sourceTree = "<group>";
		};
		D4BAA6CF3F4204D0B19A1276 = {
			isa = PBXGroup;
			children = (
				FD381624E89BEA467A3F6BF0 /* Assets.xcassets */,
				1E4A1728AD0F8AF0776ADE98 /* App */,
				390D6AA02EC2146AAC9E2BCE /* Core */,
				CED677932FACE2B300531EBF /* Features */,
			);
			sourceTree = "<group>";
		};
/* End PBXGroup section */

/* Begin PBXNativeTarget section */
		C41A31890959544C6523AF68 /* Mixtape */ = {
			isa = PBXNativeTarget;
			buildConfigurationList = 8B271C3BF441746F5312D6FC /* Build configuration list for PBXNativeTarget "Mixtape" */;
			buildPhases = (
				A7BB88F141516E17F21602B2 /* Sources */,
				71FE200D317990948E24D8EE /* Frameworks */,
				AF5FE74DAAF3C2BCB23F9A40 /* Resources */,
			);
			buildRules = (
			);
			dependencies = (
			);
			name = Mixtape;
			productName = Mixtape;
			productReference = B7FA166B3D2D812B47B67F76 /* Mixtape.app */;
			productType = "com.apple.product-type.application";
		};
/* End PBXNativeTarget section */

/* Begin PBXProject section */
		9E727FDD3AEC8274F4668544 /* Project object */ = {
			isa = PBXProject;
			attributes = {
				LastUpgradeCheck = 1500;
				TargetAttributes = {
					C41A31890959544C6523AF68 = {
						CreatedOnToolsVersion = 15.0;
					};
				};
			};
			buildConfigurationList = 04381F66F2952792222CD8FA /* Build configuration list for PBXProject "Mixtape" */;
			compatibilityVersion = "Xcode 14.0";
			developmentRegion = en;
			hasScannedForEncodings = 0;
			knownRegions = (
				en,
				Base,
			);
			mainGroup = 5C999E731352905727541C3C;
			productRefGroup = 6D159F361021D92BC3E10E55 /* Products */;
			projectDirPath = "";
			projectRoot = "";
			targets = (
				C41A31890959544C6523AF68 /* Mixtape */,
			);
		};
/* End PBXProject section */

/* Begin PBXResourcesBuildPhase section */
		AF5FE74DAAF3C2BCB23F9A40 /* Resources */ = {
			isa = PBXResourcesBuildPhase;
			buildActionMask = 2147483647;
			files = (
				912359B39005B15F533413E3 /* Assets.xcassets in Resources */,
			);
			runOnlyForDeploymentPostprocessing = 0;
		};
/* End PBXResourcesBuildPhase section */

/* Begin PBXSourcesBuildPhase section */
		A7BB88F141516E17F21602B2 /* Sources */ = {
			isa = PBXSourcesBuildPhase;
			buildActionMask = 2147483647;
			files = (
				B95033CA06554AA0D1EE9337 /* MixtapeApp.swift in Sources */,
				CED6779C2FACEC0E00531EBF /* ProjectMockModel.swift in Sources */,
				07894D43A3CE2D26E7D5A681 /* AppTheme.swift in Sources */,
				CED677A12FAD0DD200531EBF /* SizedBox.swift in Sources */,
				CED6779E2FAD04CD00531EBF /* AppGlobalBackgroundScaffold.swift in Sources */,
				CEEAAC5C2FB87D8900EF5186 /* AudioSessionConfigurator.swift in Sources */,
				CED677A42FAD2D2B00531EBF /* ProjectCardView.swift in Sources */,
				CED677972FACE5BD00531EBF /* ProjectListScreen.swift in Sources */,
				CED677A62FADDF6E00531EBF /* CreateProjectScreen.swift in Sources */,
				CED677A82FADDF6E00531EBF /* MediaLibraryPickerScreen.swift in Sources */,
				A0B0F00DDEAFB001CAFE0101 /* MediaItem.swift in Sources */,
				A0B0F00DDEAFB001CAFE0102 /* MediaFilter.swift in Sources */,
				A0B0F00DDEAFB001CAFE0103 /* PhotoLibraryViewModel.swift in Sources */,
				A0B0F00DDEAFB001CAFE0104 /* MediaThumbnailView.swift in Sources */,
				A0B0F00DDEAFB001CAFE0105 /* MediaGridItemView.swift in Sources */,
				A0B0F00DDEAFB001CAFE0106 /* FilterChip.swift in Sources */,
				A0B0F00DDEAFB001CAFE0107 /* SelectionBottomBar.swift in Sources */,
				A0B0F00DDEAFB001CAFE0108 /* MediaPreviewView.swift in Sources */,
				BA0EDF00DEAFB001CAFE0101 /* EditorTool.swift in Sources */,
				BA0EDF00DEAFB001CAFE0102 /* EditorClip.swift in Sources */,
				BA0EDF00DEAFB001CAFE0103 /* EditorTextOverlay.swift in Sources */,
				BA0EDF00DEAFB001CAFE0104 /* EditorAudioTrack.swift in Sources */,
				BA0EDF00DEAFB001CAFE0105 /* EditorViewModel.swift in Sources */,
				BA0EDF00DEAFB001CAFE010C /* EditorCompositionBuilder.swift in Sources */,
				BA0EDF00DEAFB001CAFE0106 /* EditorTopBar.swift in Sources */,
				BA0EDF00DEAFB001CAFE0107 /* EditorPreviewPlayer.swift in Sources */,
				BA0EDF00DEAFB001CAFE0108 /* EditorTimeline.swift in Sources */,
				BA0EDF00DEAFB001CAFE0109 /* EditorBottomToolbar.swift in Sources */,
				BA0EDF00DEAFB001CAFE010B /* ClipTrimHandleView.swift in Sources */,
				BA0EDF00DEAFB001CAFE010A /* EditorScreen.swift in Sources */,
			);
			runOnlyForDeploymentPostprocessing = 0;
		};
/* End PBXSourcesBuildPhase section */

/* Begin XCBuildConfiguration section */
		3C865FDD1C80B47C0A0826A2 /* Debug */ = {
			isa = XCBuildConfiguration;
			buildSettings = {
				ASSETCATALOG_COMPILER_APPICON_NAME = AppIcon;
				ASSETCATALOG_COMPILER_GLOBAL_ACCENT_COLOR_NAME = AccentColor;
				DEVELOPMENT_TEAM = D577Y99AN6;
				GENERATE_INFOPLIST_FILE = YES;
				INFOPLIST_FILE = "Mixtape-Info.plist";
				INFOPLIST_KEY_NSPhotoLibraryUsageDescription = "Mixtape needs access to your photo library so you can pick photos and videos for your projects.";
				INFOPLIST_KEY_UIApplicationSceneManifest_Generation = YES;
				INFOPLIST_KEY_UILaunchScreen_Generation = YES;
				INFOPLIST_KEY_UIUserInterfaceStyle = Dark;
				IPHONEOS_DEPLOYMENT_TARGET = 18.6;
				PRODUCT_BUNDLE_IDENTIFIER = com.dev.mixtape;
				PRODUCT_NAME = "$(TARGET_NAME)";
				SWIFT_VERSION = 5.0;
				TARGETED_DEVICE_FAMILY = "1,2";
			};
			name = Debug;
		};
		61672D85E657ED2A1F0DDDE4 /* Release */ = {
			isa = XCBuildConfiguration;
			buildSettings = {
				ALWAYS_SEARCH_USER_PATHS = NO;
				CLANG_ENABLE_MODULES = YES;
				CLANG_ENABLE_OBJC_ARC = YES;
				IPHONEOS_DEPLOYMENT_TARGET = 16.0;
				SDKROOT = iphoneos;
				SWIFT_OPTIMIZATION_LEVEL = "-O";
			};
			name = Release;
		};
		C709FCC84BC9578EB9F915E2 /* Debug */ = {
			isa = XCBuildConfiguration;
			buildSettings = {
				ALWAYS_SEARCH_USER_PATHS = NO;
				CLANG_ENABLE_MODULES = YES;
				CLANG_ENABLE_OBJC_ARC = YES;
				ENABLE_STRICT_OBJC_MSGSEND = YES;
				GCC_OPTIMIZATION_LEVEL = 0;
				IPHONEOS_DEPLOYMENT_TARGET = 16.0;
				SDKROOT = iphoneos;
				SWIFT_ACTIVE_COMPILATION_CONDITIONS = DEBUG;
				SWIFT_OPTIMIZATION_LEVEL = "-Onone";
			};
			name = Debug;
		};
		CFEDFA691963B1A7B22A7D71 /* Release */ = {
			isa = XCBuildConfiguration;
			buildSettings = {
				ASSETCATALOG_COMPILER_APPICON_NAME = AppIcon;
				ASSETCATALOG_COMPILER_GLOBAL_ACCENT_COLOR_NAME = AccentColor;
				DEVELOPMENT_TEAM = D577Y99AN6;
				GENERATE_INFOPLIST_FILE = YES;
				INFOPLIST_FILE = "Mixtape-Info.plist";
				INFOPLIST_KEY_NSPhotoLibraryUsageDescription = "Mixtape needs access to your photo library so you can pick photos and videos for your projects.";
				INFOPLIST_KEY_UIApplicationSceneManifest_Generation = YES;
				INFOPLIST_KEY_UILaunchScreen_Generation = YES;
				INFOPLIST_KEY_UIUserInterfaceStyle = Dark;
				IPHONEOS_DEPLOYMENT_TARGET = 18.6;
				PRODUCT_BUNDLE_IDENTIFIER = com.dev.mixtape;
				PRODUCT_NAME = "$(TARGET_NAME)";
				SWIFT_VERSION = 5.0;
				TARGETED_DEVICE_FAMILY = "1,2";
			};
			name = Release;
		};
/* End XCBuildConfiguration section */

/* Begin XCConfigurationList section */
		04381F66F2952792222CD8FA /* Build configuration list for PBXProject "Mixtape" */ = {
			isa = XCConfigurationList;
			buildConfigurations = (
				C709FCC84BC9578EB9F915E2 /* Debug */,
				61672D85E657ED2A1F0DDDE4 /* Release */,
			);
			defaultConfigurationIsVisible = 0;
			defaultConfigurationName = Release;
		};
		8B271C3BF441746F5312D6FC /* Build configuration list for PBXNativeTarget "Mixtape" */ = {
			isa = XCConfigurationList;
			buildConfigurations = (
				3C865FDD1C80B47C0A0826A2 /* Debug */,
				CFEDFA691963B1A7B22A7D71 /* Release */,
			);
			defaultConfigurationIsVisible = 0;
			defaultConfigurationName = Release;
		};
/* End XCConfigurationList section */
	};
	rootObject = 9E727FDD3AEC8274F4668544 /* Project object */;
}
