// !$*UTF8*$!
{
	archiveVersion = 1;
	classes = {
	};
	objectVersion = 56;
	objects = {

/* Begin PBXBuildFile section */
		07894D43A3CE2D26E7D5A681 /* AppTheme.swift in Sources */ = {isa = PBXBuildFile; fileRef = 494AF242A7E19C2ED189AC1D /* AppTheme.swift */; };
		1FAFCD6593F00D7A42C9DDA7 /* EditorTextOverlayRenderer.swift in Sources */ = {isa = PBXBuildFile; fileRef = 6432709C5697BF3533DB9761 /* EditorTextOverlayRenderer.swift */; };
		4FB9AB17CDC14E3939385014 /* TextOverlayEditorSheet.swift in Sources */ = {isa = PBXBuildFile; fileRef = 63F8ECBE73E4FFD084A70D66 /* TextOverlayEditorSheet.swift */; };
		794DF62E89AB0BCA798BCCAA /* VolumeToolPanel.swift in Sources */ = {isa = PBXBuildFile; fileRef = E87DAAFAE4F84C0C17BFE6B8 /* VolumeToolPanel.swift */; };
		912359B39005B15F533413E3 /* Assets.xcassets in Resources */ = {isa = PBXBuildFile; fileRef = FD381624E89BEA467A3F6BF0 /* Assets.xcassets */; };
		A0B0F00DDEAFB001CAFE0101 /* MediaItem.swift in Sources */ = {isa = PBXBuildFile; fileRef = A0B0F00DDEAFB001CAFE0001 /* MediaItem.swift */; };
		A0B0F00DDEAFB001CAFE0102 /* MediaFilter.swift in Sources */ = {isa = PBXBuildFile; fileRef = A0B0F00DDEAFB001CAFE0002 /* MediaFilter.swift */; };
		A0B0F00DDEAFB001CAFE0103 /* PhotoLibraryViewModel.swift in Sources */ = {isa = PBXBuildFile; fileRef = A0B0F00DDEAFB001CAFE0003 /* PhotoLibraryViewModel.swift */; };
		A0B0F00DDEAFB001CAFE0104 /* MediaThumbnailView.swift in Sources */ = {isa = PBXBuildFile; fileRef = A0B0F00DDEAFB001CAFE0004 /* MediaThumbnailView.swift */; };
		A0B0F00DDEAFB001CAFE0105 /* MediaGridItemView.swift in Sources */ = {isa = PBXBuildFile; fileRef = A0B0F00DDEAFB001CAFE0005 /* MediaGridItemView.swift */; };
		A0B0F00DDEAFB001CAFE0106 /* FilterChip.swift in Sources */ = {isa = PBXBuildFile; fileRef = A0B0F00DDEAFB001CAFE0006 /* FilterChip.swift */; };
		A0B0F00DDEAFB001CAFE0107 /* SelectionBottomBar.swift in Sources */ = {isa = PBXBuildFile; fileRef = A0B0F00DDEAFB001CAFE0007 /* SelectionBottomBar.swift */; };
		A0B0F00DDEAFB001CAFE0108 /* MediaPreviewView.swift in Sources */ = {isa = PBXBuildFile; fileRef = A0B0F00DDEAFB001CAFE0008 /* MediaPreviewView.swift */; };
		AB102030405060708090A001 /* SavedAudioFileResolver.swift in Sources */ = {isa = PBXBuildFile; fileRef = AB102030405060708090A002 /* SavedAudioFileResolver.swift */; };
		AD10000000000000000000B1 /* EditorAudioLibraryItem.swift in Sources */ = {isa = PBXBuildFile; fileRef = AD10000000000000000000F1 /* EditorAudioLibraryItem.swift */; };
		AD10000000000000000000B2 /* AudioLibraryViewModel.swift in Sources */ = {isa = PBXBuildFile; fileRef = AD10000000000000000000F2 /* AudioLibraryViewModel.swift */; };
		AD10000000000000000000B3 /* AudioLibraryPickerView.swift in Sources */ = {isa = PBXBuildFile; fileRef = AD10000000000000000000F3 /* AudioLibraryPickerView.swift */; };
		AD10000000000000000000B4 /* AudioLibrary in Resources */ = {isa = PBXBuildFile; fileRef = AD10000000000000000000F4 /* AudioLibrary */; };
		AD10000000000000000000B5 /* AudioLibraryCache.swift in Sources */ = {isa = PBXBuildFile; fileRef = AD10000000000000000000F5 /* AudioLibraryCache.swift */; };
		AD10000000000000000000B6 /* FreesoundAudioLibraryProvider.swift in Sources */ = {isa = PBXBuildFile; fileRef = AD10000000000000000000F6 /* FreesoundAudioLibraryProvider.swift */; };
		AD10000000000000000000B7 /* AudioWaveformGenerator.swift in Sources */ = {isa = PBXBuildFile; fileRef = AD10000000000000000000F7 /* AudioWaveformGenerator.swift */; };
		AD10000000000000000000B8 /* EditorAudioMixSettings.swift in Sources */ = {isa = PBXBuildFile; fileRef = AD10000000000000000000F8 /* EditorAudioMixSettings.swift */; };
		AD10000000000000000000B9 /* MixToolPanel.swift in Sources */ = {isa = PBXBuildFile; fileRef = AD10000000000000000000F9 /* MixToolPanel.swift */; };
		AD10000000000000000000BA /* VoiceoverRecorderService.swift in Sources */ = {isa = PBXBuildFile; fileRef = AD10000000000000000000FA /* VoiceoverRecorderService.swift */; };
		AD10000000000000000000BB /* VoiceoverRecorderView.swift in Sources */ = {isa = PBXBuildFile; fileRef = AD10000000000000000000FB /* VoiceoverRecorderView.swift */; };
		AD10000000000000000000BC /* EditorAudioEffect.swift in Sources */ = {isa = PBXBuildFile; fileRef = AD10000000000000000000FC /* EditorAudioEffect.swift */; };
		AD10000000000000000000BD /* EditorAudioEffectRenderer.swift in Sources */ = {isa = PBXBuildFile; fileRef = AD10000000000000000000FD /* EditorAudioEffectRenderer.swift */; };
		AD10000000000000000000BE /* EditorAudioEffectPanel.swift in Sources */ = {isa = PBXBuildFile; fileRef = AD10000000000000000000FE /* EditorAudioEffectPanel.swift */; };
		AD1200000000000000000001 /* EditorTextLaneLayout.swift in Sources */ = {isa = PBXBuildFile; fileRef = AD1200000000000000000002 /* EditorTextLaneLayout.swift */; };
		B95033CA06554AA0D1EE9337 /* MixtapeApp.swift in Sources */ = {isa = PBXBuildFile; fileRef = BF5180642B1AC3288A6921DE /* MixtapeApp.swift */; };
		BA0EDF00DEAFB001CAFE0101 /* EditorTool.swift in Sources */ = {isa = PBXBuildFile; fileRef = BA0EDF00DEAFB001CAFE0001 /* EditorTool.swift */; };
		BA0EDF00DEAFB001CAFE0102 /* EditorClip.swift in Sources */ = {isa = PBXBuildFile; fileRef = BA0EDF00DEAFB001CAFE0002 /* EditorClip.swift */; };
		BA0EDF00DEAFB001CAFE0103 /* EditorTextOverlay.swift in Sources */ = {isa = PBXBuildFile; fileRef = BA0EDF00DEAFB001CAFE0003 /* EditorTextOverlay.swift */; };
		BA0EDF00DEAFB001CAFE0104 /* EditorAudioClip.swift in Sources */ = {isa = PBXBuildFile; fileRef = BA0EDF00DEAFB001CAFE0004 /* EditorAudioClip.swift */; };
		BA0EDF00DEAFB001CAFE0105 /* EditorAudioActionBar.swift in Sources */ = {isa = PBXBuildFile; fileRef = BA0EDF00DEAFB001CAFE001A /* EditorAudioActionBar.swift */; };
		BA0EDF00DEAFB001CAFE0106 /* EditorTopBar.swift in Sources */ = {isa = PBXBuildFile; fileRef = BA0EDF00DEAFB001CAFE0006 /* EditorTopBar.swift */; };
		BA0EDF00DEAFB001CAFE0107 /* EditorPreviewPlayer.swift in Sources */ = {isa = PBXBuildFile; fileRef = BA0EDF00DEAFB001CAFE0007 /* EditorPreviewPlayer.swift */; };
		BA0EDF00DEAFB001CAFE0108 /* EditorTimeline.swift in Sources */ = {isa = PBXBuildFile; fileRef = BA0EDF00DEAFB001CAFE0008 /* EditorTimeline.swift */; };
		BA0EDF00DEAFB001CAFE0109 /* EditorBottomToolbar.swift in Sources */ = {isa = PBXBuildFile; fileRef = BA0EDF00DEAFB001CAFE0009 /* EditorBottomToolbar.swift */; };
		BA0EDF00DEAFB001CAFE010A /* EditorScreen.swift in Sources */ = {isa = PBXBuildFile; fileRef = BA0EDF00DEAFB001CAFE000A /* EditorScreen.swift */; };
		BA0EDF00DEAFB001CAFE010B /* ClipTrimHandleView.swift in Sources */ = {isa = PBXBuildFile; fileRef = BA0EDF00DEAFB001CAFE000B /* ClipTrimHandleView.swift */; };
		BA0EDF00DEAFB001CAFE010C /* EditorCompositionBuilder.swift in Sources */ = {isa = PBXBuildFile; fileRef = BA0EDF00DEAFB001CAFE000C /* EditorCompositionBuilder.swift */; };
		BA0EDF00DEAFB001CAFE0110 /* EditorTimelineSnapshot.swift in Sources */ = {isa = PBXBuildFile; fileRef = BA0EDF00DEAFB001CAFE0010 /* EditorTimelineSnapshot.swift */; };
		BA0EDF00DEAFB001CAFE0111 /* EditorUndoManager.swift in Sources */ = {isa = PBXBuildFile; fileRef = BA0EDF00DEAFB001CAFE0011 /* EditorUndoManager.swift */; };
		BA0EDF00DEAFB001CAFE0112 /* EditorExportService.swift in Sources */ = {isa = PBXBuildFile; fileRef = BA0EDF00DEAFB001CAFE0012 /* EditorExportService.swift */; };
		BA0EDF00DEAFB001CAFE0113 /* ClipThumbnailService.swift in Sources */ = {isa = PBXBuildFile; fileRef = BA0EDF00DEAFB001CAFE0013 /* ClipThumbnailService.swift */; };
		BA0EDF00DEAFB001CAFE0114 /* SpeedToolPanel.swift in Sources */ = {isa = PBXBuildFile; fileRef = BA0EDF00DEAFB001CAFE0014 /* SpeedToolPanel.swift */; };
		BA0EDF00DEAFB001CAFE0115 /* ClipFilmstripView.swift in Sources */ = {isa = PBXBuildFile; fileRef = BA0EDF00DEAFB001CAFE0015 /* ClipFilmstripView.swift */; };
		BA0EDF00DEAFB001CAFE0116 /* EditorExportSettings.swift in Sources */ = {isa = PBXBuildFile; fileRef = BA0EDF00DEAFB001CAFE0016 /* EditorExportSettings.swift */; };
		BA0EDF00DEAFB001CAFE0117 /* EditorExportScreen.swift in Sources */ = {isa = PBXBuildFile; fileRef = BA0EDF00DEAFB001CAFE0017 /* EditorExportScreen.swift */; };
		BA0EDF00DEAFB001CAFE0118 /* EditorClipActionBar.swift in Sources */ = {isa = PBXBuildFile; fileRef = BA0EDF00DEAFB001CAFE0018 /* EditorClipActionBar.swift */; };
		BA0EDF00DEAFB001CAFE0119 /* ClipReorderGestureView.swift in Sources */ = {isa = PBXBuildFile; fileRef = BA0EDF00DEAFB001CAFE0019 /* ClipReorderGestureView.swift */; };
		BA0EDF00DEAFB001CAFE011A /* EditorViewModel.swift in Sources */ = {isa = PBXBuildFile; fileRef = BA0EDF00DEAFB001CAFE0005 /* EditorViewModel.swift */; };
		BA0EDF00DEAFB001CAFE011B /* EditorTransitionCompositor.swift in Sources */ = {isa = PBXBuildFile; fileRef = BA0EDF00DEAFB001CAFE001B /* EditorTransitionCompositor.swift */; };
		BA0EDF00DEAFB001CAFE011C /* EditorTransition.swift in Sources */ = {isa = PBXBuildFile; fileRef = BA0EDF00DEAFB001CAFE001C /* EditorTransition.swift */; };
		C010C001A15C010000000001 /* EditorColorGrade.swift in Sources */ = {isa = PBXBuildFile; fileRef = C010D001A15C010000000001 /* EditorColorGrade.swift */; };
		C010C002A15C010000000002 /* EditorColorGradeRenderer.swift in Sources */ = {isa = PBXBuildFile; fileRef = C010D002A15C010000000002 /* EditorColorGradeRenderer.swift */; };
		C010C003A15C010000000003 /* ColorAdjustmentToolPanel.swift in Sources */ = {isa = PBXBuildFile; fileRef = C010D003A15C010000000003 /* ColorAdjustmentToolPanel.swift */; };
		C010C004A15C010000000004 /* ColorGradeControls.swift in Sources */ = {isa = PBXBuildFile; fileRef = C010D004A15C010000000004 /* ColorGradeControls.swift */; };
		C010C005A15C010000000005 /* EditorColorScopeAnalyzer.swift in Sources */ = {isa = PBXBuildFile; fileRef = C010D005A15C010000000005 /* EditorColorScopeAnalyzer.swift */; };
		C010C006A15C010000000006 /* ColorScopeViews.swift in Sources */ = {isa = PBXBuildFile; fileRef = C010D006A15C010000000006 /* ColorScopeViews.swift */; };
		C010C007A15C010000000007 /* EditorFaceMaskDetector.swift in Sources */ = {isa = PBXBuildFile; fileRef = C010D007A15C010000000007 /* EditorFaceMaskDetector.swift */; };
		C010C008A15C010000000008 /* ColorMaskControls.swift in Sources */ = {isa = PBXBuildFile; fileRef = C010D008A15C010000000008 /* ColorMaskControls.swift */; };
		C010C009A15C010000000009 /* EditorColorMaskTracker.swift in Sources */ = {isa = PBXBuildFile; fileRef = C010D009A15C010000000009 /* EditorColorMaskTracker.swift */; };
		C010C00AA15C01000000000A /* EditorKeyframe.swift in Sources */ = {isa = PBXBuildFile; fileRef = C010D00AA15C01000000000A /* EditorKeyframe.swift */; };
		C010C00BA15C01000000000B /* KeyframeToolPanel.swift in Sources */ = {isa = PBXBuildFile; fileRef = C010D00BA15C01000000000B /* KeyframeToolPanel.swift */; };
		C010C00CA15C01000000000C /* EditorAdaptiveBottomSheet.swift in Sources */ = {isa = PBXBuildFile; fileRef = C010D00CA15C01000000000C /* EditorAdaptiveBottomSheet.swift */; };
		C010C00DA15C01000000000D /* EditorSpeedRamp.swift in Sources */ = {isa = PBXBuildFile; fileRef = C010D00DA15C01000000000D /* EditorSpeedRamp.swift */; };
		C020C001A15C020000000001 /* EditorOverlayCompositing.swift in Sources */ = {isa = PBXBuildFile; fileRef = C020D001A15C020000000001 /* EditorOverlayCompositing.swift */; };
		C020C002A15C020000000002 /* EditorOverlayCompositingRenderer.swift in Sources */ = {isa = PBXBuildFile; fileRef = C020D002A15C020000000002 /* EditorOverlayCompositingRenderer.swift */; };
		C020C003A15C020000000003 /* OverlayCompositingToolPanel.swift in Sources */ = {isa = PBXBuildFile; fileRef = C020D003A15C020000000003 /* OverlayCompositingToolPanel.swift */; };
		C020C004A15C020000000004 /* CompositingMaskSelectionLayer.swift in Sources */ = {isa = PBXBuildFile; fileRef = C020D004A15C020000000004 /* CompositingMaskSelectionLayer.swift */; };
		C030C001A15C030000000001 /* EditorMotionTracking.swift in Sources */ = {isa = PBXBuildFile; fileRef = C030D001A15C030000000001 /* EditorMotionTracking.swift */; };
		C030C002A15C030000000002 /* EditorMotionTracker.swift in Sources */ = {isa = PBXBuildFile; fileRef = C030D002A15C030000000002 /* EditorMotionTracker.swift */; };
		C030C003A15C030000000003 /* MotionTrackingToolPanel.swift in Sources */ = {isa = PBXBuildFile; fileRef = C030D003A15C030000000003 /* MotionTrackingToolPanel.swift */; };
		C030C004A15C030000000004 /* MotionTrackingSelectionLayer.swift in Sources */ = {isa = PBXBuildFile; fileRef = C030D004A15C030000000004 /* MotionTrackingSelectionLayer.swift */; };
		C0505206B7B237C572F82EFF /* AudioPickerView.swift in Sources */ = {isa = PBXBuildFile; fileRef = 80BD65BF4472826A783449A0 /* AudioPickerView.swift */; };
		CA71000000000000000000B1 /* EditorCaptionService.swift in Sources */ = {isa = PBXBuildFile; fileRef = CA71000000000000000000F1 /* EditorCaptionService.swift */; };
		CA71000000000000000000B2 /* CaptionTranscriptEditorSheet.swift in Sources */ = {isa = PBXBuildFile; fileRef = CA71000000000000000000F2 /* CaptionTranscriptEditorSheet.swift */; };
		CED677972FACE5BD00531EBF /* ProjectListScreen.swift in Sources */ = {isa = PBXBuildFile; fileRef = CED677962FACE5BD00531EBF /* ProjectListScreen.swift */; };
		CED6779C2FACEC0E00531EBF /* ProjectMockModel.swift in Sources */ = {isa = PBXBuildFile; fileRef = CED6779B2FACEC0E00531EBF /* ProjectMockModel.swift */; };
		CED6779E2FAD04CD00531EBF /* AppGlobalBackgroundScaffold.swift in Sources */ = {isa = PBXBuildFile; fileRef = CED6779D2FAD04CD00531EBF /* AppGlobalBackgroundScaffold.swift */; };
		CED677A02FADDF701531EBF /* EditorProject.swift in Sources */ = {isa = PBXBuildFile; fileRef = CED677A02FADDF700531EBF /* EditorProject.swift */; };
		CED677A12FAD0DD200531EBF /* SizedBox.swift in Sources */ = {isa = PBXBuildFile; fileRef = CED677A02FAD0DD200531EBF /* SizedBox.swift */; };
		CED677A12FADDF711531EBF /* ProjectStore.swift in Sources */ = {isa = PBXBuildFile; fileRef = CED677A12FADDF700531EBF /* ProjectStore.swift */; };
		CED677A22FADDF721531EBF /* ProjectListViewModel.swift in Sources */ = {isa = PBXBuildFile; fileRef = CED677A22FADDF700531EBF /* ProjectListViewModel.swift */; };
		CED677A42FAD2D2B00531EBF /* ProjectCardView.swift in Sources */ = {isa = PBXBuildFile; fileRef = CED677A32FAD2D2B00531EBF /* ProjectCardView.swift */; };
		CED677A62FADDF6E00531EBF /* CreateProjectScreen.swift in Sources */ = {isa = PBXBuildFile; fileRef = CED677A52FADDF6E00531EBF /* CreateProjectScreen.swift */; };
		CED677A82FADDF6E00531EBF /* MediaLibraryPickerScreen.swift in Sources */ = {isa = PBXBuildFile; fileRef = CED677A72FADDF6E00531EBF /* MediaLibraryPickerScreen.swift */; };
		CEEAAC5C2FB87D8900EF5186 /* AudioSessionConfigurator.swift in Sources */ = {isa = PBXBuildFile; fileRef = CEEAAC5B2FB87D8900EF5186 /* AudioSessionConfigurator.swift */; };
		CEEAAC5E2FB87D8900EF5188 /* SwipeBackEnabler.swift in Sources */ = {isa = PBXBuildFile; fileRef = CEEAAC5D2FB87D8900EF5187 /* SwipeBackEnabler.swift */; };
		CEF644E2B8DD9C620CF60C35 /* EditorTextOverlayLayerView.swift in Sources */ = {isa = PBXBuildFile; fileRef = 63818BB3864D795FD2D9606A /* EditorTextOverlayLayerView.swift */; };
		DA5900000000000000000001 /* DashboardScreen.swift in Sources */ = {isa = PBXBuildFile; fileRef = DA5900000000000000000002 /* DashboardScreen.swift */; };
		DA5900000000000000000003 /* OnboardingScreen.swift in Sources */ = {isa = PBXBuildFile; fileRef = DA5900000000000000000004 /* OnboardingScreen.swift */; };
		DA5900000000000000000005 /* SplashScreen.swift in Sources */ = {isa = PBXBuildFile; fileRef = DA5900000000000000000006 /* SplashScreen.swift */; };
		E100000000000000000000B1 /* AppConfiguration.swift in Sources */ = {isa = PBXBuildFile; fileRef = E100000000000000000000F1 /* AppConfiguration.swift */; };
		E200000000000000000000B1 /* VideoAudioExtractionService.swift in Sources */ = {isa = PBXBuildFile; fileRef = E200000000000000000000F1 /* VideoAudioExtractionService.swift */; };
		E434F1A8643FE533BE3D202B /* EditorTextActionBar.swift in Sources */ = {isa = PBXBuildFile; fileRef = 8E56D87ACFF2712C8890CA60 /* EditorTextActionBar.swift */; };
		F03900000000000000000101 /* EditorCopilotPlan.swift in Sources */ = {isa = PBXBuildFile; fileRef = F03900000000000000000001 /* EditorCopilotPlan.swift */; };
		F03900000000000000000102 /* EditorCopilotService.swift in Sources */ = {isa = PBXBuildFile; fileRef = F03900000000000000000002 /* EditorCopilotService.swift */; };
		F03900000000000000000103 /* EditorCopilotPanel.swift in Sources */ = {isa = PBXBuildFile; fileRef = F03900000000000000000003 /* EditorCopilotPanel.swift */; };
		B7394F07C49C657B1CC07361 /* EditorPreviewBuildCoordinator.swift in Sources */ = {isa = PBXBuildFile; fileRef = 18103D591C069FB0CD9C1C17 /* EditorPreviewBuildCoordinator.swift */; };
		49F277ED9B5ADA8C04C35423 /* EditorViewModel+Timeline.swift in Sources */ = {isa = PBXBuildFile; fileRef = D4DB3D9E52CCB4A27C5E6DE2 /* EditorViewModel+Timeline.swift */; };
		686EC023D94350342044E9F9 /* EditorViewModel+Keyframes.swift in Sources */ = {isa = PBXBuildFile; fileRef = F0EC92161C49369E5BEA7835 /* EditorViewModel+Keyframes.swift */; };
		F780639D588AE364BFDBD5DF /* EditorViewModel+Selection.swift in Sources */ = {isa = PBXBuildFile; fileRef = 0F668F431C01C51B1B45AAD0 /* EditorViewModel+Selection.swift */; };
		D8459C93DCC300358031D829 /* EditorViewModel+ReverseAndFreeze.swift in Sources */ = {isa = PBXBuildFile; fileRef = 23A5389A6D4B4EF7B8EB043F /* EditorViewModel+ReverseAndFreeze.swift */; };
		7B24218DF0DA5D74606C100A /* EditorViewModel+Color.swift in Sources */ = {isa = PBXBuildFile; fileRef = 39DBFBC731A9F327CB7013C2 /* EditorViewModel+Color.swift */; };
		DF7DA9C526FA82306D0DF0A5 /* EditorViewModel+Effects.swift in Sources */ = {isa = PBXBuildFile; fileRef = 6758D21ED7FFC8E44882172A /* EditorViewModel+Effects.swift */; };
		2D4ABB9D88C39540FD5AA4AB /* EditorViewModel+Reframe.swift in Sources */ = {isa = PBXBuildFile; fileRef = DCE89D4DD65210055EFCA06C /* EditorViewModel+Reframe.swift */; };
		FA017BBB87B9EC108426F967 /* EditorViewModel+Overlays.swift in Sources */ = {isa = PBXBuildFile; fileRef = F170B4DE034B23719824F568 /* EditorViewModel+Overlays.swift */; };
		08EDA243D5E8773708AB0E93 /* EditorViewModel+MotionTracking.swift in Sources */ = {isa = PBXBuildFile; fileRef = E0688AD16E6E36CE28650485 /* EditorViewModel+MotionTracking.swift */; };
		DE1C5C32AB3CA1996307DC8A /* EditorViewModel+SpeedAndDuration.swift in Sources */ = {isa = PBXBuildFile; fileRef = 292F1CA61C42335B2BAE407F /* EditorViewModel+SpeedAndDuration.swift */; };
		D368A619B3EAFA03BD47F457 /* EditorViewModel+ClipVolume.swift in Sources */ = {isa = PBXBuildFile; fileRef = 730327DA283CCBDA49BCA6E8 /* EditorViewModel+ClipVolume.swift */; };
		C8E1A537193B0B30C6219F9E /* EditorViewModel+Transitions.swift in Sources */ = {isa = PBXBuildFile; fileRef = DF06648946FF41AE0E0533E9 /* EditorViewModel+Transitions.swift */; };
		FCFE99FA6215A12329410D9D /* EditorViewModel+Captions.swift in Sources */ = {isa = PBXBuildFile; fileRef = 591E435E2A9AE220E106680D /* EditorViewModel+Captions.swift */; };
		C4B04E30DCE27CD6449CC0D9 /* EditorViewModel+GraphicsAndText.swift in Sources */ = {isa = PBXBuildFile; fileRef = 00C9C89D6566B9FBE7373F7C /* EditorViewModel+GraphicsAndText.swift */; };
		563B64BE46B5435492748B0E /* EditorViewModel+Sequences.swift in Sources */ = {isa = PBXBuildFile; fileRef = CF87E834D5CFFB8B0D890885 /* EditorViewModel+Sequences.swift */; };
		073ACEC0012EDDB824EF0E0D /* EditorViewModel+ClipEditing.swift in Sources */ = {isa = PBXBuildFile; fileRef = ACCB4F6CDA376E92583B3405 /* EditorViewModel+ClipEditing.swift */; };
		92623D305F68D627E6816F8B /* EditorViewModel+Audio.swift in Sources */ = {isa = PBXBuildFile; fileRef = 681749DF9C8AF872E800986D /* EditorViewModel+Audio.swift */; };
		60A91DFC0DD153A67E59B936 /* EditorViewModel+Export.swift in Sources */ = {isa = PBXBuildFile; fileRef = 5F06C83B0020719740670945 /* EditorViewModel+Export.swift */; };
		50350569E5F906A81E480CBD /* EditorViewModel+Playback.swift in Sources */ = {isa = PBXBuildFile; fileRef = 882DE71B0A8852A82A86B810 /* EditorViewModel+Playback.swift */; };
		D49A0A2EFF6D91951C992A30 /* EditorViewModel+MediaCache.swift in Sources */ = {isa = PBXBuildFile; fileRef = 889B7ED483F9B95C256128A3 /* EditorViewModel+MediaCache.swift */; };
		F2ECBEFBBE52457151BA110B /* EditorViewModel+Copilot.swift in Sources */ = {isa = PBXBuildFile; fileRef = 19A995303C1E0D650B6917CC /* EditorViewModel+Copilot.swift */; };
		2B900AF8CE8D4739C7C38E23 /* EditorViewModel+Persistence.swift in Sources */ = {isa = PBXBuildFile; fileRef = A59E54DB3A63D154E4F81F8A /* EditorViewModel+Persistence.swift */; };
		C494266EC3D619E3AA1A971D /* EditorViewModel+Lifecycle.swift in Sources */ = {isa = PBXBuildFile; fileRef = 2A05ED88CE7B537EE6C5D347 /* EditorViewModel+Lifecycle.swift */; };
		3E088315ACEA60C5F4427A2D /* EditorViewModel+Snapping.swift in Sources */ = {isa = PBXBuildFile; fileRef = 18BEA1ECC53D95BE651FC855 /* EditorViewModel+Snapping.swift */; };
		34F789C5E42259696E2BABDD /* EditorReverseMediaService.swift in Sources */ = {isa = PBXBuildFile; fileRef = EE51138C0F4D95F6D98352F6 /* EditorReverseMediaService.swift */; };
		99F26BC33F77CF92E4D6AAA0 /* EditorMediaCache.swift in Sources */ = {isa = PBXBuildFile; fileRef = 9A0991E22A907DA57D71DEB5 /* EditorMediaCache.swift */; };
		12E9D5E8DA052BACE7437D44 /* EditorCompositionBuilder+AudioAndOverlays.swift in Sources */ = {isa = PBXBuildFile; fileRef = A595916631E31BEA8FEE0E89 /* EditorCompositionBuilder+AudioAndOverlays.swift */; };
		634CF8BA5AC231C113D987A1 /* EditorCompositionBuilder+PlayerItem.swift in Sources */ = {isa = PBXBuildFile; fileRef = E0A65F1FCA812530F2F14B96 /* EditorCompositionBuilder+PlayerItem.swift */; };
		D316335311F23BEC9960B71A /* EditorCompositionBuilder+Speed.swift in Sources */ = {isa = PBXBuildFile; fileRef = BCA5CEC3EB5EA882670559CF /* EditorCompositionBuilder+Speed.swift */; };
		333BC647F12E108BAADF4B89 /* EditorCompositionBuilder+VideoComposition.swift in Sources */ = {isa = PBXBuildFile; fileRef = 0FE2357B634C3CA8DC3C5E3D /* EditorCompositionBuilder+VideoComposition.swift */; };
		2930E7A8A98369683116F168 /* EditorCompositionBuilder+Transitions.swift in Sources */ = {isa = PBXBuildFile; fileRef = 1C423927771197AF7C1681A6 /* EditorCompositionBuilder+Transitions.swift */; };
		5A2327E0F95E209F3BEEC33C /* EditorCompositionBuilder+Background.swift in Sources */ = {isa = PBXBuildFile; fileRef = 86CE19D29FBF4C89B5D86F73 /* EditorCompositionBuilder+Background.swift */; };
		58DEA254DBC964A70C5F03C3 /* EditorCompositionBuilder+Assets.swift in Sources */ = {isa = PBXBuildFile; fileRef = 57BA4FEC403F886B8163005E /* EditorCompositionBuilder+Assets.swift */; };
		68BD6FECC2B8687D047F2F9A /* EditorTemplatesPanel.swift in Sources */ = {isa = PBXBuildFile; fileRef = C6B9E4DD020E3E90BDE1DEE9 /* EditorTemplatesPanel.swift */; };
		8C2A243039EBF76B37C55EE4 /* ProxyRenderCachePanel.swift in Sources */ = {isa = PBXBuildFile; fileRef = A6ED0A55EADDAE2655E28EB7 /* ProxyRenderCachePanel.swift */; };
		DD3B5C7E4E598889EBF90FFB /* VisualEffectsStackPanel.swift in Sources */ = {isa = PBXBuildFile; fileRef = D7DCF129B19B3F1E4A0BABD1 /* VisualEffectsStackPanel.swift */; };
		1144E1568FF1B20953B72797 /* EditorGraphicsPanel.swift in Sources */ = {isa = PBXBuildFile; fileRef = 12A52E5BDB28959B171621D6 /* EditorGraphicsPanel.swift */; };
		9A9F18CF01E42890A1E242D5 /* EffectAmountKeyframeTimelineSheet.swift in Sources */ = {isa = PBXBuildFile; fileRef = EC445CD7B7D7A39F449939C4 /* EffectAmountKeyframeTimelineSheet.swift */; };
		5CB51B5FCA7EF989E4D9E2E8 /* CanvasToolPanel.swift in Sources */ = {isa = PBXBuildFile; fileRef = CD123AA1EE6E8C4DAA0AF70E /* CanvasToolPanel.swift */; };
		60DE97A824F9B9F1F3B129BF /* BackgroundToolPanel.swift in Sources */ = {isa = PBXBuildFile; fileRef = B1DA161183893B0DD45FA833 /* BackgroundToolPanel.swift */; };
		0844592EC019C8C8C7D6CF5F /* PrecisionEditToolPanel.swift in Sources */ = {isa = PBXBuildFile; fileRef = 10FB02979C392B6E7750456F /* PrecisionEditToolPanel.swift */; };
		2102BDA0E818669A43AB51C6 /* SequenceStructurePanel.swift in Sources */ = {isa = PBXBuildFile; fileRef = 0B2B937C255C63AABD7F9999 /* SequenceStructurePanel.swift */; };
		28F86CCA2D67DED101969CE4 /* OverlayClipThumb.swift in Sources */ = {isa = PBXBuildFile; fileRef = D1209EEBA3A75771BEA4F9BC /* OverlayClipThumb.swift */; };
		6AC3530389CE52089067EDD6 /* AudioClipThumb.swift in Sources */ = {isa = PBXBuildFile; fileRef = AB8429375EDA94C0CD1201C8 /* AudioClipThumb.swift */; };
		BEB5044A10BD55E6A09711B4 /* TextOverlayThumb.swift in Sources */ = {isa = PBXBuildFile; fileRef = 8E2602DEB32DA3D49C6EB197 /* TextOverlayThumb.swift */; };
		488B8C4C0BCB3EC19C73DC5C /* GraphicOverlayThumb.swift in Sources */ = {isa = PBXBuildFile; fileRef = 0BB3C7F51689ED163BD0025F /* GraphicOverlayThumb.swift */; };
		2339ADBBA10DA29FD23B63FC /* TimelineLayout.swift in Sources */ = {isa = PBXBuildFile; fileRef = D0409E72F75461089285DFD0 /* TimelineLayout.swift */; };
		60B1812DC440F4A5684889F8 /* TimelineClipBoundaryControls.swift in Sources */ = {isa = PBXBuildFile; fileRef = BD41AC1AC596198DF8BA2075 /* TimelineClipBoundaryControls.swift */; };
		FD1682920622C50C342F59C2 /* ClipThumb.swift in Sources */ = {isa = PBXBuildFile; fileRef = D5E1D357F1CF6A8FC0FCDC19 /* ClipThumb.swift */; };
		D358A0BC5F3D58F271BF3D54 /* TimelinePlaybackControls.swift in Sources */ = {isa = PBXBuildFile; fileRef = 8A5A6D3BC9A5AD78776BED78 /* TimelinePlaybackControls.swift */; };
		F6B98AFE7DC75919FC5FCAAB /* TimelineShapes.swift in Sources */ = {isa = PBXBuildFile; fileRef = 6182B5A5C8B2E6CA21EDDE4D /* TimelineShapes.swift */; };
/* End PBXBuildFile section */

/* Begin PBXFileReference section */
		494AF242A7E19C2ED189AC1D /* AppTheme.swift */ = {isa = PBXFileReference; lastKnownFileType = sourcecode.swift; path = AppTheme.swift; sourceTree = "<group>"; };
		63818BB3864D795FD2D9606A /* EditorTextOverlayLayerView.swift */ = {isa = PBXFileReference; lastKnownFileType = sourcecode.swift; path = EditorTextOverlayLayerView.swift; sourceTree = "<group>"; };
		63F8ECBE73E4FFD084A70D66 /* TextOverlayEditorSheet.swift */ = {isa = PBXFileReference; includeInIndex = 1; lastKnownFileType = sourcecode.swift; path = TextOverlayEditorSheet.swift; sourceTree = "<group>"; };
		6432709C5697BF3533DB9761 /* EditorTextOverlayRenderer.swift */ = {isa = PBXFileReference; lastKnownFileType = sourcecode.swift; path = EditorTextOverlayRenderer.swift; sourceTree = "<group>"; };
		80BD65BF4472826A783449A0 /* AudioPickerView.swift */ = {isa = PBXFileReference; includeInIndex = 1; lastKnownFileType = sourcecode.swift; path = AudioPickerView.swift; sourceTree = "<group>"; };
		8E56D87ACFF2712C8890CA60 /* EditorTextActionBar.swift */ = {isa = PBXFileReference; includeInIndex = 1; lastKnownFileType = sourcecode.swift; path = EditorTextActionBar.swift; sourceTree = "<group>"; };
		A0B0F00DDEAFB001CAFE0001 /* MediaItem.swift */ = {isa = PBXFileReference; lastKnownFileType = sourcecode.swift; path = MediaItem.swift; sourceTree = "<group>"; };
		A0B0F00DDEAFB001CAFE0002 /* MediaFilter.swift */ = {isa = PBXFileReference; lastKnownFileType = sourcecode.swift; path = MediaFilter.swift; sourceTree = "<group>"; };
		A0B0F00DDEAFB001CAFE0003 /* PhotoLibraryViewModel.swift */ = {isa = PBXFileReference; lastKnownFileType = sourcecode.swift; path = PhotoLibraryViewModel.swift; sourceTree = "<group>"; };
		A0B0F00DDEAFB001CAFE0004 /* MediaThumbnailView.swift */ = {isa = PBXFileReference; lastKnownFileType = sourcecode.swift; path = MediaThumbnailView.swift; sourceTree = "<group>"; };
		A0B0F00DDEAFB001CAFE0005 /* MediaGridItemView.swift */ = {isa = PBXFileReference; lastKnownFileType = sourcecode.swift; path = MediaGridItemView.swift; sourceTree = "<group>"; };
		A0B0F00DDEAFB001CAFE0006 /* FilterChip.swift */ = {isa = PBXFileReference; lastKnownFileType = sourcecode.swift; path = FilterChip.swift; sourceTree = "<group>"; };
		A0B0F00DDEAFB001CAFE0007 /* SelectionBottomBar.swift */ = {isa = PBXFileReference; lastKnownFileType = sourcecode.swift; path = SelectionBottomBar.swift; sourceTree = "<group>"; };
		A0B0F00DDEAFB001CAFE0008 /* MediaPreviewView.swift */ = {isa = PBXFileReference; lastKnownFileType = sourcecode.swift; path = MediaPreviewView.swift; sourceTree = "<group>"; };
		AB102030405060708090A002 /* SavedAudioFileResolver.swift */ = {isa = PBXFileReference; lastKnownFileType = sourcecode.swift; path = SavedAudioFileResolver.swift; sourceTree = "<group>"; };
		AD10000000000000000000F1 /* EditorAudioLibraryItem.swift */ = {isa = PBXFileReference; lastKnownFileType = sourcecode.swift; path = EditorAudioLibraryItem.swift; sourceTree = "<group>"; };
		AD10000000000000000000F2 /* AudioLibraryViewModel.swift */ = {isa = PBXFileReference; lastKnownFileType = sourcecode.swift; path = AudioLibraryViewModel.swift; sourceTree = "<group>"; };
		AD10000000000000000000F3 /* AudioLibraryPickerView.swift */ = {isa = PBXFileReference; lastKnownFileType = sourcecode.swift; path = AudioLibraryPickerView.swift; sourceTree = "<group>"; };
		AD10000000000000000000F4 /* AudioLibrary */ = {isa = PBXFileReference; lastKnownFileType = folder; path = AudioLibrary; sourceTree = "<group>"; };
		AD10000000000000000000F5 /* AudioLibraryCache.swift */ = {isa = PBXFileReference; lastKnownFileType = sourcecode.swift; path = AudioLibraryCache.swift; sourceTree = "<group>"; };
		AD10000000000000000000F6 /* FreesoundAudioLibraryProvider.swift */ = {isa = PBXFileReference; lastKnownFileType = sourcecode.swift; path = FreesoundAudioLibraryProvider.swift; sourceTree = "<group>"; };
		AD10000000000000000000F7 /* AudioWaveformGenerator.swift */ = {isa = PBXFileReference; lastKnownFileType = sourcecode.swift; path = AudioWaveformGenerator.swift; sourceTree = "<group>"; };
		AD10000000000000000000F8 /* EditorAudioMixSettings.swift */ = {isa = PBXFileReference; lastKnownFileType = sourcecode.swift; path = EditorAudioMixSettings.swift; sourceTree = "<group>"; };
		AD10000000000000000000F9 /* MixToolPanel.swift */ = {isa = PBXFileReference; lastKnownFileType = sourcecode.swift; path = MixToolPanel.swift; sourceTree = "<group>"; };
		AD10000000000000000000FA /* VoiceoverRecorderService.swift */ = {isa = PBXFileReference; lastKnownFileType = sourcecode.swift; path = VoiceoverRecorderService.swift; sourceTree = "<group>"; };
		AD10000000000000000000FB /* VoiceoverRecorderView.swift */ = {isa = PBXFileReference; lastKnownFileType = sourcecode.swift; path = VoiceoverRecorderView.swift; sourceTree = "<group>"; };
		AD10000000000000000000FC /* EditorAudioEffect.swift */ = {isa = PBXFileReference; lastKnownFileType = sourcecode.swift; path = EditorAudioEffect.swift; sourceTree = "<group>"; };
		AD10000000000000000000FD /* EditorAudioEffectRenderer.swift */ = {isa = PBXFileReference; lastKnownFileType = sourcecode.swift; path = EditorAudioEffectRenderer.swift; sourceTree = "<group>"; };
		AD10000000000000000000FE /* EditorAudioEffectPanel.swift */ = {isa = PBXFileReference; lastKnownFileType = sourcecode.swift; path = EditorAudioEffectPanel.swift; sourceTree = "<group>"; };
		AD1200000000000000000002 /* EditorTextLaneLayout.swift */ = {isa = PBXFileReference; lastKnownFileType = sourcecode.swift; path = EditorTextLaneLayout.swift; sourceTree = "<group>"; };
		B7FA166B3D2D812B47B67F76 /* Mixtape.app */ = {isa = PBXFileReference; explicitFileType = wrapper.application; includeInIndex = 0; path = Mixtape.app; sourceTree = BUILT_PRODUCTS_DIR; };
		BA0EDF00DEAFB001CAFE0001 /* EditorTool.swift */ = {isa = PBXFileReference; lastKnownFileType = sourcecode.swift; path = EditorTool.swift; sourceTree = "<group>"; };
		BA0EDF00DEAFB001CAFE0002 /* EditorClip.swift */ = {isa = PBXFileReference; lastKnownFileType = sourcecode.swift; path = EditorClip.swift; sourceTree = "<group>"; };
		BA0EDF00DEAFB001CAFE0003 /* EditorTextOverlay.swift */ = {isa = PBXFileReference; lastKnownFileType = sourcecode.swift; path = EditorTextOverlay.swift; sourceTree = "<group>"; };
		BA0EDF00DEAFB001CAFE0004 /* EditorAudioClip.swift */ = {isa = PBXFileReference; lastKnownFileType = sourcecode.swift; path = EditorAudioClip.swift; sourceTree = "<group>"; };
		BA0EDF00DEAFB001CAFE0005 /* EditorViewModel.swift */ = {isa = PBXFileReference; lastKnownFileType = sourcecode.swift; path = EditorViewModel.swift; sourceTree = "<group>"; };
		BA0EDF00DEAFB001CAFE0006 /* EditorTopBar.swift */ = {isa = PBXFileReference; lastKnownFileType = sourcecode.swift; path = EditorTopBar.swift; sourceTree = "<group>"; };
		BA0EDF00DEAFB001CAFE0007 /* EditorPreviewPlayer.swift */ = {isa = PBXFileReference; lastKnownFileType = sourcecode.swift; path = EditorPreviewPlayer.swift; sourceTree = "<group>"; };
		BA0EDF00DEAFB001CAFE0008 /* EditorTimeline.swift */ = {isa = PBXFileReference; lastKnownFileType = sourcecode.swift; path = EditorTimeline.swift; sourceTree = "<group>"; };
		BA0EDF00DEAFB001CAFE0009 /* EditorBottomToolbar.swift */ = {isa = PBXFileReference; lastKnownFileType = sourcecode.swift; path = EditorBottomToolbar.swift; sourceTree = "<group>"; };
		BA0EDF00DEAFB001CAFE000A /* EditorScreen.swift */ = {isa = PBXFileReference; lastKnownFileType = sourcecode.swift; path = EditorScreen.swift; sourceTree = "<group>"; };
		BA0EDF00DEAFB001CAFE000B /* ClipTrimHandleView.swift */ = {isa = PBXFileReference; lastKnownFileType = sourcecode.swift; path = ClipTrimHandleView.swift; sourceTree = "<group>"; };
		BA0EDF00DEAFB001CAFE000C /* EditorCompositionBuilder.swift */ = {isa = PBXFileReference; lastKnownFileType = sourcecode.swift; path = EditorCompositionBuilder.swift; sourceTree = "<group>"; };
		BA0EDF00DEAFB001CAFE0010 /* EditorTimelineSnapshot.swift */ = {isa = PBXFileReference; lastKnownFileType = sourcecode.swift; path = EditorTimelineSnapshot.swift; sourceTree = "<group>"; };
		BA0EDF00DEAFB001CAFE0011 /* EditorUndoManager.swift */ = {isa = PBXFileReference; lastKnownFileType = sourcecode.swift; path = EditorUndoManager.swift; sourceTree = "<group>"; };
		BA0EDF00DEAFB001CAFE0012 /* EditorExportService.swift */ = {isa = PBXFileReference; lastKnownFileType = sourcecode.swift; path = EditorExportService.swift; sourceTree = "<group>"; };
		BA0EDF00DEAFB001CAFE0013 /* ClipThumbnailService.swift */ = {isa = PBXFileReference; lastKnownFileType = sourcecode.swift; path = ClipThumbnailService.swift; sourceTree = "<group>"; };
		BA0EDF00DEAFB001CAFE0014 /* SpeedToolPanel.swift */ = {isa = PBXFileReference; lastKnownFileType = sourcecode.swift; path = SpeedToolPanel.swift; sourceTree = "<group>"; };
		BA0EDF00DEAFB001CAFE0015 /* ClipFilmstripView.swift */ = {isa = PBXFileReference; lastKnownFileType = sourcecode.swift; path = ClipFilmstripView.swift; sourceTree = "<group>"; };
		BA0EDF00DEAFB001CAFE0016 /* EditorExportSettings.swift */ = {isa = PBXFileReference; lastKnownFileType = sourcecode.swift; path = EditorExportSettings.swift; sourceTree = "<group>"; };
		BA0EDF00DEAFB001CAFE0017 /* EditorExportScreen.swift */ = {isa = PBXFileReference; lastKnownFileType = sourcecode.swift; path = EditorExportScreen.swift; sourceTree = "<group>"; };
		BA0EDF00DEAFB001CAFE0018 /* EditorClipActionBar.swift */ = {isa = PBXFileReference; lastKnownFileType = sourcecode.swift; path = EditorClipActionBar.swift; sourceTree = "<group>"; };
		BA0EDF00DEAFB001CAFE0019 /* ClipReorderGestureView.swift */ = {isa = PBXFileReference; lastKnownFileType = sourcecode.swift; path = ClipReorderGestureView.swift; sourceTree = "<group>"; };
		BA0EDF00DEAFB001CAFE001A /* EditorAudioActionBar.swift */ = {isa = PBXFileReference; lastKnownFileType = sourcecode.swift; path = EditorAudioActionBar.swift; sourceTree = "<group>"; };
		BA0EDF00DEAFB001CAFE001B /* EditorTransitionCompositor.swift */ = {isa = PBXFileReference; lastKnownFileType = sourcecode.swift; path = EditorTransitionCompositor.swift; sourceTree = "<group>"; };
		BA0EDF00DEAFB001CAFE001C /* EditorTransition.swift */ = {isa = PBXFileReference; lastKnownFileType = sourcecode.swift; path = EditorTransition.swift; sourceTree = "<group>"; };
		BF5180642B1AC3288A6921DE /* MixtapeApp.swift */ = {isa = PBXFileReference; lastKnownFileType = sourcecode.swift; path = MixtapeApp.swift; sourceTree = "<group>"; };
		C010D001A15C010000000001 /* EditorColorGrade.swift */ = {isa = PBXFileReference; lastKnownFileType = sourcecode.swift; path = EditorColorGrade.swift; sourceTree = "<group>"; };
		C010D002A15C010000000002 /* EditorColorGradeRenderer.swift */ = {isa = PBXFileReference; lastKnownFileType = sourcecode.swift; path = EditorColorGradeRenderer.swift; sourceTree = "<group>"; };
		C010D003A15C010000000003 /* ColorAdjustmentToolPanel.swift */ = {isa = PBXFileReference; lastKnownFileType = sourcecode.swift; path = ColorAdjustmentToolPanel.swift; sourceTree = "<group>"; };
		C010D004A15C010000000004 /* ColorGradeControls.swift */ = {isa = PBXFileReference; lastKnownFileType = sourcecode.swift; path = ColorGradeControls.swift; sourceTree = "<group>"; };
		C010D005A15C010000000005 /* EditorColorScopeAnalyzer.swift */ = {isa = PBXFileReference; lastKnownFileType = sourcecode.swift; path = EditorColorScopeAnalyzer.swift; sourceTree = "<group>"; };
		C010D006A15C010000000006 /* ColorScopeViews.swift */ = {isa = PBXFileReference; lastKnownFileType = sourcecode.swift; path = ColorScopeViews.swift; sourceTree = "<group>"; };
		C010D007A15C010000000007 /* EditorFaceMaskDetector.swift */ = {isa = PBXFileReference; lastKnownFileType = sourcecode.swift; path = EditorFaceMaskDetector.swift; sourceTree = "<group>"; };
		C010D008A15C010000000008 /* ColorMaskControls.swift */ = {isa = PBXFileReference; lastKnownFileType = sourcecode.swift; path = ColorMaskControls.swift; sourceTree = "<group>"; };
		C010D009A15C010000000009 /* EditorColorMaskTracker.swift */ = {isa = PBXFileReference; lastKnownFileType = sourcecode.swift; path = EditorColorMaskTracker.swift; sourceTree = "<group>"; };
		C010D00AA15C01000000000A /* EditorKeyframe.swift */ = {isa = PBXFileReference; lastKnownFileType = sourcecode.swift; path = EditorKeyframe.swift; sourceTree = "<group>"; };
		C010D00BA15C01000000000B /* KeyframeToolPanel.swift */ = {isa = PBXFileReference; lastKnownFileType = sourcecode.swift; path = KeyframeToolPanel.swift; sourceTree = "<group>"; };
		C010D00CA15C01000000000C /* EditorAdaptiveBottomSheet.swift */ = {isa = PBXFileReference; lastKnownFileType = sourcecode.swift; path = EditorAdaptiveBottomSheet.swift; sourceTree = "<group>"; };
		C010D00DA15C01000000000D /* EditorSpeedRamp.swift */ = {isa = PBXFileReference; lastKnownFileType = sourcecode.swift; path = EditorSpeedRamp.swift; sourceTree = "<group>"; };
		C020D001A15C020000000001 /* EditorOverlayCompositing.swift */ = {isa = PBXFileReference; lastKnownFileType = sourcecode.swift; path = EditorOverlayCompositing.swift; sourceTree = "<group>"; };
		C020D002A15C020000000002 /* EditorOverlayCompositingRenderer.swift */ = {isa = PBXFileReference; lastKnownFileType = sourcecode.swift; path = EditorOverlayCompositingRenderer.swift; sourceTree = "<group>"; };
		C020D003A15C020000000003 /* OverlayCompositingToolPanel.swift */ = {isa = PBXFileReference; lastKnownFileType = sourcecode.swift; path = OverlayCompositingToolPanel.swift; sourceTree = "<group>"; };
		C020D004A15C020000000004 /* CompositingMaskSelectionLayer.swift */ = {isa = PBXFileReference; lastKnownFileType = sourcecode.swift; path = CompositingMaskSelectionLayer.swift; sourceTree = "<group>"; };
		C030D001A15C030000000001 /* EditorMotionTracking.swift */ = {isa = PBXFileReference; lastKnownFileType = sourcecode.swift; path = EditorMotionTracking.swift; sourceTree = "<group>"; };
		C030D002A15C030000000002 /* EditorMotionTracker.swift */ = {isa = PBXFileReference; lastKnownFileType = sourcecode.swift; path = EditorMotionTracker.swift; sourceTree = "<group>"; };
		C030D003A15C030000000003 /* MotionTrackingToolPanel.swift */ = {isa = PBXFileReference; lastKnownFileType = sourcecode.swift; path = MotionTrackingToolPanel.swift; sourceTree = "<group>"; };
		C030D004A15C030000000004 /* MotionTrackingSelectionLayer.swift */ = {isa = PBXFileReference; lastKnownFileType = sourcecode.swift; path = MotionTrackingSelectionLayer.swift; sourceTree = "<group>"; };
		CA71000000000000000000F1 /* EditorCaptionService.swift */ = {isa = PBXFileReference; lastKnownFileType = sourcecode.swift; path = EditorCaptionService.swift; sourceTree = "<group>"; };
		CA71000000000000000000F2 /* CaptionTranscriptEditorSheet.swift */ = {isa = PBXFileReference; lastKnownFileType = sourcecode.swift; path = CaptionTranscriptEditorSheet.swift; sourceTree = "<group>"; };
		CED677962FACE5BD00531EBF /* ProjectListScreen.swift */ = {isa = PBXFileReference; lastKnownFileType = sourcecode.swift; path = ProjectListScreen.swift; sourceTree = "<group>"; };
		CED6779B2FACEC0E00531EBF /* ProjectMockModel.swift */ = {isa = PBXFileReference; lastKnownFileType = sourcecode.swift; path = ProjectMockModel.swift; sourceTree = "<group>"; };
		CED6779D2FAD04CD00531EBF /* AppGlobalBackgroundScaffold.swift */ = {isa = PBXFileReference; lastKnownFileType = sourcecode.swift; path = AppGlobalBackgroundScaffold.swift; sourceTree = "<group>"; };
		CED677A02FAD0DD200531EBF /* SizedBox.swift */ = {isa = PBXFileReference; lastKnownFileType = sourcecode.swift; path = SizedBox.swift; sourceTree = "<group>"; };
		CED677A02FADDF700531EBF /* EditorProject.swift */ = {isa = PBXFileReference; lastKnownFileType = sourcecode.swift; path = EditorProject.swift; sourceTree = "<group>"; };
		CED677A12FADDF700531EBF /* ProjectStore.swift */ = {isa = PBXFileReference; lastKnownFileType = sourcecode.swift; path = ProjectStore.swift; sourceTree = "<group>"; };
		CED677A22FADDF700531EBF /* ProjectListViewModel.swift */ = {isa = PBXFileReference; lastKnownFileType = sourcecode.swift; path = ProjectListViewModel.swift; sourceTree = "<group>"; };
		CED677A32FAD2D2B00531EBF /* ProjectCardView.swift */ = {isa = PBXFileReference; lastKnownFileType = sourcecode.swift; path = ProjectCardView.swift; sourceTree = "<group>"; };
		CED677A52FADDF6E00531EBF /* CreateProjectScreen.swift */ = {isa = PBXFileReference; lastKnownFileType = sourcecode.swift; path = CreateProjectScreen.swift; sourceTree = "<group>"; };
		CED677A72FADDF6E00531EBF /* MediaLibraryPickerScreen.swift */ = {isa = PBXFileReference; lastKnownFileType = sourcecode.swift; path = MediaLibraryPickerScreen.swift; sourceTree = "<group>"; };
		CEEAAC5A2FB87D8900EF5185 /* Mixtape-Info.plist */ = {isa = PBXFileReference; lastKnownFileType = text.plist; path = "Mixtape-Info.plist"; sourceTree = "<group>"; };
		CEEAAC5B2FB87D8900EF5186 /* AudioSessionConfigurator.swift */ = {isa = PBXFileReference; lastKnownFileType = sourcecode.swift; path = AudioSessionConfigurator.swift; sourceTree = "<group>"; };
		CEEAAC5D2FB87D8900EF5187 /* SwipeBackEnabler.swift */ = {isa = PBXFileReference; lastKnownFileType = sourcecode.swift; path = SwipeBackEnabler.swift; sourceTree = "<group>"; };
		DA5900000000000000000002 /* DashboardScreen.swift */ = {isa = PBXFileReference; lastKnownFileType = sourcecode.swift; path = DashboardScreen.swift; sourceTree = "<group>"; };
		DA5900000000000000000004 /* OnboardingScreen.swift */ = {isa = PBXFileReference; lastKnownFileType = sourcecode.swift; path = OnboardingScreen.swift; sourceTree = "<group>"; };
		DA5900000000000000000006 /* SplashScreen.swift */ = {isa = PBXFileReference; lastKnownFileType = sourcecode.swift; path = SplashScreen.swift; sourceTree = "<group>"; };
		E100000000000000000000C1 /* Base.xcconfig */ = {isa = PBXFileReference; lastKnownFileType = text.xcconfig; path = Base.xcconfig; sourceTree = "<group>"; };
		E100000000000000000000C2 /* Secrets.example.xcconfig */ = {isa = PBXFileReference; lastKnownFileType = text.xcconfig; path = Secrets.example.xcconfig; sourceTree = "<group>"; };
		E100000000000000000000C4 /* Secrets.xcconfig */ = {isa = PBXFileReference; lastKnownFileType = text.xcconfig; path = Secrets.xcconfig; sourceTree = "<group>"; };
		E100000000000000000000F1 /* AppConfiguration.swift */ = {isa = PBXFileReference; lastKnownFileType = sourcecode.swift; path = AppConfiguration.swift; sourceTree = "<group>"; };
		E200000000000000000000F1 /* VideoAudioExtractionService.swift */ = {isa = PBXFileReference; lastKnownFileType = sourcecode.swift; path = VideoAudioExtractionService.swift; sourceTree = "<group>"; };
		E87DAAFAE4F84C0C17BFE6B8 /* VolumeToolPanel.swift */ = {isa = PBXFileReference; includeInIndex = 1; lastKnownFileType = sourcecode.swift; path = VolumeToolPanel.swift; sourceTree = "<group>"; };
		F03900000000000000000001 /* EditorCopilotPlan.swift */ = {isa = PBXFileReference; lastKnownFileType = sourcecode.swift; path = EditorCopilotPlan.swift; sourceTree = "<group>"; };
		F03900000000000000000002 /* EditorCopilotService.swift */ = {isa = PBXFileReference; lastKnownFileType = sourcecode.swift; path = EditorCopilotService.swift; sourceTree = "<group>"; };
		F03900000000000000000003 /* EditorCopilotPanel.swift */ = {isa = PBXFileReference; lastKnownFileType = sourcecode.swift; path = EditorCopilotPanel.swift; sourceTree = "<group>"; };
		FD381624E89BEA467A3F6BF0 /* Assets.xcassets */ = {isa = PBXFileReference; lastKnownFileType = folder.assetcatalog; path = Assets.xcassets; sourceTree = "<group>"; };
		18103D591C069FB0CD9C1C17 /* EditorPreviewBuildCoordinator.swift */ = {isa = PBXFileReference; lastKnownFileType = sourcecode.swift; path = "EditorPreviewBuildCoordinator.swift"; sourceTree = "<group>"; };
		D4DB3D9E52CCB4A27C5E6DE2 /* EditorViewModel+Timeline.swift */ = {isa = PBXFileReference; lastKnownFileType = sourcecode.swift; path = "EditorViewModel+Timeline.swift"; sourceTree = "<group>"; };
		F0EC92161C49369E5BEA7835 /* EditorViewModel+Keyframes.swift */ = {isa = PBXFileReference; lastKnownFileType = sourcecode.swift; path = "EditorViewModel+Keyframes.swift"; sourceTree = "<group>"; };
		0F668F431C01C51B1B45AAD0 /* EditorViewModel+Selection.swift */ = {isa = PBXFileReference; lastKnownFileType = sourcecode.swift; path = "EditorViewModel+Selection.swift"; sourceTree = "<group>"; };
		23A5389A6D4B4EF7B8EB043F /* EditorViewModel+ReverseAndFreeze.swift */ = {isa = PBXFileReference; lastKnownFileType = sourcecode.swift; path = "EditorViewModel+ReverseAndFreeze.swift"; sourceTree = "<group>"; };
		39DBFBC731A9F327CB7013C2 /* EditorViewModel+Color.swift */ = {isa = PBXFileReference; lastKnownFileType = sourcecode.swift; path = "EditorViewModel+Color.swift"; sourceTree = "<group>"; };
		6758D21ED7FFC8E44882172A /* EditorViewModel+Effects.swift */ = {isa = PBXFileReference; lastKnownFileType = sourcecode.swift; path = "EditorViewModel+Effects.swift"; sourceTree = "<group>"; };
		DCE89D4DD65210055EFCA06C /* EditorViewModel+Reframe.swift */ = {isa = PBXFileReference; lastKnownFileType = sourcecode.swift; path = "EditorViewModel+Reframe.swift"; sourceTree = "<group>"; };
		F170B4DE034B23719824F568 /* EditorViewModel+Overlays.swift */ = {isa = PBXFileReference; lastKnownFileType = sourcecode.swift; path = "EditorViewModel+Overlays.swift"; sourceTree = "<group>"; };
		E0688AD16E6E36CE28650485 /* EditorViewModel+MotionTracking.swift */ = {isa = PBXFileReference; lastKnownFileType = sourcecode.swift; path = "EditorViewModel+MotionTracking.swift"; sourceTree = "<group>"; };
		292F1CA61C42335B2BAE407F /* EditorViewModel+SpeedAndDuration.swift */ = {isa = PBXFileReference; lastKnownFileType = sourcecode.swift; path = "EditorViewModel+SpeedAndDuration.swift"; sourceTree = "<group>"; };
		730327DA283CCBDA49BCA6E8 /* EditorViewModel+ClipVolume.swift */ = {isa = PBXFileReference; lastKnownFileType = sourcecode.swift; path = "EditorViewModel+ClipVolume.swift"; sourceTree = "<group>"; };
		DF06648946FF41AE0E0533E9 /* EditorViewModel+Transitions.swift */ = {isa = PBXFileReference; lastKnownFileType = sourcecode.swift; path = "EditorViewModel+Transitions.swift"; sourceTree = "<group>"; };
		591E435E2A9AE220E106680D /* EditorViewModel+Captions.swift */ = {isa = PBXFileReference; lastKnownFileType = sourcecode.swift; path = "EditorViewModel+Captions.swift"; sourceTree = "<group>"; };
		00C9C89D6566B9FBE7373F7C /* EditorViewModel+GraphicsAndText.swift */ = {isa = PBXFileReference; lastKnownFileType = sourcecode.swift; path = "EditorViewModel+GraphicsAndText.swift"; sourceTree = "<group>"; };
		CF87E834D5CFFB8B0D890885 /* EditorViewModel+Sequences.swift */ = {isa = PBXFileReference; lastKnownFileType = sourcecode.swift; path = "EditorViewModel+Sequences.swift"; sourceTree = "<group>"; };
		ACCB4F6CDA376E92583B3405 /* EditorViewModel+ClipEditing.swift */ = {isa = PBXFileReference; lastKnownFileType = sourcecode.swift; path = "EditorViewModel+ClipEditing.swift"; sourceTree = "<group>"; };
		681749DF9C8AF872E800986D /* EditorViewModel+Audio.swift */ = {isa = PBXFileReference; lastKnownFileType = sourcecode.swift; path = "EditorViewModel+Audio.swift"; sourceTree = "<group>"; };
		5F06C83B0020719740670945 /* EditorViewModel+Export.swift */ = {isa = PBXFileReference; lastKnownFileType = sourcecode.swift; path = "EditorViewModel+Export.swift"; sourceTree = "<group>"; };
		882DE71B0A8852A82A86B810 /* EditorViewModel+Playback.swift */ = {isa = PBXFileReference; lastKnownFileType = sourcecode.swift; path = "EditorViewModel+Playback.swift"; sourceTree = "<group>"; };
		889B7ED483F9B95C256128A3 /* EditorViewModel+MediaCache.swift */ = {isa = PBXFileReference; lastKnownFileType = sourcecode.swift; path = "EditorViewModel+MediaCache.swift"; sourceTree = "<group>"; };
		19A995303C1E0D650B6917CC /* EditorViewModel+Copilot.swift */ = {isa = PBXFileReference; lastKnownFileType = sourcecode.swift; path = "EditorViewModel+Copilot.swift"; sourceTree = "<group>"; };
		A59E54DB3A63D154E4F81F8A /* EditorViewModel+Persistence.swift */ = {isa = PBXFileReference; lastKnownFileType = sourcecode.swift; path = "EditorViewModel+Persistence.swift"; sourceTree = "<group>"; };
		2A05ED88CE7B537EE6C5D347 /* EditorViewModel+Lifecycle.swift */ = {isa = PBXFileReference; lastKnownFileType = sourcecode.swift; path = "EditorViewModel+Lifecycle.swift"; sourceTree = "<group>"; };
		18BEA1ECC53D95BE651FC855 /* EditorViewModel+Snapping.swift */ = {isa = PBXFileReference; lastKnownFileType = sourcecode.swift; path = "EditorViewModel+Snapping.swift"; sourceTree = "<group>"; };
		EE51138C0F4D95F6D98352F6 /* EditorReverseMediaService.swift */ = {isa = PBXFileReference; lastKnownFileType = sourcecode.swift; path = "EditorReverseMediaService.swift"; sourceTree = "<group>"; };
		9A0991E22A907DA57D71DEB5 /* EditorMediaCache.swift */ = {isa = PBXFileReference; lastKnownFileType = sourcecode.swift; path = "EditorMediaCache.swift"; sourceTree = "<group>"; };
		A595916631E31BEA8FEE0E89 /* EditorCompositionBuilder+AudioAndOverlays.swift */ = {isa = PBXFileReference; lastKnownFileType = sourcecode.swift; path = "EditorCompositionBuilder+AudioAndOverlays.swift"; sourceTree = "<group>"; };
		E0A65F1FCA812530F2F14B96 /* EditorCompositionBuilder+PlayerItem.swift */ = {isa = PBXFileReference; lastKnownFileType = sourcecode.swift; path = "EditorCompositionBuilder+PlayerItem.swift"; sourceTree = "<group>"; };
		BCA5CEC3EB5EA882670559CF /* EditorCompositionBuilder+Speed.swift */ = {isa = PBXFileReference; lastKnownFileType = sourcecode.swift; path = "EditorCompositionBuilder+Speed.swift"; sourceTree = "<group>"; };
		0FE2357B634C3CA8DC3C5E3D /* EditorCompositionBuilder+VideoComposition.swift */ = {isa = PBXFileReference; lastKnownFileType = sourcecode.swift; path = "EditorCompositionBuilder+VideoComposition.swift"; sourceTree = "<group>"; };
		1C423927771197AF7C1681A6 /* EditorCompositionBuilder+Transitions.swift */ = {isa = PBXFileReference; lastKnownFileType = sourcecode.swift; path = "EditorCompositionBuilder+Transitions.swift"; sourceTree = "<group>"; };
		86CE19D29FBF4C89B5D86F73 /* EditorCompositionBuilder+Background.swift */ = {isa = PBXFileReference; lastKnownFileType = sourcecode.swift; path = "EditorCompositionBuilder+Background.swift"; sourceTree = "<group>"; };
		57BA4FEC403F886B8163005E /* EditorCompositionBuilder+Assets.swift */ = {isa = PBXFileReference; lastKnownFileType = sourcecode.swift; path = "EditorCompositionBuilder+Assets.swift"; sourceTree = "<group>"; };
		C6B9E4DD020E3E90BDE1DEE9 /* EditorTemplatesPanel.swift */ = {isa = PBXFileReference; lastKnownFileType = sourcecode.swift; path = "EditorTemplatesPanel.swift"; sourceTree = "<group>"; };
		A6ED0A55EADDAE2655E28EB7 /* ProxyRenderCachePanel.swift */ = {isa = PBXFileReference; lastKnownFileType = sourcecode.swift; path = "ProxyRenderCachePanel.swift"; sourceTree = "<group>"; };
		D7DCF129B19B3F1E4A0BABD1 /* VisualEffectsStackPanel.swift */ = {isa = PBXFileReference; lastKnownFileType = sourcecode.swift; path = "VisualEffectsStackPanel.swift"; sourceTree = "<group>"; };
		12A52E5BDB28959B171621D6 /* EditorGraphicsPanel.swift */ = {isa = PBXFileReference; lastKnownFileType = sourcecode.swift; path = "EditorGraphicsPanel.swift"; sourceTree = "<group>"; };
		EC445CD7B7D7A39F449939C4 /* EffectAmountKeyframeTimelineSheet.swift */ = {isa = PBXFileReference; lastKnownFileType = sourcecode.swift; path = "EffectAmountKeyframeTimelineSheet.swift"; sourceTree = "<group>"; };
		CD123AA1EE6E8C4DAA0AF70E /* CanvasToolPanel.swift */ = {isa = PBXFileReference; lastKnownFileType = sourcecode.swift; path = "CanvasToolPanel.swift"; sourceTree = "<group>"; };
		B1DA161183893B0DD45FA833 /* BackgroundToolPanel.swift */ = {isa = PBXFileReference; lastKnownFileType = sourcecode.swift; path = "BackgroundToolPanel.swift"; sourceTree = "<group>"; };
		10FB02979C392B6E7750456F /* PrecisionEditToolPanel.swift */ = {isa = PBXFileReference; lastKnownFileType = sourcecode.swift; path = "PrecisionEditToolPanel.swift"; sourceTree = "<group>"; };
		0B2B937C255C63AABD7F9999 /* SequenceStructurePanel.swift */ = {isa = PBXFileReference; lastKnownFileType = sourcecode.swift; path = "SequenceStructurePanel.swift"; sourceTree = "<group>"; };
		D1209EEBA3A75771BEA4F9BC /* OverlayClipThumb.swift */ = {isa = PBXFileReference; lastKnownFileType = sourcecode.swift; path = "OverlayClipThumb.swift"; sourceTree = "<group>"; };
		AB8429375EDA94C0CD1201C8 /* AudioClipThumb.swift */ = {isa = PBXFileReference; lastKnownFileType = sourcecode.swift; path = "AudioClipThumb.swift"; sourceTree = "<group>"; };
		8E2602DEB32DA3D49C6EB197 /* TextOverlayThumb.swift */ = {isa = PBXFileReference; lastKnownFileType = sourcecode.swift; path = "TextOverlayThumb.swift"; sourceTree = "<group>"; };
		0BB3C7F51689ED163BD0025F /* GraphicOverlayThumb.swift */ = {isa = PBXFileReference; lastKnownFileType = sourcecode.swift; path = "GraphicOverlayThumb.swift"; sourceTree = "<group>"; };
		D0409E72F75461089285DFD0 /* TimelineLayout.swift */ = {isa = PBXFileReference; lastKnownFileType = sourcecode.swift; path = "TimelineLayout.swift"; sourceTree = "<group>"; };
		BD41AC1AC596198DF8BA2075 /* TimelineClipBoundaryControls.swift */ = {isa = PBXFileReference; lastKnownFileType = sourcecode.swift; path = "TimelineClipBoundaryControls.swift"; sourceTree = "<group>"; };
		D5E1D357F1CF6A8FC0FCDC19 /* ClipThumb.swift */ = {isa = PBXFileReference; lastKnownFileType = sourcecode.swift; path = "ClipThumb.swift"; sourceTree = "<group>"; };
		8A5A6D3BC9A5AD78776BED78 /* TimelinePlaybackControls.swift */ = {isa = PBXFileReference; lastKnownFileType = sourcecode.swift; path = "TimelinePlaybackControls.swift"; sourceTree = "<group>"; };
		6182B5A5C8B2E6CA21EDDE4D /* TimelineShapes.swift */ = {isa = PBXFileReference; lastKnownFileType = sourcecode.swift; path = "TimelineShapes.swift"; sourceTree = "<group>"; };
/* End PBXFileReference section */

/* Begin PBXFrameworksBuildPhase section */
		71FE200D317990948E24D8EE /* Frameworks */ = {
			isa = PBXFrameworksBuildPhase;
			buildActionMask = 2147483647;
			files = (
			);
			runOnlyForDeploymentPostprocessing = 0;
		};
/* End PBXFrameworksBuildPhase section */

/* Begin PBXGroup section */
		1E4A1728AD0F8AF0776ADE98 /* App */ = {
			isa = PBXGroup;
			children = (
				BF5180642B1AC3288A6921DE /* MixtapeApp.swift */,
				DA5900000000000000000002 /* DashboardScreen.swift */,
				DA5900000000000000000004 /* OnboardingScreen.swift */,
				DA5900000000000000000006 /* SplashScreen.swift */,
			);
			path = App;
			sourceTree = "<group>";
		};
		390D6AA02EC2146AAC9E2BCE /* Core */ = {
			isa = PBXGroup;
			children = (
				CED6779F2FAD0DA700531EBF /* Components */,
				E100000000000000000000F1 /* AppConfiguration.swift */,
				CEEAAC5B2FB87D8900EF5186 /* AudioSessionConfigurator.swift */,
				AB102030405060708090A002 /* SavedAudioFileResolver.swift */,
				CEEAAC5D2FB87D8900EF5187 /* SwipeBackEnabler.swift */,
				494AF242A7E19C2ED189AC1D /* AppTheme.swift */,
				CED6779D2FAD04CD00531EBF /* AppGlobalBackgroundScaffold.swift */,
			);
			path = Core;
			sourceTree = "<group>";
		};
		5C999E731352905727541C3C = {
			isa = PBXGroup;
			children = (
				CEEAAC5A2FB87D8900EF5185 /* Mixtape-Info.plist */,
				E100000000000000000000C3 /* Config */,
				D4BAA6CF3F4204D0B19A1276,
				6D159F361021D92BC3E10E55 /* Products */,
			);
			sourceTree = "<group>";
		};
		6D159F361021D92BC3E10E55 /* Products */ = {
			isa = PBXGroup;
			children = (
				B7FA166B3D2D812B47B67F76 /* Mixtape.app */,
			);
			name = Products;
			sourceTree = "<group>";
		};
		A0B0F00DDEAFB001CAFE0200 /* ViewModel */ = {
			isa = PBXGroup;
			children = (
				A0B0F00DDEAFB001CAFE0003 /* PhotoLibraryViewModel.swift */,
				CED677A22FADDF700531EBF /* ProjectListViewModel.swift */,
			);
			path = ViewModel;
			sourceTree = "<group>";
		};
		BA0EDF00DEAFB001CAFE0200 /* Editor */ = {
			isa = PBXGroup;
			children = (
				BA0EDF00DEAFB001CAFE0201 /* Model */,
				BA0EDF00DEAFB001CAFE0203 /* ViewModel */,
				BA0EDF00DEAFB001CAFE0205 /* Services */,
				BA0EDF00DEAFB001CAFE0207 /* View */,
				AD10000000000000000000F4 /* AudioLibrary */,
			);
			path = Editor;
			sourceTree = "<group>";
		};
		BA0EDF00DEAFB001CAFE0201 /* Model */ = {
			isa = PBXGroup;
			children = (
				F03900000000000000000001 /* EditorCopilotPlan.swift */,
				BA0EDF00DEAFB001CAFE0001 /* EditorTool.swift */,
				BA0EDF00DEAFB001CAFE0002 /* EditorClip.swift */,
				C010D001A15C010000000001 /* EditorColorGrade.swift */,
				C010D00AA15C01000000000A /* EditorKeyframe.swift */,
				C010D00DA15C01000000000D /* EditorSpeedRamp.swift */,
				C020D001A15C020000000001 /* EditorOverlayCompositing.swift */,
				C030D001A15C030000000001 /* EditorMotionTracking.swift */,
				BA0EDF00DEAFB001CAFE001C /* EditorTransition.swift */,
				BA0EDF00DEAFB001CAFE0003 /* EditorTextOverlay.swift */,
				BA0EDF00DEAFB001CAFE0004 /* EditorAudioClip.swift */,
				AD10000000000000000000F1 /* EditorAudioLibraryItem.swift */,
				AD10000000000000000000F8 /* EditorAudioMixSettings.swift */,
				AD10000000000000000000FC /* EditorAudioEffect.swift */,
				AD1200000000000000000002 /* EditorTextLaneLayout.swift */,
				BA0EDF00DEAFB001CAFE0010 /* EditorTimelineSnapshot.swift */,
				BA0EDF00DEAFB001CAFE0016 /* EditorExportSettings.swift */,
			);
			path = Model;
			sourceTree = "<group>";
		};
		BA0EDF00DEAFB001CAFE0203 /* ViewModel */ = {
			isa = PBXGroup;
			children = (
				18BEA1ECC53D95BE651FC855 /* EditorViewModel+Snapping.swift */,
				2A05ED88CE7B537EE6C5D347 /* EditorViewModel+Lifecycle.swift */,
				A59E54DB3A63D154E4F81F8A /* EditorViewModel+Persistence.swift */,
				19A995303C1E0D650B6917CC /* EditorViewModel+Copilot.swift */,
				889B7ED483F9B95C256128A3 /* EditorViewModel+MediaCache.swift */,
				882DE71B0A8852A82A86B810 /* EditorViewModel+Playback.swift */,
				5F06C83B0020719740670945 /* EditorViewModel+Export.swift */,
				681749DF9C8AF872E800986D /* EditorViewModel+Audio.swift */,
				ACCB4F6CDA376E92583B3405 /* EditorViewModel+ClipEditing.swift */,
				CF87E834D5CFFB8B0D890885 /* EditorViewModel+Sequences.swift */,
				00C9C89D6566B9FBE7373F7C /* EditorViewModel+GraphicsAndText.swift */,
				591E435E2A9AE220E106680D /* EditorViewModel+Captions.swift */,
				DF06648946FF41AE0E0533E9 /* EditorViewModel+Transitions.swift */,
				730327DA283CCBDA49BCA6E8 /* EditorViewModel+ClipVolume.swift */,
				292F1CA61C42335B2BAE407F /* EditorViewModel+SpeedAndDuration.swift */,
				E0688AD16E6E36CE28650485 /* EditorViewModel+MotionTracking.swift */,
				F170B4DE034B23719824F568 /* EditorViewModel+Overlays.swift */,
				DCE89D4DD65210055EFCA06C /* EditorViewModel+Reframe.swift */,
				6758D21ED7FFC8E44882172A /* EditorViewModel+Effects.swift */,
				39DBFBC731A9F327CB7013C2 /* EditorViewModel+Color.swift */,
				23A5389A6D4B4EF7B8EB043F /* EditorViewModel+ReverseAndFreeze.swift */,
				0F668F431C01C51B1B45AAD0 /* EditorViewModel+Selection.swift */,
				F0EC92161C49369E5BEA7835 /* EditorViewModel+Keyframes.swift */,
				D4DB3D9E52CCB4A27C5E6DE2 /* EditorViewModel+Timeline.swift */,
				18103D591C069FB0CD9C1C17 /* EditorPreviewBuildCoordinator.swift */,
				BA0EDF00DEAFB001CAFE0005 /* EditorViewModel.swift */,
				AD10000000000000000000F2 /* AudioLibraryViewModel.swift */,
			);
			path = ViewModel;
			sourceTree = "<group>";
		};
		BA0EDF00DEAFB001CAFE0204 /* Components */ = {
			isa = PBXGroup;
			children = (
				6182B5A5C8B2E6CA21EDDE4D /* TimelineShapes.swift */,
				8A5A6D3BC9A5AD78776BED78 /* TimelinePlaybackControls.swift */,
				D5E1D357F1CF6A8FC0FCDC19 /* ClipThumb.swift */,
				BD41AC1AC596198DF8BA2075 /* TimelineClipBoundaryControls.swift */,
				D0409E72F75461089285DFD0 /* TimelineLayout.swift */,
				0BB3C7F51689ED163BD0025F /* GraphicOverlayThumb.swift */,
				8E2602DEB32DA3D49C6EB197 /* TextOverlayThumb.swift */,
				AB8429375EDA94C0CD1201C8 /* AudioClipThumb.swift */,
				D1209EEBA3A75771BEA4F9BC /* OverlayClipThumb.swift */,
				0B2B937C255C63AABD7F9999 /* SequenceStructurePanel.swift */,
				10FB02979C392B6E7750456F /* PrecisionEditToolPanel.swift */,
				B1DA161183893B0DD45FA833 /* BackgroundToolPanel.swift */,
				CD123AA1EE6E8C4DAA0AF70E /* CanvasToolPanel.swift */,
				EC445CD7B7D7A39F449939C4 /* EffectAmountKeyframeTimelineSheet.swift */,
				12A52E5BDB28959B171621D6 /* EditorGraphicsPanel.swift */,
				D7DCF129B19B3F1E4A0BABD1 /* VisualEffectsStackPanel.swift */,
				A6ED0A55EADDAE2655E28EB7 /* ProxyRenderCachePanel.swift */,
				C6B9E4DD020E3E90BDE1DEE9 /* EditorTemplatesPanel.swift */,
				F03900000000000000000003 /* EditorCopilotPanel.swift */,
				BA0EDF00DEAFB001CAFE0006 /* EditorTopBar.swift */,
				BA0EDF00DEAFB001CAFE0007 /* EditorPreviewPlayer.swift */,
				BA0EDF00DEAFB001CAFE0008 /* EditorTimeline.swift */,
				BA0EDF00DEAFB001CAFE0009 /* EditorBottomToolbar.swift */,
				BA0EDF00DEAFB001CAFE0018 /* EditorClipActionBar.swift */,
				BA0EDF00DEAFB001CAFE001A /* EditorAudioActionBar.swift */,
				BA0EDF00DEAFB001CAFE0019 /* ClipReorderGestureView.swift */,
				BA0EDF00DEAFB001CAFE000B /* ClipTrimHandleView.swift */,
				BA0EDF00DEAFB001CAFE0014 /* SpeedToolPanel.swift */,
				BA0EDF00DEAFB001CAFE0015 /* ClipFilmstripView.swift */,
				63F8ECBE73E4FFD084A70D66 /* TextOverlayEditorSheet.swift */,
				63818BB3864D795FD2D9606A /* EditorTextOverlayLayerView.swift */,
				8E56D87ACFF2712C8890CA60 /* EditorTextActionBar.swift */,
				E87DAAFAE4F84C0C17BFE6B8 /* VolumeToolPanel.swift */,
				AD10000000000000000000F9 /* MixToolPanel.swift */,
				C010D003A15C010000000003 /* ColorAdjustmentToolPanel.swift */,
				C010D004A15C010000000004 /* ColorGradeControls.swift */,
				C010D006A15C010000000006 /* ColorScopeViews.swift */,
				C010D008A15C010000000008 /* ColorMaskControls.swift */,
				C010D00CA15C01000000000C /* EditorAdaptiveBottomSheet.swift */,
				C010D00BA15C01000000000B /* KeyframeToolPanel.swift */,
				C020D003A15C020000000003 /* OverlayCompositingToolPanel.swift */,
				C020D004A15C020000000004 /* CompositingMaskSelectionLayer.swift */,
				C030D003A15C030000000003 /* MotionTrackingToolPanel.swift */,
				C030D004A15C030000000004 /* MotionTrackingSelectionLayer.swift */,
				80BD65BF4472826A783449A0 /* AudioPickerView.swift */,
				AD10000000000000000000F3 /* AudioLibraryPickerView.swift */,
				AD10000000000000000000FB /* VoiceoverRecorderView.swift */,
				AD10000000000000000000FE /* EditorAudioEffectPanel.swift */,
				CA71000000000000000000F2 /* CaptionTranscriptEditorSheet.swift */,
			);
			path = Components;
			sourceTree = "<group>";
		};
		BA0EDF00DEAFB001CAFE0205 /* Services */ = {
			isa = PBXGroup;
			children = (
				57BA4FEC403F886B8163005E /* EditorCompositionBuilder+Assets.swift */,
				86CE19D29FBF4C89B5D86F73 /* EditorCompositionBuilder+Background.swift */,
				1C423927771197AF7C1681A6 /* EditorCompositionBuilder+Transitions.swift */,
				0FE2357B634C3CA8DC3C5E3D /* EditorCompositionBuilder+VideoComposition.swift */,
				BCA5CEC3EB5EA882670559CF /* EditorCompositionBuilder+Speed.swift */,
				E0A65F1FCA812530F2F14B96 /* EditorCompositionBuilder+PlayerItem.swift */,
				A595916631E31BEA8FEE0E89 /* EditorCompositionBuilder+AudioAndOverlays.swift */,
				9A0991E22A907DA57D71DEB5 /* EditorMediaCache.swift */,
				EE51138C0F4D95F6D98352F6 /* EditorReverseMediaService.swift */,
				F03900000000000000000002 /* EditorCopilotService.swift */,
				BA0EDF00DEAFB001CAFE000C /* EditorCompositionBuilder.swift */,
				AD10000000000000000000F5 /* AudioLibraryCache.swift */,
				AD10000000000000000000F6 /* FreesoundAudioLibraryProvider.swift */,
				E200000000000000000000F1 /* VideoAudioExtractionService.swift */,
				AD10000000000000000000F7 /* AudioWaveformGenerator.swift */,
				BA0EDF00DEAFB001CAFE001B /* EditorTransitionCompositor.swift */,
				C010D002A15C010000000002 /* EditorColorGradeRenderer.swift */,
				6432709C5697BF3533DB9761 /* EditorTextOverlayRenderer.swift */,
				C020D002A15C020000000002 /* EditorOverlayCompositingRenderer.swift */,
				C010D005A15C010000000005 /* EditorColorScopeAnalyzer.swift */,
				C010D007A15C010000000007 /* EditorFaceMaskDetector.swift */,
				C010D009A15C010000000009 /* EditorColorMaskTracker.swift */,
				C030D002A15C030000000002 /* EditorMotionTracker.swift */,
				BA0EDF00DEAFB001CAFE0011 /* EditorUndoManager.swift */,
				BA0EDF00DEAFB001CAFE0012 /* EditorExportService.swift */,
				BA0EDF00DEAFB001CAFE0013 /* ClipThumbnailService.swift */,
				AD10000000000000000000FA /* VoiceoverRecorderService.swift */,
				AD10000000000000000000FD /* EditorAudioEffectRenderer.swift */,
				CA71000000000000000000F1 /* EditorCaptionService.swift */,
			);
			path = Services;
			sourceTree = "<group>";
		};
		BA0EDF00DEAFB001CAFE0206 /* Screens */ = {
			isa = PBXGroup;
			children = (
				BA0EDF00DEAFB001CAFE000A /* EditorScreen.swift */,
				BA0EDF00DEAFB001CAFE0017 /* EditorExportScreen.swift */,
			);
			path = Screens;
			sourceTree = "<group>";
		};
		BA0EDF00DEAFB001CAFE0207 /* View */ = {
			isa = PBXGroup;
			children = (
				BA0EDF00DEAFB001CAFE0206 /* Screens */,
				BA0EDF00DEAFB001CAFE0204 /* Components */,
			);
			path = View;
			sourceTree = "<group>";
		};
		CED677932FACE2B300531EBF /* Features */ = {
			isa = PBXGroup;
			children = (
				CED677942FACE3AC00531EBF /* ProjectList */,
				BA0EDF00DEAFB001CAFE0200 /* Editor */,
			);
			path = Features;
			sourceTree = "<group>";
		};
		CED677942FACE3AC00531EBF /* ProjectList */ = {
			isa = PBXGroup;
			children = (
				CED6779A2FACEBF700531EBF /* Model */,
				A0B0F00DDEAFB001CAFE0200 /* ViewModel */,
				CED677B02FADDF700531EBF /* Services */,
				CED677A92FADDF6E00531EBF1 /* View */,
			);
			path = ProjectList;
			sourceTree = "<group>";
		};
		CED6779A2FACEBF700531EBF /* Model */ = {
			isa = PBXGroup;
			children = (
				CED6779B2FACEC0E00531EBF /* ProjectMockModel.swift */,
				CED677A02FADDF700531EBF /* EditorProject.swift */,
				A0B0F00DDEAFB001CAFE0001 /* MediaItem.swift */,
				A0B0F00DDEAFB001CAFE0002 /* MediaFilter.swift */,
			);
			path = Model;
			sourceTree = "<group>";
		};
		CED6779F2FAD0DA700531EBF /* Components */ = {
			isa = PBXGroup;
			children = (
				CED677A02FAD0DD200531EBF /* SizedBox.swift */,
			);
			path = Components;
			sourceTree = "<group>";
		};
		CED677A22FAD2D0D00531EBF /* Components */ = {
			isa = PBXGroup;
			children = (
				CED677A32FAD2D2B00531EBF /* ProjectCardView.swift */,
				A0B0F00DDEAFB001CAFE0004 /* MediaThumbnailView.swift */,
				A0B0F00DDEAFB001CAFE0005 /* MediaGridItemView.swift */,
				A0B0F00DDEAFB001CAFE0006 /* FilterChip.swift */,
				A0B0F00DDEAFB001CAFE0007 /* SelectionBottomBar.swift */,
				A0B0F00DDEAFB001CAFE0008 /* MediaPreviewView.swift */,
			);
			path = Components;
			sourceTree = "<group>";
		};
		CED677A82FADDF6E00531EBF0 /* Screens */ = {
			isa = PBXGroup;
			children = (
				CED677962FACE5BD00531EBF /* ProjectListScreen.swift */,
				CED677A52FADDF6E00531EBF /* CreateProjectScreen.swift */,
				CED677A72FADDF6E00531EBF /* MediaLibraryPickerScreen.swift */,
			);
			path = Screens;
			sourceTree = "<group>";
		};
		CED677A92FADDF6E00531EBF1 /* View */ = {
			isa = PBXGroup;
			children = (
				CED677A82FADDF6E00531EBF0 /* Screens */,
				CED677A22FAD2D0D00531EBF /* Components */,
			);
			path = View;
			sourceTree = "<group>";
		};
		CED677B02FADDF700531EBF /* Services */ = {
			isa = PBXGroup;
			children = (
				CED677A12FADDF700531EBF /* ProjectStore.swift */,
			);
			path = Services;
			sourceTree = "<group>";
		};
		D4BAA6CF3F4204D0B19A1276 = {
			isa = PBXGroup;
			children = (
				FD381624E89BEA467A3F6BF0 /* Assets.xcassets */,
				1E4A1728AD0F8AF0776ADE98 /* App */,
				390D6AA02EC2146AAC9E2BCE /* Core */,
				CED677932FACE2B300531EBF /* Features */,
			);
			sourceTree = "<group>";
		};
		E100000000000000000000C3 /* Config */ = {
			isa = PBXGroup;
			children = (
				E100000000000000000000C1 /* Base.xcconfig */,
				E100000000000000000000C4 /* Secrets.xcconfig */,
				E100000000000000000000C2 /* Secrets.example.xcconfig */,
			);
			path = Config;
			sourceTree = "<group>";
		};
/* End PBXGroup section */

/* Begin PBXNativeTarget section */
		C41A31890959544C6523AF68 /* Mixtape */ = {
			isa = PBXNativeTarget;
			buildConfigurationList = 8B271C3BF441746F5312D6FC /* Build configuration list for PBXNativeTarget "Mixtape" */;
			buildPhases = (
				A7BB88F141516E17F21602B2 /* Sources */,
				71FE200D317990948E24D8EE /* Frameworks */,
				AF5FE74DAAF3C2BCB23F9A40 /* Resources */,
			);
			buildRules = (
			);
			dependencies = (
			);
			name = Mixtape;
			productName = Mixtape;
			productReference = B7FA166B3D2D812B47B67F76 /* Mixtape.app */;
			productType = "com.apple.product-type.application";
		};
/* End PBXNativeTarget section */

/* Begin PBXProject section */
		9E727FDD3AEC8274F4668544 /* Project object */ = {
			isa = PBXProject;
			attributes = {
				LastUpgradeCheck = 1500;
				TargetAttributes = {
					C41A31890959544C6523AF68 = {
						CreatedOnToolsVersion = 15.0;
					};
				};
			};
			buildConfigurationList = 04381F66F2952792222CD8FA /* Build configuration list for PBXProject "Mixtape" */;
			compatibilityVersion = "Xcode 14.0";
			developmentRegion = en;
			hasScannedForEncodings = 0;
			knownRegions = (
				en,
				Base,
			);
			mainGroup = 5C999E731352905727541C3C;
			productRefGroup = 6D159F361021D92BC3E10E55 /* Products */;
			projectDirPath = "";
			projectRoot = "";
			targets = (
				C41A31890959544C6523AF68 /* Mixtape */,
			);
		};
/* End PBXProject section */

/* Begin PBXResourcesBuildPhase section */
		AF5FE74DAAF3C2BCB23F9A40 /* Resources */ = {
			isa = PBXResourcesBuildPhase;
			buildActionMask = 2147483647;
			files = (
				912359B39005B15F533413E3 /* Assets.xcassets in Resources */,
				AD10000000000000000000B4 /* AudioLibrary in Resources */,
			);
			runOnlyForDeploymentPostprocessing = 0;
		};
/* End PBXResourcesBuildPhase section */

/* Begin PBXSourcesBuildPhase section */
		A7BB88F141516E17F21602B2 /* Sources */ = {
			isa = PBXSourcesBuildPhase;
			buildActionMask = 2147483647;
			files = (
				F6B98AFE7DC75919FC5FCAAB /* TimelineShapes.swift in Sources */,
				D358A0BC5F3D58F271BF3D54 /* TimelinePlaybackControls.swift in Sources */,
				FD1682920622C50C342F59C2 /* ClipThumb.swift in Sources */,
				60B1812DC440F4A5684889F8 /* TimelineClipBoundaryControls.swift in Sources */,
				2339ADBBA10DA29FD23B63FC /* TimelineLayout.swift in Sources */,
				488B8C4C0BCB3EC19C73DC5C /* GraphicOverlayThumb.swift in Sources */,
				BEB5044A10BD55E6A09711B4 /* TextOverlayThumb.swift in Sources */,
				6AC3530389CE52089067EDD6 /* AudioClipThumb.swift in Sources */,
				28F86CCA2D67DED101969CE4 /* OverlayClipThumb.swift in Sources */,
				2102BDA0E818669A43AB51C6 /* SequenceStructurePanel.swift in Sources */,
				0844592EC019C8C8C7D6CF5F /* PrecisionEditToolPanel.swift in Sources */,
				60DE97A824F9B9F1F3B129BF /* BackgroundToolPanel.swift in Sources */,
				5CB51B5FCA7EF989E4D9E2E8 /* CanvasToolPanel.swift in Sources */,
				9A9F18CF01E42890A1E242D5 /* EffectAmountKeyframeTimelineSheet.swift in Sources */,
				1144E1568FF1B20953B72797 /* EditorGraphicsPanel.swift in Sources */,
				DD3B5C7E4E598889EBF90FFB /* VisualEffectsStackPanel.swift in Sources */,
				8C2A243039EBF76B37C55EE4 /* ProxyRenderCachePanel.swift in Sources */,
				68BD6FECC2B8687D047F2F9A /* EditorTemplatesPanel.swift in Sources */,
				58DEA254DBC964A70C5F03C3 /* EditorCompositionBuilder+Assets.swift in Sources */,
				5A2327E0F95E209F3BEEC33C /* EditorCompositionBuilder+Background.swift in Sources */,
				2930E7A8A98369683116F168 /* EditorCompositionBuilder+Transitions.swift in Sources */,
				333BC647F12E108BAADF4B89 /* EditorCompositionBuilder+VideoComposition.swift in Sources */,
				D316335311F23BEC9960B71A /* EditorCompositionBuilder+Speed.swift in Sources */,
				634CF8BA5AC231C113D987A1 /* EditorCompositionBuilder+PlayerItem.swift in Sources */,
				12E9D5E8DA052BACE7437D44 /* EditorCompositionBuilder+AudioAndOverlays.swift in Sources */,
				99F26BC33F77CF92E4D6AAA0 /* EditorMediaCache.swift in Sources */,
				34F789C5E42259696E2BABDD /* EditorReverseMediaService.swift in Sources */,
				3E088315ACEA60C5F4427A2D /* EditorViewModel+Snapping.swift in Sources */,
				C494266EC3D619E3AA1A971D /* EditorViewModel+Lifecycle.swift in Sources */,
				2B900AF8CE8D4739C7C38E23 /* EditorViewModel+Persistence.swift in Sources */,
				F2ECBEFBBE52457151BA110B /* EditorViewModel+Copilot.swift in Sources */,
				D49A0A2EFF6D91951C992A30 /* EditorViewModel+MediaCache.swift in Sources */,
				50350569E5F906A81E480CBD /* EditorViewModel+Playback.swift in Sources */,
				60A91DFC0DD153A67E59B936 /* EditorViewModel+Export.swift in Sources */,
				92623D305F68D627E6816F8B /* EditorViewModel+Audio.swift in Sources */,
				073ACEC0012EDDB824EF0E0D /* EditorViewModel+ClipEditing.swift in Sources */,
				563B64BE46B5435492748B0E /* EditorViewModel+Sequences.swift in Sources */,
				C4B04E30DCE27CD6449CC0D9 /* EditorViewModel+GraphicsAndText.swift in Sources */,
				FCFE99FA6215A12329410D9D /* EditorViewModel+Captions.swift in Sources */,
				C8E1A537193B0B30C6219F9E /* EditorViewModel+Transitions.swift in Sources */,
				D368A619B3EAFA03BD47F457 /* EditorViewModel+ClipVolume.swift in Sources */,
				DE1C5C32AB3CA1996307DC8A /* EditorViewModel+SpeedAndDuration.swift in Sources */,
				08EDA243D5E8773708AB0E93 /* EditorViewModel+MotionTracking.swift in Sources */,
				FA017BBB87B9EC108426F967 /* EditorViewModel+Overlays.swift in Sources */,
				2D4ABB9D88C39540FD5AA4AB /* EditorViewModel+Reframe.swift in Sources */,
				DF7DA9C526FA82306D0DF0A5 /* EditorViewModel+Effects.swift in Sources */,
				7B24218DF0DA5D74606C100A /* EditorViewModel+Color.swift in Sources */,
				D8459C93DCC300358031D829 /* EditorViewModel+ReverseAndFreeze.swift in Sources */,
				F780639D588AE364BFDBD5DF /* EditorViewModel+Selection.swift in Sources */,
				686EC023D94350342044E9F9 /* EditorViewModel+Keyframes.swift in Sources */,
				49F277ED9B5ADA8C04C35423 /* EditorViewModel+Timeline.swift in Sources */,
				B7394F07C49C657B1CC07361 /* EditorPreviewBuildCoordinator.swift in Sources */,
				F03900000000000000000103 /* EditorCopilotPanel.swift in Sources */,
				F03900000000000000000102 /* EditorCopilotService.swift in Sources */,
				F03900000000000000000101 /* EditorCopilotPlan.swift in Sources */,
				B95033CA06554AA0D1EE9337 /* MixtapeApp.swift in Sources */,
				DA5900000000000000000001 /* DashboardScreen.swift in Sources */,
				DA5900000000000000000003 /* OnboardingScreen.swift in Sources */,
				DA5900000000000000000005 /* SplashScreen.swift in Sources */,
				CED6779C2FACEC0E00531EBF /* ProjectMockModel.swift in Sources */,
				07894D43A3CE2D26E7D5A681 /* AppTheme.swift in Sources */,
				AD10000000000000000000B1 /* EditorAudioLibraryItem.swift in Sources */,
				AD10000000000000000000B2 /* AudioLibraryViewModel.swift in Sources */,
				AD10000000000000000000B3 /* AudioLibraryPickerView.swift in Sources */,
				AD10000000000000000000B5 /* AudioLibraryCache.swift in Sources */,
				AD10000000000000000000B6 /* FreesoundAudioLibraryProvider.swift in Sources */,
				E100000000000000000000B1 /* AppConfiguration.swift in Sources */,
				E200000000000000000000B1 /* VideoAudioExtractionService.swift in Sources */,
				AD10000000000000000000B7 /* AudioWaveformGenerator.swift in Sources */,
				AD10000000000000000000B8 /* EditorAudioMixSettings.swift in Sources */,
				AD10000000000000000000B9 /* MixToolPanel.swift in Sources */,
				AD10000000000000000000BA /* VoiceoverRecorderService.swift in Sources */,
				AD10000000000000000000BB /* VoiceoverRecorderView.swift in Sources */,
				AD10000000000000000000BC /* EditorAudioEffect.swift in Sources */,
				AD10000000000000000000BD /* EditorAudioEffectRenderer.swift in Sources */,
				AD10000000000000000000BE /* EditorAudioEffectPanel.swift in Sources */,
				CA71000000000000000000B1 /* EditorCaptionService.swift in Sources */,
				CA71000000000000000000B2 /* CaptionTranscriptEditorSheet.swift in Sources */,
				CED677A12FAD0DD200531EBF /* SizedBox.swift in Sources */,
				CED6779E2FAD04CD00531EBF /* AppGlobalBackgroundScaffold.swift in Sources */,
				CEEAAC5C2FB87D8900EF5186 /* AudioSessionConfigurator.swift in Sources */,
				AB102030405060708090A001 /* SavedAudioFileResolver.swift in Sources */,
				CEEAAC5E2FB87D8900EF5188 /* SwipeBackEnabler.swift in Sources */,
				CED677A42FAD2D2B00531EBF /* ProjectCardView.swift in Sources */,
				CED677972FACE5BD00531EBF /* ProjectListScreen.swift in Sources */,
				CED677A62FADDF6E00531EBF /* CreateProjectScreen.swift in Sources */,
				CED677A82FADDF6E00531EBF /* MediaLibraryPickerScreen.swift in Sources */,
				A0B0F00DDEAFB001CAFE0101 /* MediaItem.swift in Sources */,
				A0B0F00DDEAFB001CAFE0102 /* MediaFilter.swift in Sources */,
				A0B0F00DDEAFB001CAFE0103 /* PhotoLibraryViewModel.swift in Sources */,
				A0B0F00DDEAFB001CAFE0104 /* MediaThumbnailView.swift in Sources */,
				A0B0F00DDEAFB001CAFE0105 /* MediaGridItemView.swift in Sources */,
				A0B0F00DDEAFB001CAFE0106 /* FilterChip.swift in Sources */,
				A0B0F00DDEAFB001CAFE0107 /* SelectionBottomBar.swift in Sources */,
				A0B0F00DDEAFB001CAFE0108 /* MediaPreviewView.swift in Sources */,
				BA0EDF00DEAFB001CAFE0101 /* EditorTool.swift in Sources */,
				BA0EDF00DEAFB001CAFE0102 /* EditorClip.swift in Sources */,
				C010C001A15C010000000001 /* EditorColorGrade.swift in Sources */,
				C010C00AA15C01000000000A /* EditorKeyframe.swift in Sources */,
				C010C00DA15C01000000000D /* EditorSpeedRamp.swift in Sources */,
				C020C001A15C020000000001 /* EditorOverlayCompositing.swift in Sources */,
				C030C001A15C030000000001 /* EditorMotionTracking.swift in Sources */,
				C030C002A15C030000000002 /* EditorMotionTracker.swift in Sources */,
				BA0EDF00DEAFB001CAFE011C /* EditorTransition.swift in Sources */,
				BA0EDF00DEAFB001CAFE0103 /* EditorTextOverlay.swift in Sources */,
				BA0EDF00DEAFB001CAFE0104 /* EditorAudioClip.swift in Sources */,
				BA0EDF00DEAFB001CAFE0105 /* EditorAudioActionBar.swift in Sources */,
				BA0EDF00DEAFB001CAFE011A /* EditorViewModel.swift in Sources */,
				BA0EDF00DEAFB001CAFE010C /* EditorCompositionBuilder.swift in Sources */,
				BA0EDF00DEAFB001CAFE011B /* EditorTransitionCompositor.swift in Sources */,
				C010C002A15C010000000002 /* EditorColorGradeRenderer.swift in Sources */,
				C020C002A15C020000000002 /* EditorOverlayCompositingRenderer.swift in Sources */,
				BA0EDF00DEAFB001CAFE0106 /* EditorTopBar.swift in Sources */,
				BA0EDF00DEAFB001CAFE0107 /* EditorPreviewPlayer.swift in Sources */,
				BA0EDF00DEAFB001CAFE0108 /* EditorTimeline.swift in Sources */,
				BA0EDF00DEAFB001CAFE0109 /* EditorBottomToolbar.swift in Sources */,
				BA0EDF00DEAFB001CAFE010B /* ClipTrimHandleView.swift in Sources */,
				BA0EDF00DEAFB001CAFE010A /* EditorScreen.swift in Sources */,
				AD1200000000000000000001 /* EditorTextLaneLayout.swift in Sources */,
				BA0EDF00DEAFB001CAFE0110 /* EditorTimelineSnapshot.swift in Sources */,
				BA0EDF00DEAFB001CAFE0111 /* EditorUndoManager.swift in Sources */,
				BA0EDF00DEAFB001CAFE0112 /* EditorExportService.swift in Sources */,
				BA0EDF00DEAFB001CAFE0113 /* ClipThumbnailService.swift in Sources */,
				BA0EDF00DEAFB001CAFE0114 /* SpeedToolPanel.swift in Sources */,
				C020C003A15C020000000003 /* OverlayCompositingToolPanel.swift in Sources */,
				C020C004A15C020000000004 /* CompositingMaskSelectionLayer.swift in Sources */,
				C030C003A15C030000000003 /* MotionTrackingToolPanel.swift in Sources */,
				C030C004A15C030000000004 /* MotionTrackingSelectionLayer.swift in Sources */,
				BA0EDF00DEAFB001CAFE0115 /* ClipFilmstripView.swift in Sources */,
				CED677A02FADDF701531EBF /* EditorProject.swift in Sources */,
				CED677A12FADDF711531EBF /* ProjectStore.swift in Sources */,
				CED677A22FADDF721531EBF /* ProjectListViewModel.swift in Sources */,
				BA0EDF00DEAFB001CAFE0116 /* EditorExportSettings.swift in Sources */,
				BA0EDF00DEAFB001CAFE0117 /* EditorExportScreen.swift in Sources */,
				BA0EDF00DEAFB001CAFE0118 /* EditorClipActionBar.swift in Sources */,
				BA0EDF00DEAFB001CAFE0119 /* ClipReorderGestureView.swift in Sources */,
				4FB9AB17CDC14E3939385014 /* TextOverlayEditorSheet.swift in Sources */,
				CEF644E2B8DD9C620CF60C35 /* EditorTextOverlayLayerView.swift in Sources */,
				1FAFCD6593F00D7A42C9DDA7 /* EditorTextOverlayRenderer.swift in Sources */,
				E434F1A8643FE533BE3D202B /* EditorTextActionBar.swift in Sources */,
				794DF62E89AB0BCA798BCCAA /* VolumeToolPanel.swift in Sources */,
				C010C003A15C010000000003 /* ColorAdjustmentToolPanel.swift in Sources */,
				C010C004A15C010000000004 /* ColorGradeControls.swift in Sources */,
				C010C005A15C010000000005 /* EditorColorScopeAnalyzer.swift in Sources */,
				C010C006A15C010000000006 /* ColorScopeViews.swift in Sources */,
				C010C007A15C010000000007 /* EditorFaceMaskDetector.swift in Sources */,
				C010C008A15C010000000008 /* ColorMaskControls.swift in Sources */,
				C010C00CA15C01000000000C /* EditorAdaptiveBottomSheet.swift in Sources */,
				C010C009A15C010000000009 /* EditorColorMaskTracker.swift in Sources */,
				C010C00BA15C01000000000B /* KeyframeToolPanel.swift in Sources */,
				C0505206B7B237C572F82EFF /* AudioPickerView.swift in Sources */,
			);
			runOnlyForDeploymentPostprocessing = 0;
		};
/* End PBXSourcesBuildPhase section */

/* Begin XCBuildConfiguration section */
		3C865FDD1C80B47C0A0826A2 /* Debug */ = {
			isa = XCBuildConfiguration;
			baseConfigurationReference = E100000000000000000000C1 /* Base.xcconfig */;
			buildSettings = {
				ASSETCATALOG_COMPILER_APPICON_NAME = AppIcon;
				ASSETCATALOG_COMPILER_GLOBAL_ACCENT_COLOR_NAME = AccentColor;
				CODE_SIGN_IDENTITY = "Apple Development";
				CODE_SIGN_STYLE = Automatic;
				CURRENT_PROJECT_VERSION = 1;
				DEVELOPMENT_TEAM = D577Y99AN6;
				GENERATE_INFOPLIST_FILE = YES;
				INFOPLIST_FILE = "Mixtape-Info.plist";
				INFOPLIST_KEY_NSMicrophoneUsageDescription = "Mixtape needs microphone access so you can record a voiceover for your project.";
				INFOPLIST_KEY_NSPhotoLibraryAddUsageDescription = "Mixtape needs permission to save exported videos to your photo library.";
				INFOPLIST_KEY_NSPhotoLibraryUsageDescription = "Mixtape needs access to your photo library so you can pick photos and videos for your projects.";
				INFOPLIST_KEY_NSSpeechRecognitionUsageDescription = "Mixtape uses speech recognition to create editable, timed captions from your project audio.";
				INFOPLIST_KEY_UIApplicationSceneManifest_Generation = YES;
				INFOPLIST_KEY_UISupportedInterfaceOrientations_iPad = "UIInterfaceOrientationPortrait UIInterfaceOrientationPortraitUpsideDown UIInterfaceOrientationLandscapeLeft UIInterfaceOrientationLandscapeRight";
				INFOPLIST_KEY_UISupportedInterfaceOrientations_iPhone = UIInterfaceOrientationPortrait;
				INFOPLIST_KEY_UIUserInterfaceStyle = Dark;
				IPHONEOS_DEPLOYMENT_TARGET = 18.6;
				MARKETING_VERSION = 1.0.0;
				PRODUCT_BUNDLE_IDENTIFIER = com.mixtape.editor;
				PRODUCT_NAME = "$(TARGET_NAME)";
				PROVISIONING_PROFILE_SPECIFIER = "";
				SWIFT_OPTIMIZATION_LEVEL = "-O";
				SWIFT_VERSION = 5.0;
				TARGETED_DEVICE_FAMILY = "1,2";
			};
			name = Debug;
		};
		61672D85E657ED2A1F0DDDE4 /* Release */ = {
			isa = XCBuildConfiguration;
			buildSettings = {
				ALWAYS_SEARCH_USER_PATHS = NO;
				CLANG_ENABLE_MODULES = YES;
				CLANG_ENABLE_OBJC_ARC = YES;
				IPHONEOS_DEPLOYMENT_TARGET = 16.0;
				SDKROOT = iphoneos;
				SWIFT_OPTIMIZATION_LEVEL = "-O";
			};
			name = Release;
		};
		C709FCC84BC9578EB9F915E2 /* Debug */ = {
			isa = XCBuildConfiguration;
			buildSettings = {
				ALWAYS_SEARCH_USER_PATHS = NO;
				CLANG_ENABLE_MODULES = YES;
				CLANG_ENABLE_OBJC_ARC = YES;
				ENABLE_STRICT_OBJC_MSGSEND = YES;
				GCC_OPTIMIZATION_LEVEL = 0;
				IPHONEOS_DEPLOYMENT_TARGET = 16.0;
				SDKROOT = iphoneos;
				SWIFT_ACTIVE_COMPILATION_CONDITIONS = DEBUG;
				SWIFT_OPTIMIZATION_LEVEL = "-Onone";
			};
			name = Debug;
		};
		CFEDFA691963B1A7B22A7D71 /* Release */ = {
			isa = XCBuildConfiguration;
			baseConfigurationReference = E100000000000000000000C1 /* Base.xcconfig */;
			buildSettings = {
				ASSETCATALOG_COMPILER_APPICON_NAME = AppIcon;
				ASSETCATALOG_COMPILER_GLOBAL_ACCENT_COLOR_NAME = AccentColor;
				CODE_SIGN_IDENTITY = "Apple Development";
				CODE_SIGN_STYLE = Automatic;
				CURRENT_PROJECT_VERSION = 1;
				DEVELOPMENT_TEAM = D577Y99AN6;
				GENERATE_INFOPLIST_FILE = YES;
				INFOPLIST_FILE = "Mixtape-Info.plist";
				INFOPLIST_KEY_NSMicrophoneUsageDescription = "Mixtape needs microphone access so you can record a voiceover for your project.";
				INFOPLIST_KEY_NSPhotoLibraryAddUsageDescription = "Mixtape needs permission to save exported videos to your photo library.";
				INFOPLIST_KEY_NSPhotoLibraryUsageDescription = "Mixtape needs access to your photo library so you can pick photos and videos for your projects.";
				INFOPLIST_KEY_NSSpeechRecognitionUsageDescription = "Mixtape uses speech recognition to create editable, timed captions from your project audio.";
				INFOPLIST_KEY_UIApplicationSceneManifest_Generation = YES;
				INFOPLIST_KEY_UISupportedInterfaceOrientations_iPad = "UIInterfaceOrientationPortrait UIInterfaceOrientationPortraitUpsideDown UIInterfaceOrientationLandscapeLeft UIInterfaceOrientationLandscapeRight";
				INFOPLIST_KEY_UISupportedInterfaceOrientations_iPhone = UIInterfaceOrientationPortrait;
				INFOPLIST_KEY_UIUserInterfaceStyle = Dark;
				IPHONEOS_DEPLOYMENT_TARGET = 18.6;
				MARKETING_VERSION = 1.0.0;
				PRODUCT_BUNDLE_IDENTIFIER = com.mixtape.editor;
				PRODUCT_NAME = "$(TARGET_NAME)";
				PROVISIONING_PROFILE_SPECIFIER = "";
				SWIFT_VERSION = 5.0;
				TARGETED_DEVICE_FAMILY = "1,2";
			};
			name = Release;
		};
/* End XCBuildConfiguration section */

/* Begin XCConfigurationList section */
		04381F66F2952792222CD8FA /* Build configuration list for PBXProject "Mixtape" */ = {
			isa = XCConfigurationList;
			buildConfigurations = (
				C709FCC84BC9578EB9F915E2 /* Debug */,
				61672D85E657ED2A1F0DDDE4 /* Release */,
			);
			defaultConfigurationIsVisible = 0;
			defaultConfigurationName = Release;
		};
		8B271C3BF441746F5312D6FC /* Build configuration list for PBXNativeTarget "Mixtape" */ = {
			isa = XCConfigurationList;
			buildConfigurations = (
				3C865FDD1C80B47C0A0826A2 /* Debug */,
				CFEDFA691963B1A7B22A7D71 /* Release */,
			);
			defaultConfigurationIsVisible = 0;
			defaultConfigurationName = Release;
		};
/* End XCConfigurationList section */
	};
	rootObject = 9E727FDD3AEC8274F4668544 /* Project object */;
}
