// !$*UTF8*$!
{
	archiveVersion = 1;
	classes = {
	};
	objectVersion = 56;
	objects = {

/* Begin PBXBuildFile section */
		07894D43A3CE2D26E7D5A681 /* AppTheme.swift in Sources */ = {isa = PBXBuildFile; fileRef = 494AF242A7E19C2ED189AC1D /* AppTheme.swift */; };
		1FAFCD6593F00D7A42C9DDA7 /* EditorTextOverlayRenderer.swift in Sources */ = {isa = PBXBuildFile; fileRef = 6432709C5697BF3533DB9761 /* EditorTextOverlayRenderer.swift */; };
		4FB9AB17CDC14E3939385014 /* TextOverlayEditorSheet.swift in Sources */ = {isa = PBXBuildFile; fileRef = 63F8ECBE73E4FFD084A70D66 /* TextOverlayEditorSheet.swift */; };
		794DF62E89AB0BCA798BCCAA /* VolumeToolPanel.swift in Sources */ = {isa = PBXBuildFile; fileRef = E87DAAFAE4F84C0C17BFE6B8 /* VolumeToolPanel.swift */; };
		912359B39005B15F533413E3 /* Assets.xcassets in Resources */ = {isa = PBXBuildFile; fileRef = FD381624E89BEA467A3F6BF0 /* Assets.xcassets */; };
		A0B0F00DDEAFB001CAFE0101 /* MediaItem.swift in Sources */ = {isa = PBXBuildFile; fileRef = A0B0F00DDEAFB001CAFE0001 /* MediaItem.swift */; };
		A0B0F00DDEAFB001CAFE0102 /* MediaFilter.swift in Sources */ = {isa = PBXBuildFile; fileRef = A0B0F00DDEAFB001CAFE0002 /* MediaFilter.swift */; };
		A0B0F00DDEAFB001CAFE0103 /* PhotoLibraryViewModel.swift in Sources */ = {isa = PBXBuildFile; fileRef = A0B0F00DDEAFB001CAFE0003 /* PhotoLibraryViewModel.swift */; };
		A0B0F00DDEAFB001CAFE0104 /* MediaThumbnailView.swift in Sources */ = {isa = PBXBuildFile; fileRef = A0B0F00DDEAFB001CAFE0004 /* MediaThumbnailView.swift */; };
		A0B0F00DDEAFB001CAFE0105 /* MediaGridItemView.swift in Sources */ = {isa = PBXBuildFile; fileRef = A0B0F00DDEAFB001CAFE0005 /* MediaGridItemView.swift */; };
		A0B0F00DDEAFB001CAFE0106 /* FilterChip.swift in Sources */ = {isa = PBXBuildFile; fileRef = A0B0F00DDEAFB001CAFE0006 /* FilterChip.swift */; };
		A0B0F00DDEAFB001CAFE0107 /* SelectionBottomBar.swift in Sources */ = {isa = PBXBuildFile; fileRef = A0B0F00DDEAFB001CAFE0007 /* SelectionBottomBar.swift */; };
		A0B0F00DDEAFB001CAFE0108 /* MediaPreviewView.swift in Sources */ = {isa = PBXBuildFile; fileRef = A0B0F00DDEAFB001CAFE0008 /* MediaPreviewView.swift */; };
		B95033CA06554AA0D1EE9337 /* MixtapeApp.swift in Sources */ = {isa = PBXBuildFile; fileRef = BF5180642B1AC3288A6921DE /* MixtapeApp.swift */; };
		BA0EDF00DEAFB001CAFE0101 /* EditorTool.swift in Sources */ = {isa = PBXBuildFile; fileRef = BA0EDF00DEAFB001CAFE0001 /* EditorTool.swift */; };
		BA0EDF00DEAFB001CAFE0102 /* EditorClip.swift in Sources */ = {isa = PBXBuildFile; fileRef = BA0EDF00DEAFB001CAFE0002 /* EditorClip.swift */; };
		BA0EDF00DEAFB001CAFE0103 /* EditorTextOverlay.swift in Sources */ = {isa = PBXBuildFile; fileRef = BA0EDF00DEAFB001CAFE0003 /* EditorTextOverlay.swift */; };
		BA0EDF00DEAFB001CAFE0104 /* EditorAudioClip.swift in Sources */ = {isa = PBXBuildFile; fileRef = BA0EDF00DEAFB001CAFE0004 /* EditorAudioClip.swift */; };
		BA0EDF00DEAFB001CAFE0105 /* EditorAudioActionBar.swift in Sources */ = {isa = PBXBuildFile; fileRef = BA0EDF00DEAFB001CAFE001A /* EditorAudioActionBar.swift */; };
		BA0EDF00DEAFB001CAFE0106 /* EditorTopBar.swift in Sources */ = {isa = PBXBuildFile; fileRef = BA0EDF00DEAFB001CAFE0006 /* EditorTopBar.swift */; };
		BA0EDF00DEAFB001CAFE0107 /* EditorPreviewPlayer.swift in Sources */ = {isa = PBXBuildFile; fileRef = BA0EDF00DEAFB001CAFE0007 /* EditorPreviewPlayer.swift */; };
		BA0EDF00DEAFB001CAFE0108 /* EditorTimeline.swift in Sources */ = {isa = PBXBuildFile; fileRef = BA0EDF00DEAFB001CAFE0008 /* EditorTimeline.swift */; };
		BA0EDF00DEAFB001CAFE0109 /* EditorBottomToolbar.swift in Sources */ = {isa = PBXBuildFile; fileRef = BA0EDF00DEAFB001CAFE0009 /* EditorBottomToolbar.swift */; };
		BA0EDF00DEAFB001CAFE010A /* EditorScreen.swift in Sources */ = {isa = PBXBuildFile; fileRef = BA0EDF00DEAFB001CAFE000A /* EditorScreen.swift */; };
		BA0EDF00DEAFB001CAFE010B /* ClipTrimHandleView.swift in Sources */ = {isa = PBXBuildFile; fileRef = BA0EDF00DEAFB001CAFE000B /* ClipTrimHandleView.swift */; };
		BA0EDF00DEAFB001CAFE010C /* EditorCompositionBuilder.swift in Sources */ = {isa = PBXBuildFile; fileRef = BA0EDF00DEAFB001CAFE000C /* EditorCompositionBuilder.swift */; };
		BA0EDF00DEAFB001CAFE0110 /* EditorTimelineSnapshot.swift in Sources */ = {isa = PBXBuildFile; fileRef = BA0EDF00DEAFB001CAFE0010 /* EditorTimelineSnapshot.swift */; };
		BA0EDF00DEAFB001CAFE0111 /* EditorUndoManager.swift in Sources */ = {isa = PBXBuildFile; fileRef = BA0EDF00DEAFB001CAFE0011 /* EditorUndoManager.swift */; };
		BA0EDF00DEAFB001CAFE0112 /* EditorExportService.swift in Sources */ = {isa = PBXBuildFile; fileRef = BA0EDF00DEAFB001CAFE0012 /* EditorExportService.swift */; };
		BA0EDF00DEAFB001CAFE0113 /* ClipThumbnailService.swift in Sources */ = {isa = PBXBuildFile; fileRef = BA0EDF00DEAFB001CAFE0013 /* ClipThumbnailService.swift */; };
		BA0EDF00DEAFB001CAFE0114 /* SpeedToolPanel.swift in Sources */ = {isa = PBXBuildFile; fileRef = BA0EDF00DEAFB001CAFE0014 /* SpeedToolPanel.swift */; };
		BA0EDF00DEAFB001CAFE0115 /* ClipFilmstripView.swift in Sources */ = {isa = PBXBuildFile; fileRef = BA0EDF00DEAFB001CAFE0015 /* ClipFilmstripView.swift */; };
		BA0EDF00DEAFB001CAFE0116 /* EditorExportSettings.swift in Sources */ = {isa = PBXBuildFile; fileRef = BA0EDF00DEAFB001CAFE0016 /* EditorExportSettings.swift */; };
		BA0EDF00DEAFB001CAFE0117 /* EditorExportScreen.swift in Sources */ = {isa = PBXBuildFile; fileRef = BA0EDF00DEAFB001CAFE0017 /* EditorExportScreen.swift */; };
		BA0EDF00DEAFB001CAFE0118 /* EditorClipActionBar.swift in Sources */ = {isa = PBXBuildFile; fileRef = BA0EDF00DEAFB001CAFE0018 /* EditorClipActionBar.swift */; };
		BA0EDF00DEAFB001CAFE0119 /* ClipReorderGestureView.swift in Sources */ = {isa = PBXBuildFile; fileRef = BA0EDF00DEAFB001CAFE0019 /* ClipReorderGestureView.swift */; };
		BA0EDF00DEAFB001CAFE011A /* EditorViewModel.swift in Sources */ = {isa = PBXBuildFile; fileRef = BA0EDF00DEAFB001CAFE0005 /* EditorViewModel.swift */; };
		BA0EDF00DEAFB001CAFE011B /* EditorTransitionCompositor.swift in Sources */ = {isa = PBXBuildFile; fileRef = BA0EDF00DEAFB001CAFE001B /* EditorTransitionCompositor.swift */; };
		BA0EDF00DEAFB001CAFE011C /* EditorTransition.swift in Sources */ = {isa = PBXBuildFile; fileRef = BA0EDF00DEAFB001CAFE001C /* EditorTransition.swift */; };
		C0505206B7B237C572F82EFF /* AudioPickerView.swift in Sources */ = {isa = PBXBuildFile; fileRef = 80BD65BF4472826A783449A0 /* AudioPickerView.swift */; };
		C010C001A15C010000000001 /* EditorColorGrade.swift in Sources */ = {isa = PBXBuildFile; fileRef = C010D001A15C010000000001 /* EditorColorGrade.swift */; };
		C010C002A15C010000000002 /* EditorColorGradeRenderer.swift in Sources */ = {isa = PBXBuildFile; fileRef = C010D002A15C010000000002 /* EditorColorGradeRenderer.swift */; };
		C010C003A15C010000000003 /* ColorAdjustmentToolPanel.swift in Sources */ = {isa = PBXBuildFile; fileRef = C010D003A15C010000000003 /* ColorAdjustmentToolPanel.swift */; };
		C010C004A15C010000000004 /* ColorGradeControls.swift in Sources */ = {isa = PBXBuildFile; fileRef = C010D004A15C010000000004 /* ColorGradeControls.swift */; };
		C010C005A15C010000000005 /* EditorColorScopeAnalyzer.swift in Sources */ = {isa = PBXBuildFile; fileRef = C010D005A15C010000000005 /* EditorColorScopeAnalyzer.swift */; };
		C010C006A15C010000000006 /* ColorScopeViews.swift in Sources */ = {isa = PBXBuildFile; fileRef = C010D006A15C010000000006 /* ColorScopeViews.swift */; };
		C010C007A15C010000000007 /* EditorFaceMaskDetector.swift in Sources */ = {isa = PBXBuildFile; fileRef = C010D007A15C010000000007 /* EditorFaceMaskDetector.swift */; };
		C010C008A15C010000000008 /* ColorMaskControls.swift in Sources */ = {isa = PBXBuildFile; fileRef = C010D008A15C010000000008 /* ColorMaskControls.swift */; };
		C010C009A15C010000000009 /* EditorColorMaskTracker.swift in Sources */ = {isa = PBXBuildFile; fileRef = C010D009A15C010000000009 /* EditorColorMaskTracker.swift */; };
		C010C00AA15C01000000000A /* EditorKeyframe.swift in Sources */ = {isa = PBXBuildFile; fileRef = C010D00AA15C01000000000A /* EditorKeyframe.swift */; };
		C010C00CA15C01000000000C /* EditorAdaptiveBottomSheet.swift in Sources */ = {isa = PBXBuildFile; fileRef = C010D00CA15C01000000000C /* EditorAdaptiveBottomSheet.swift */; };
		C010C00DA15C01000000000D /* EditorSpeedRamp.swift in Sources */ = {isa = PBXBuildFile; fileRef = C010D00DA15C01000000000D /* EditorSpeedRamp.swift */; };
		C020C001A15C020000000001 /* EditorOverlayCompositing.swift in Sources */ = {isa = PBXBuildFile; fileRef = C020D001A15C020000000001 /* EditorOverlayCompositing.swift */; };
		C020C002A15C020000000002 /* EditorOverlayCompositingRenderer.swift in Sources */ = {isa = PBXBuildFile; fileRef = C020D002A15C020000000002 /* EditorOverlayCompositingRenderer.swift */; };
		C020C003A15C020000000003 /* OverlayCompositingToolPanel.swift in Sources */ = {isa = PBXBuildFile; fileRef = C020D003A15C020000000003 /* OverlayCompositingToolPanel.swift */; };
		C020C004A15C020000000004 /* CompositingMaskSelectionLayer.swift in Sources */ = {isa = PBXBuildFile; fileRef = C020D004A15C020000000004 /* CompositingMaskSelectionLayer.swift */; };
		C030C001A15C030000000001 /* EditorMotionTracking.swift in Sources */ = {isa = PBXBuildFile; fileRef = C030D001A15C030000000001 /* EditorMotionTracking.swift */; };
		C030C002A15C030000000002 /* EditorMotionTracker.swift in Sources */ = {isa = PBXBuildFile; fileRef = C030D002A15C030000000002 /* EditorMotionTracker.swift */; };
		C030C003A15C030000000003 /* MotionTrackingToolPanel.swift in Sources */ = {isa = PBXBuildFile; fileRef = C030D003A15C030000000003 /* MotionTrackingToolPanel.swift */; };
		C030C004A15C030000000004 /* MotionTrackingSelectionLayer.swift in Sources */ = {isa = PBXBuildFile; fileRef = C030D004A15C030000000004 /* MotionTrackingSelectionLayer.swift */; };
		C010C00BA15C01000000000B /* KeyframeToolPanel.swift in Sources */ = {isa = PBXBuildFile; fileRef = C010D00BA15C01000000000B /* KeyframeToolPanel.swift */; };
		CED677972FACE5BD00531EBF /* ProjectListScreen.swift in Sources */ = {isa = PBXBuildFile; fileRef = CED677962FACE5BD00531EBF /* ProjectListScreen.swift */; };
		CED6779C2FACEC0E00531EBF /* ProjectMockModel.swift in Sources */ = {isa = PBXBuildFile; fileRef = CED6779B2FACEC0E00531EBF /* ProjectMockModel.swift */; };
		CED6779E2FAD04CD00531EBF /* AppGlobalBackgroundScaffold.swift in Sources */ = {isa = PBXBuildFile; fileRef = CED6779D2FAD04CD00531EBF /* AppGlobalBackgroundScaffold.swift */; };
		CED677A02FADDF701531EBF /* EditorProject.swift in Sources */ = {isa = PBXBuildFile; fileRef = CED677A02FADDF700531EBF /* EditorProject.swift */; };
		CED677A12FAD0DD200531EBF /* SizedBox.swift in Sources */ = {isa = PBXBuildFile; fileRef = CED677A02FAD0DD200531EBF /* SizedBox.swift */; };
		CED677A12FADDF711531EBF /* ProjectStore.swift in Sources */ = {isa = PBXBuildFile; fileRef = CED677A12FADDF700531EBF /* ProjectStore.swift */; };
		CED677A22FADDF721531EBF /* ProjectListViewModel.swift in Sources */ = {isa = PBXBuildFile; fileRef = CED677A22FADDF700531EBF /* ProjectListViewModel.swift */; };
		CED677A42FAD2D2B00531EBF /* ProjectCardView.swift in Sources */ = {isa = PBXBuildFile; fileRef = CED677A32FAD2D2B00531EBF /* ProjectCardView.swift */; };
		CED677A62FADDF6E00531EBF /* CreateProjectScreen.swift in Sources */ = {isa = PBXBuildFile; fileRef = CED677A52FADDF6E00531EBF /* CreateProjectScreen.swift */; };
		CED677A82FADDF6E00531EBF /* MediaLibraryPickerScreen.swift in Sources */ = {isa = PBXBuildFile; fileRef = CED677A72FADDF6E00531EBF /* MediaLibraryPickerScreen.swift */; };
		CEEAAC5C2FB87D8900EF5186 /* AudioSessionConfigurator.swift in Sources */ = {isa = PBXBuildFile; fileRef = CEEAAC5B2FB87D8900EF5186 /* AudioSessionConfigurator.swift */; };
		CEEAAC5E2FB87D8900EF5188 /* SwipeBackEnabler.swift in Sources */ = {isa = PBXBuildFile; fileRef = CEEAAC5D2FB87D8900EF5187 /* SwipeBackEnabler.swift */; };
		CEF644E2B8DD9C620CF60C35 /* EditorTextOverlayLayerView.swift in Sources */ = {isa = PBXBuildFile; fileRef = 63818BB3864D795FD2D9606A /* EditorTextOverlayLayerView.swift */; };
		E434F1A8643FE533BE3D202B /* EditorTextActionBar.swift in Sources */ = {isa = PBXBuildFile; fileRef = 8E56D87ACFF2712C8890CA60 /* EditorTextActionBar.swift */; };
/* End PBXBuildFile section */

/* Begin PBXFileReference section */
		494AF242A7E19C2ED189AC1D /* AppTheme.swift */ = {isa = PBXFileReference; lastKnownFileType = sourcecode.swift; path = AppTheme.swift; sourceTree = "<group>"; };
		63818BB3864D795FD2D9606A /* EditorTextOverlayLayerView.swift */ = {isa = PBXFileReference; includeInIndex = 1; lastKnownFileType = sourcecode.swift; name = EditorTextOverlayLayerView.swift; path = Features/Editor/View/Components/EditorTextOverlayLayerView.swift; sourceTree = "<group>"; };
		63F8ECBE73E4FFD084A70D66 /* TextOverlayEditorSheet.swift */ = {isa = PBXFileReference; includeInIndex = 1; lastKnownFileType = sourcecode.swift; path = TextOverlayEditorSheet.swift; sourceTree = "<group>"; };
		6432709C5697BF3533DB9761 /* EditorTextOverlayRenderer.swift */ = {isa = PBXFileReference; includeInIndex = 1; lastKnownFileType = sourcecode.swift; name = EditorTextOverlayRenderer.swift; path = Features/Editor/Services/EditorTextOverlayRenderer.swift; sourceTree = "<group>"; };
		80BD65BF4472826A783449A0 /* AudioPickerView.swift */ = {isa = PBXFileReference; includeInIndex = 1; lastKnownFileType = sourcecode.swift; path = AudioPickerView.swift; sourceTree = "<group>"; };
		8E56D87ACFF2712C8890CA60 /* EditorTextActionBar.swift */ = {isa = PBXFileReference; includeInIndex = 1; lastKnownFileType = sourcecode.swift; path = EditorTextActionBar.swift; sourceTree = "<group>"; };
		A0B0F00DDEAFB001CAFE0001 /* MediaItem.swift */ = {isa = PBXFileReference; lastKnownFileType = sourcecode.swift; path = MediaItem.swift; sourceTree = "<group>"; };
		A0B0F00DDEAFB001CAFE0002 /* MediaFilter.swift */ = {isa = PBXFileReference; lastKnownFileType = sourcecode.swift; path = MediaFilter.swift; sourceTree = "<group>"; };
		A0B0F00DDEAFB001CAFE0003 /* PhotoLibraryViewModel.swift */ = {isa = PBXFileReference; lastKnownFileType = sourcecode.swift; path = PhotoLibraryViewModel.swift; sourceTree = "<group>"; };
		A0B0F00DDEAFB001CAFE0004 /* MediaThumbnailView.swift */ = {isa = PBXFileReference; lastKnownFileType = sourcecode.swift; path = MediaThumbnailView.swift; sourceTree = "<group>"; };
		A0B0F00DDEAFB001CAFE0005 /* MediaGridItemView.swift */ = {isa = PBXFileReference; lastKnownFileType = sourcecode.swift; path = MediaGridItemView.swift; sourceTree = "<group>"; };
		A0B0F00DDEAFB001CAFE0006 /* FilterChip.swift */ = {isa = PBXFileReference; lastKnownFileType = sourcecode.swift; path = FilterChip.swift; sourceTree = "<group>"; };
		A0B0F00DDEAFB001CAFE0007 /* SelectionBottomBar.swift */ = {isa = PBXFileReference; lastKnownFileType = sourcecode.swift; path = SelectionBottomBar.swift; sourceTree = "<group>"; };
		A0B0F00DDEAFB001CAFE0008 /* MediaPreviewView.swift */ = {isa = PBXFileReference; lastKnownFileType = sourcecode.swift; path = MediaPreviewView.swift; sourceTree = "<group>"; };
		B7FA166B3D2D812B47B67F76 /* Mixtape.app */ = {isa = PBXFileReference; explicitFileType = wrapper.application; includeInIndex = 0; path = Mixtape.app; sourceTree = BUILT_PRODUCTS_DIR; };
		BA0EDF00DEAFB001CAFE0001 /* EditorTool.swift */ = {isa = PBXFileReference; lastKnownFileType = sourcecode.swift; path = EditorTool.swift; sourceTree = "<group>"; };
		BA0EDF00DEAFB001CAFE0002 /* EditorClip.swift */ = {isa = PBXFileReference; lastKnownFileType = sourcecode.swift; path = EditorClip.swift; sourceTree = "<group>"; };
		BA0EDF00DEAFB001CAFE0003 /* EditorTextOverlay.swift */ = {isa = PBXFileReference; lastKnownFileType = sourcecode.swift; path = EditorTextOverlay.swift; sourceTree = "<group>"; };
		BA0EDF00DEAFB001CAFE0004 /* EditorAudioClip.swift */ = {isa = PBXFileReference; lastKnownFileType = sourcecode.swift; path = EditorAudioClip.swift; sourceTree = "<group>"; };
		BA0EDF00DEAFB001CAFE0005 /* EditorViewModel.swift */ = {isa = PBXFileReference; lastKnownFileType = sourcecode.swift; path = EditorViewModel.swift; sourceTree = "<group>"; };
		BA0EDF00DEAFB001CAFE0006 /* EditorTopBar.swift */ = {isa = PBXFileReference; lastKnownFileType = sourcecode.swift; path = EditorTopBar.swift; sourceTree = "<group>"; };
		BA0EDF00DEAFB001CAFE0007 /* EditorPreviewPlayer.swift */ = {isa = PBXFileReference; lastKnownFileType = sourcecode.swift; path = EditorPreviewPlayer.swift; sourceTree = "<group>"; };
		BA0EDF00DEAFB001CAFE0008 /* EditorTimeline.swift */ = {isa = PBXFileReference; lastKnownFileType = sourcecode.swift; path = EditorTimeline.swift; sourceTree = "<group>"; };
		BA0EDF00DEAFB001CAFE0009 /* EditorBottomToolbar.swift */ = {isa = PBXFileReference; lastKnownFileType = sourcecode.swift; path = EditorBottomToolbar.swift; sourceTree = "<group>"; };
		BA0EDF00DEAFB001CAFE000A /* EditorScreen.swift */ = {isa = PBXFileReference; lastKnownFileType = sourcecode.swift; path = EditorScreen.swift; sourceTree = "<group>"; };
		BA0EDF00DEAFB001CAFE000B /* ClipTrimHandleView.swift */ = {isa = PBXFileReference; lastKnownFileType = sourcecode.swift; path = ClipTrimHandleView.swift; sourceTree = "<group>"; };
		BA0EDF00DEAFB001CAFE000C /* EditorCompositionBuilder.swift */ = {isa = PBXFileReference; lastKnownFileType = sourcecode.swift; path = EditorCompositionBuilder.swift; sourceTree = "<group>"; };
		BA0EDF00DEAFB001CAFE0010 /* EditorTimelineSnapshot.swift */ = {isa = PBXFileReference; lastKnownFileType = sourcecode.swift; path = EditorTimelineSnapshot.swift; sourceTree = "<group>"; };
		BA0EDF00DEAFB001CAFE0011 /* EditorUndoManager.swift */ = {isa = PBXFileReference; lastKnownFileType = sourcecode.swift; path = EditorUndoManager.swift; sourceTree = "<group>"; };
		BA0EDF00DEAFB001CAFE0012 /* EditorExportService.swift */ = {isa = PBXFileReference; lastKnownFileType = sourcecode.swift; path = EditorExportService.swift; sourceTree = "<group>"; };
		BA0EDF00DEAFB001CAFE0013 /* ClipThumbnailService.swift */ = {isa = PBXFileReference; lastKnownFileType = sourcecode.swift; path = ClipThumbnailService.swift; sourceTree = "<group>"; };
		BA0EDF00DEAFB001CAFE0014 /* SpeedToolPanel.swift */ = {isa = PBXFileReference; lastKnownFileType = sourcecode.swift; path = SpeedToolPanel.swift; sourceTree = "<group>"; };
		BA0EDF00DEAFB001CAFE0015 /* ClipFilmstripView.swift */ = {isa = PBXFileReference; lastKnownFileType = sourcecode.swift; path = ClipFilmstripView.swift; sourceTree = "<group>"; };
		BA0EDF00DEAFB001CAFE0016 /* EditorExportSettings.swift */ = {isa = PBXFileReference; lastKnownFileType = sourcecode.swift; path = EditorExportSettings.swift; sourceTree = "<group>"; };
		BA0EDF00DEAFB001CAFE0017 /* EditorExportScreen.swift */ = {isa = PBXFileReference; lastKnownFileType = sourcecode.swift; path = EditorExportScreen.swift; sourceTree = "<group>"; };
		BA0EDF00DEAFB001CAFE0018 /* EditorClipActionBar.swift */ = {isa = PBXFileReference; lastKnownFileType = sourcecode.swift; path = EditorClipActionBar.swift; sourceTree = "<group>"; };
		BA0EDF00DEAFB001CAFE0019 /* ClipReorderGestureView.swift */ = {isa = PBXFileReference; lastKnownFileType = sourcecode.swift; path = ClipReorderGestureView.swift; sourceTree = "<group>"; };
		BA0EDF00DEAFB001CAFE001A /* EditorAudioActionBar.swift */ = {isa = PBXFileReference; lastKnownFileType = sourcecode.swift; path = EditorAudioActionBar.swift; sourceTree = "<group>"; };
		BA0EDF00DEAFB001CAFE001B /* EditorTransitionCompositor.swift */ = {isa = PBXFileReference; lastKnownFileType = sourcecode.swift; path = EditorTransitionCompositor.swift; sourceTree = "<group>"; };
		BA0EDF00DEAFB001CAFE001C /* EditorTransition.swift */ = {isa = PBXFileReference; lastKnownFileType = sourcecode.swift; path = EditorTransition.swift; sourceTree = "<group>"; };
		BF5180642B1AC3288A6921DE /* MixtapeApp.swift */ = {isa = PBXFileReference; lastKnownFileType = sourcecode.swift; path = MixtapeApp.swift; sourceTree = "<group>"; };
		CED677962FACE5BD00531EBF /* ProjectListScreen.swift */ = {isa = PBXFileReference; lastKnownFileType = sourcecode.swift; path = ProjectListScreen.swift; sourceTree = "<group>"; };
		C010D001A15C010000000001 /* EditorColorGrade.swift */ = {isa = PBXFileReference; lastKnownFileType = sourcecode.swift; path = EditorColorGrade.swift; sourceTree = "<group>"; };
		C010D002A15C010000000002 /* EditorColorGradeRenderer.swift */ = {isa = PBXFileReference; lastKnownFileType = sourcecode.swift; path = EditorColorGradeRenderer.swift; sourceTree = "<group>"; };
		C010D003A15C010000000003 /* ColorAdjustmentToolPanel.swift */ = {isa = PBXFileReference; lastKnownFileType = sourcecode.swift; path = ColorAdjustmentToolPanel.swift; sourceTree = "<group>"; };
		C010D004A15C010000000004 /* ColorGradeControls.swift */ = {isa = PBXFileReference; lastKnownFileType = sourcecode.swift; path = ColorGradeControls.swift; sourceTree = "<group>"; };
		C010D005A15C010000000005 /* EditorColorScopeAnalyzer.swift */ = {isa = PBXFileReference; lastKnownFileType = sourcecode.swift; path = EditorColorScopeAnalyzer.swift; sourceTree = "<group>"; };
		C010D006A15C010000000006 /* ColorScopeViews.swift */ = {isa = PBXFileReference; lastKnownFileType = sourcecode.swift; path = ColorScopeViews.swift; sourceTree = "<group>"; };
		C010D007A15C010000000007 /* EditorFaceMaskDetector.swift */ = {isa = PBXFileReference; lastKnownFileType = sourcecode.swift; path = EditorFaceMaskDetector.swift; sourceTree = "<group>"; };
		C010D008A15C010000000008 /* ColorMaskControls.swift */ = {isa = PBXFileReference; lastKnownFileType = sourcecode.swift; path = ColorMaskControls.swift; sourceTree = "<group>"; };
		C010D009A15C010000000009 /* EditorColorMaskTracker.swift */ = {isa = PBXFileReference; lastKnownFileType = sourcecode.swift; path = EditorColorMaskTracker.swift; sourceTree = "<group>"; };
		C010D00AA15C01000000000A /* EditorKeyframe.swift */ = {isa = PBXFileReference; lastKnownFileType = sourcecode.swift; path = EditorKeyframe.swift; sourceTree = "<group>"; };
		C010D00CA15C01000000000C /* EditorAdaptiveBottomSheet.swift */ = {isa = PBXFileReference; lastKnownFileType = sourcecode.swift; path = EditorAdaptiveBottomSheet.swift; sourceTree = "<group>"; };
		C010D00BA15C01000000000B /* KeyframeToolPanel.swift */ = {isa = PBXFileReference; lastKnownFileType = sourcecode.swift; path = KeyframeToolPanel.swift; sourceTree = "<group>"; };
		C010D00DA15C01000000000D /* EditorSpeedRamp.swift */ = {isa = PBXFileReference; lastKnownFileType = sourcecode.swift; path = EditorSpeedRamp.swift; sourceTree = "<group>"; };
		C020D001A15C020000000001 /* EditorOverlayCompositing.swift */ = {isa = PBXFileReference; lastKnownFileType = sourcecode.swift; path = EditorOverlayCompositing.swift; sourceTree = "<group>"; };
		C020D002A15C020000000002 /* EditorOverlayCompositingRenderer.swift */ = {isa = PBXFileReference; lastKnownFileType = sourcecode.swift; path = EditorOverlayCompositingRenderer.swift; sourceTree = "<group>"; };
		C020D003A15C020000000003 /* OverlayCompositingToolPanel.swift */ = {isa = PBXFileReference; lastKnownFileType = sourcecode.swift; path = OverlayCompositingToolPanel.swift; sourceTree = "<group>"; };
		C020D004A15C020000000004 /* CompositingMaskSelectionLayer.swift */ = {isa = PBXFileReference; lastKnownFileType = sourcecode.swift; path = CompositingMaskSelectionLayer.swift; sourceTree = "<group>"; };
		C030D001A15C030000000001 /* EditorMotionTracking.swift */ = {isa = PBXFileReference; lastKnownFileType = sourcecode.swift; path = EditorMotionTracking.swift; sourceTree = "<group>"; };
		C030D002A15C030000000002 /* EditorMotionTracker.swift */ = {isa = PBXFileReference; lastKnownFileType = sourcecode.swift; path = EditorMotionTracker.swift; sourceTree = "<group>"; };
		C030D003A15C030000000003 /* MotionTrackingToolPanel.swift */ = {isa = PBXFileReference; lastKnownFileType = sourcecode.swift; path = MotionTrackingToolPanel.swift; sourceTree = "<group>"; };
		C030D004A15C030000000004 /* MotionTrackingSelectionLayer.swift */ = {isa = PBXFileReference; lastKnownFileType = sourcecode.swift; path = MotionTrackingSelectionLayer.swift; sourceTree = "<group>"; };
		CED6779B2FACEC0E00531EBF /* ProjectMockModel.swift */ = {isa = PBXFileReference; lastKnownFileType = sourcecode.swift; path = ProjectMockModel.swift; sourceTree = "<group>"; };
		CED6779D2FAD04CD00531EBF /* AppGlobalBackgroundScaffold.swift */ = {isa = PBXFileReference; lastKnownFileType = sourcecode.swift; path = AppGlobalBackgroundScaffold.swift; sourceTree = "<group>"; };
		CED677A02FAD0DD200531EBF /* SizedBox.swift */ = {isa = PBXFileReference; lastKnownFileType = sourcecode.swift; path = SizedBox.swift; sourceTree = "<group>"; };
		CED677A02FADDF700531EBF /* EditorProject.swift */ = {isa = PBXFileReference; lastKnownFileType = sourcecode.swift; path = EditorProject.swift; sourceTree = "<group>"; };
		CED677A12FADDF700531EBF /* ProjectStore.swift */ = {isa = PBXFileReference; lastKnownFileType = sourcecode.swift; path = ProjectStore.swift; sourceTree = "<group>"; };
		CED677A22FADDF700531EBF /* ProjectListViewModel.swift */ = {isa = PBXFileReference; lastKnownFileType = sourcecode.swift; path = ProjectListViewModel.swift; sourceTree = "<group>"; };
		CED677A32FAD2D2B00531EBF /* ProjectCardView.swift */ = {isa = PBXFileReference; lastKnownFileType = sourcecode.swift; path = ProjectCardView.swift; sourceTree = "<group>"; };
		CED677A52FADDF6E00531EBF /* CreateProjectScreen.swift */ = {isa = PBXFileReference; lastKnownFileType = sourcecode.swift; path = CreateProjectScreen.swift; sourceTree = "<group>"; };
		CED677A72FADDF6E00531EBF /* MediaLibraryPickerScreen.swift */ = {isa = PBXFileReference; lastKnownFileType = sourcecode.swift; path = MediaLibraryPickerScreen.swift; sourceTree = "<group>"; };
		CEEAAC5A2FB87D8900EF5185 /* Mixtape-Info.plist */ = {isa = PBXFileReference; lastKnownFileType = text.plist; path = "Mixtape-Info.plist"; sourceTree = "<group>"; };
		CEEAAC5B2FB87D8900EF5186 /* AudioSessionConfigurator.swift */ = {isa = PBXFileReference; lastKnownFileType = sourcecode.swift; path = AudioSessionConfigurator.swift; sourceTree = "<group>"; };
		CEEAAC5D2FB87D8900EF5187 /* SwipeBackEnabler.swift */ = {isa = PBXFileReference; lastKnownFileType = sourcecode.swift; path = SwipeBackEnabler.swift; sourceTree = "<group>"; };
		E87DAAFAE4F84C0C17BFE6B8 /* VolumeToolPanel.swift */ = {isa = PBXFileReference; includeInIndex = 1; lastKnownFileType = sourcecode.swift; path = VolumeToolPanel.swift; sourceTree = "<group>"; };
		FD381624E89BEA467A3F6BF0 /* Assets.xcassets */ = {isa = PBXFileReference; lastKnownFileType = folder.assetcatalog; path = Assets.xcassets; sourceTree = "<group>"; };
/* End PBXFileReference section */

/* Begin PBXFrameworksBuildPhase section */
		71FE200D317990948E24D8EE /* Frameworks */ = {
			isa = PBXFrameworksBuildPhase;
			buildActionMask = 2147483647;
			files = (
			);
			runOnlyForDeploymentPostprocessing = 0;
		};
/* End PBXFrameworksBuildPhase section */

/* Begin PBXGroup section */
		1B0252DF872D811E398F4B30 /* Services */ = {
			isa = PBXGroup;
			children = (
				6432709C5697BF3533DB9761 /* EditorTextOverlayRenderer.swift */,
			);
			name = Services;
			sourceTree = "<group>";
		};
		1E4A1728AD0F8AF0776ADE98 /* App */ = {
			isa = PBXGroup;
			children = (
				BF5180642B1AC3288A6921DE /* MixtapeApp.swift */,
			);
			path = App;
			sourceTree = "<group>";
		};
		390D6AA02EC2146AAC9E2BCE /* Core */ = {
			isa = PBXGroup;
			children = (
				CED6779F2FAD0DA700531EBF /* Components */,
				CEEAAC5B2FB87D8900EF5186 /* AudioSessionConfigurator.swift */,
				CEEAAC5D2FB87D8900EF5187 /* SwipeBackEnabler.swift */,
				494AF242A7E19C2ED189AC1D /* AppTheme.swift */,
				CED6779D2FAD04CD00531EBF /* AppGlobalBackgroundScaffold.swift */,
			);
			path = Core;
			sourceTree = "<group>";
		};
		5C999E731352905727541C3C = {
			isa = PBXGroup;
			children = (
				CEEAAC5A2FB87D8900EF5185 /* Mixtape-Info.plist */,
				D4BAA6CF3F4204D0B19A1276,
				6D159F361021D92BC3E10E55 /* Products */,
				BF174851CFE65A0CEB3B9109 /* Features */,
			);
			sourceTree = "<group>";
		};
		6D159F361021D92BC3E10E55 /* Products */ = {
			isa = PBXGroup;
			children = (
				B7FA166B3D2D812B47B67F76 /* Mixtape.app */,
			);
			name = Products;
			sourceTree = "<group>";
		};
		8A526E2D129104CE8B3EED61 /* Components */ = {
			isa = PBXGroup;
			children = (
				63818BB3864D795FD2D9606A /* EditorTextOverlayLayerView.swift */,
			);
			name = Components;
			sourceTree = "<group>";
		};
		A0B0F00DDEAFB001CAFE0200 /* ViewModel */ = {
			isa = PBXGroup;
			children = (
				A0B0F00DDEAFB001CAFE0003 /* PhotoLibraryViewModel.swift */,
				CED677A22FADDF700531EBF /* ProjectListViewModel.swift */,
			);
			path = ViewModel;
			sourceTree = "<group>";
		};
		BA0EDF00DEAFB001CAFE0200 /* Editor */ = {
			isa = PBXGroup;
			children = (
				BA0EDF00DEAFB001CAFE0201 /* Model */,
				BA0EDF00DEAFB001CAFE0203 /* ViewModel */,
				BA0EDF00DEAFB001CAFE0205 /* Services */,
				BA0EDF00DEAFB001CAFE0207 /* View */,
			);
			path = Editor;
			sourceTree = "<group>";
		};
		BA0EDF00DEAFB001CAFE0201 /* Model */ = {
			isa = PBXGroup;
			children = (
				BA0EDF00DEAFB001CAFE0001 /* EditorTool.swift */,
				BA0EDF00DEAFB001CAFE0002 /* EditorClip.swift */,
				C010D001A15C010000000001 /* EditorColorGrade.swift */,
				C010D00AA15C01000000000A /* EditorKeyframe.swift */,
				C010D00DA15C01000000000D /* EditorSpeedRamp.swift */,
				C020D001A15C020000000001 /* EditorOverlayCompositing.swift */,
				C030D001A15C030000000001 /* EditorMotionTracking.swift */,
				BA0EDF00DEAFB001CAFE001C /* EditorTransition.swift */,
				BA0EDF00DEAFB001CAFE0003 /* EditorTextOverlay.swift */,
				BA0EDF00DEAFB001CAFE0004 /* EditorAudioClip.swift */,
				BA0EDF00DEAFB001CAFE0010 /* EditorTimelineSnapshot.swift */,
				BA0EDF00DEAFB001CAFE0016 /* EditorExportSettings.swift */,
			);
			path = Model;
			sourceTree = "<group>";
		};
		BA0EDF00DEAFB001CAFE0203 /* ViewModel */ = {
			isa = PBXGroup;
			children = (
				BA0EDF00DEAFB001CAFE0005 /* EditorViewModel.swift */,
			);
			path = ViewModel;
			sourceTree = "<group>";
		};
		BA0EDF00DEAFB001CAFE0204 /* Components */ = {
			isa = PBXGroup;
			children = (
				BA0EDF00DEAFB001CAFE0006 /* EditorTopBar.swift */,
				BA0EDF00DEAFB001CAFE0007 /* EditorPreviewPlayer.swift */,
				BA0EDF00DEAFB001CAFE0008 /* EditorTimeline.swift */,
				BA0EDF00DEAFB001CAFE0009 /* EditorBottomToolbar.swift */,
				BA0EDF00DEAFB001CAFE0018 /* EditorClipActionBar.swift */,
				BA0EDF00DEAFB001CAFE001A /* EditorAudioActionBar.swift */,
				BA0EDF00DEAFB001CAFE0019 /* ClipReorderGestureView.swift */,
				BA0EDF00DEAFB001CAFE000B /* ClipTrimHandleView.swift */,
				BA0EDF00DEAFB001CAFE0014 /* SpeedToolPanel.swift */,
				BA0EDF00DEAFB001CAFE0015 /* ClipFilmstripView.swift */,
				63F8ECBE73E4FFD084A70D66 /* TextOverlayEditorSheet.swift */,
				8E56D87ACFF2712C8890CA60 /* EditorTextActionBar.swift */,
				E87DAAFAE4F84C0C17BFE6B8 /* VolumeToolPanel.swift */,
				C010D003A15C010000000003 /* ColorAdjustmentToolPanel.swift */,
				C010D004A15C010000000004 /* ColorGradeControls.swift */,
				C010D006A15C010000000006 /* ColorScopeViews.swift */,
				C010D008A15C010000000008 /* ColorMaskControls.swift */,
				C010D00CA15C01000000000C /* EditorAdaptiveBottomSheet.swift */,
				C010D00BA15C01000000000B /* KeyframeToolPanel.swift */,
				C020D003A15C020000000003 /* OverlayCompositingToolPanel.swift */,
				C020D004A15C020000000004 /* CompositingMaskSelectionLayer.swift */,
				C030D003A15C030000000003 /* MotionTrackingToolPanel.swift */,
				C030D004A15C030000000004 /* MotionTrackingSelectionLayer.swift */,
				80BD65BF4472826A783449A0 /* AudioPickerView.swift */,
			);
			path = Components;
			sourceTree = "<group>";
		};
		BA0EDF00DEAFB001CAFE0205 /* Services */ = {
			isa = PBXGroup;
			children = (
				BA0EDF00DEAFB001CAFE000C /* EditorCompositionBuilder.swift */,
				BA0EDF00DEAFB001CAFE001B /* EditorTransitionCompositor.swift */,
				C010D002A15C010000000002 /* EditorColorGradeRenderer.swift */,
				C020D002A15C020000000002 /* EditorOverlayCompositingRenderer.swift */,
				C010D005A15C010000000005 /* EditorColorScopeAnalyzer.swift */,
				C010D007A15C010000000007 /* EditorFaceMaskDetector.swift */,
				C010D009A15C010000000009 /* EditorColorMaskTracker.swift */,
				C030D002A15C030000000002 /* EditorMotionTracker.swift */,
				BA0EDF00DEAFB001CAFE0011 /* EditorUndoManager.swift */,
				BA0EDF00DEAFB001CAFE0012 /* EditorExportService.swift */,
				BA0EDF00DEAFB001CAFE0013 /* ClipThumbnailService.swift */,
			);
			path = Services;
			sourceTree = "<group>";
		};
		BA0EDF00DEAFB001CAFE0206 /* Screens */ = {
			isa = PBXGroup;
			children = (
				BA0EDF00DEAFB001CAFE000A /* EditorScreen.swift */,
				BA0EDF00DEAFB001CAFE0017 /* EditorExportScreen.swift */,
			);
			path = Screens;
			sourceTree = "<group>";
		};
		BA0EDF00DEAFB001CAFE0207 /* View */ = {
			isa = PBXGroup;
			children = (
				BA0EDF00DEAFB001CAFE0206 /* Screens */,
				BA0EDF00DEAFB001CAFE0204 /* Components */,
			);
			path = View;
			sourceTree = "<group>";
		};
		BF174851CFE65A0CEB3B9109 /* Features */ = {
			isa = PBXGroup;
			children = (
				E19ABBF430D6641C2BC7E80F /* Editor */,
			);
			name = Features;
			sourceTree = "<group>";
		};
		CED677932FACE2B300531EBF /* Features */ = {
			isa = PBXGroup;
			children = (
				CED677942FACE3AC00531EBF /* ProjectList */,
				BA0EDF00DEAFB001CAFE0200 /* Editor */,
			);
			path = Features;
			sourceTree = "<group>";
		};
		CED677942FACE3AC00531EBF /* ProjectList */ = {
			isa = PBXGroup;
			children = (
				CED6779A2FACEBF700531EBF /* Model */,
				A0B0F00DDEAFB001CAFE0200 /* ViewModel */,
				CED677B02FADDF700531EBF /* Services */,
				CED677A92FADDF6E00531EBF1 /* View */,
			);
			path = ProjectList;
			sourceTree = "<group>";
		};
		CED6779A2FACEBF700531EBF /* Model */ = {
			isa = PBXGroup;
			children = (
				CED6779B2FACEC0E00531EBF /* ProjectMockModel.swift */,
				CED677A02FADDF700531EBF /* EditorProject.swift */,
				A0B0F00DDEAFB001CAFE0001 /* MediaItem.swift */,
				A0B0F00DDEAFB001CAFE0002 /* MediaFilter.swift */,
			);
			path = Model;
			sourceTree = "<group>";
		};
		CED6779F2FAD0DA700531EBF /* Components */ = {
			isa = PBXGroup;
			children = (
				CED677A02FAD0DD200531EBF /* SizedBox.swift */,
			);
			path = Components;
			sourceTree = "<group>";
		};
		CED677A22FAD2D0D00531EBF /* Components */ = {
			isa = PBXGroup;
			children = (
				CED677A32FAD2D2B00531EBF /* ProjectCardView.swift */,
				A0B0F00DDEAFB001CAFE0004 /* MediaThumbnailView.swift */,
				A0B0F00DDEAFB001CAFE0005 /* MediaGridItemView.swift */,
				A0B0F00DDEAFB001CAFE0006 /* FilterChip.swift */,
				A0B0F00DDEAFB001CAFE0007 /* SelectionBottomBar.swift */,
				A0B0F00DDEAFB001CAFE0008 /* MediaPreviewView.swift */,
			);
			path = Components;
			sourceTree = "<group>";
		};
		CED677A82FADDF6E00531EBF0 /* Screens */ = {
			isa = PBXGroup;
			children = (
				CED677962FACE5BD00531EBF /* ProjectListScreen.swift */,
				CED677A52FADDF6E00531EBF /* CreateProjectScreen.swift */,
				CED677A72FADDF6E00531EBF /* MediaLibraryPickerScreen.swift */,
			);
			path = Screens;
			sourceTree = "<group>";
		};
		CED677A92FADDF6E00531EBF1 /* View */ = {
			isa = PBXGroup;
			children = (
				CED677A82FADDF6E00531EBF0 /* Screens */,
				CED677A22FAD2D0D00531EBF /* Components */,
			);
			path = View;
			sourceTree = "<group>";
		};
		CED677B02FADDF700531EBF /* Services */ = {
			isa = PBXGroup;
			children = (
				CED677A12FADDF700531EBF /* ProjectStore.swift */,
			);
			path = Services;
			sourceTree = "<group>";
		};
		D4BAA6CF3F4204D0B19A1276 = {
			isa = PBXGroup;
			children = (
				FD381624E89BEA467A3F6BF0 /* Assets.xcassets */,
				1E4A1728AD0F8AF0776ADE98 /* App */,
				390D6AA02EC2146AAC9E2BCE /* Core */,
				CED677932FACE2B300531EBF /* Features */,
			);
			sourceTree = "<group>";
		};
		E19ABBF430D6641C2BC7E80F /* Editor */ = {
			isa = PBXGroup;
			children = (
				F7CCE4090E9255ADDB3CBCC3 /* View */,
				1B0252DF872D811E398F4B30 /* Services */,
			);
			name = Editor;
			sourceTree = "<group>";
		};
		F7CCE4090E9255ADDB3CBCC3 /* View */ = {
			isa = PBXGroup;
			children = (
				8A526E2D129104CE8B3EED61 /* Components */,
			);
			name = View;
			sourceTree = "<group>";
		};
/* End PBXGroup section */

/* Begin PBXNativeTarget section */
		C41A31890959544C6523AF68 /* Mixtape */ = {
			isa = PBXNativeTarget;
			buildConfigurationList = 8B271C3BF441746F5312D6FC /* Build configuration list for PBXNativeTarget "Mixtape" */;
			buildPhases = (
				A7BB88F141516E17F21602B2 /* Sources */,
				71FE200D317990948E24D8EE /* Frameworks */,
				AF5FE74DAAF3C2BCB23F9A40 /* Resources */,
			);
			buildRules = (
			);
			dependencies = (
			);
			name = Mixtape;
			productName = Mixtape;
			productReference = B7FA166B3D2D812B47B67F76 /* Mixtape.app */;
			productType = "com.apple.product-type.application";
		};
/* End PBXNativeTarget section */

/* Begin PBXProject section */
		9E727FDD3AEC8274F4668544 /* Project object */ = {
			isa = PBXProject;
			attributes = {
				LastUpgradeCheck = 1500;
				TargetAttributes = {
					C41A31890959544C6523AF68 = {
						CreatedOnToolsVersion = 15.0;
					};
				};
			};
			buildConfigurationList = 04381F66F2952792222CD8FA /* Build configuration list for PBXProject "Mixtape" */;
			compatibilityVersion = "Xcode 14.0";
			developmentRegion = en;
			hasScannedForEncodings = 0;
			knownRegions = (
				en,
				Base,
			);
			mainGroup = 5C999E731352905727541C3C;
			productRefGroup = 6D159F361021D92BC3E10E55 /* Products */;
			projectDirPath = "";
			projectRoot = "";
			targets = (
				C41A31890959544C6523AF68 /* Mixtape */,
			);
		};
/* End PBXProject section */

/* Begin PBXResourcesBuildPhase section */
		AF5FE74DAAF3C2BCB23F9A40 /* Resources */ = {
			isa = PBXResourcesBuildPhase;
			buildActionMask = 2147483647;
			files = (
				912359B39005B15F533413E3 /* Assets.xcassets in Resources */,
			);
			runOnlyForDeploymentPostprocessing = 0;
		};
/* End PBXResourcesBuildPhase section */

/* Begin PBXSourcesBuildPhase section */
		A7BB88F141516E17F21602B2 /* Sources */ = {
			isa = PBXSourcesBuildPhase;
			buildActionMask = 2147483647;
			files = (
				B95033CA06554AA0D1EE9337 /* MixtapeApp.swift in Sources */,
				CED6779C2FACEC0E00531EBF /* ProjectMockModel.swift in Sources */,
				07894D43A3CE2D26E7D5A681 /* AppTheme.swift in Sources */,
				CED677A12FAD0DD200531EBF /* SizedBox.swift in Sources */,
				CED6779E2FAD04CD00531EBF /* AppGlobalBackgroundScaffold.swift in Sources */,
				CEEAAC5C2FB87D8900EF5186 /* AudioSessionConfigurator.swift in Sources */,
				CEEAAC5E2FB87D8900EF5188 /* SwipeBackEnabler.swift in Sources */,
				CED677A42FAD2D2B00531EBF /* ProjectCardView.swift in Sources */,
				CED677972FACE5BD00531EBF /* ProjectListScreen.swift in Sources */,
				CED677A62FADDF6E00531EBF /* CreateProjectScreen.swift in Sources */,
				CED677A82FADDF6E00531EBF /* MediaLibraryPickerScreen.swift in Sources */,
				A0B0F00DDEAFB001CAFE0101 /* MediaItem.swift in Sources */,
				A0B0F00DDEAFB001CAFE0102 /* MediaFilter.swift in Sources */,
				A0B0F00DDEAFB001CAFE0103 /* PhotoLibraryViewModel.swift in Sources */,
				A0B0F00DDEAFB001CAFE0104 /* MediaThumbnailView.swift in Sources */,
				A0B0F00DDEAFB001CAFE0105 /* MediaGridItemView.swift in Sources */,
				A0B0F00DDEAFB001CAFE0106 /* FilterChip.swift in Sources */,
				A0B0F00DDEAFB001CAFE0107 /* SelectionBottomBar.swift in Sources */,
				A0B0F00DDEAFB001CAFE0108 /* MediaPreviewView.swift in Sources */,
				BA0EDF00DEAFB001CAFE0101 /* EditorTool.swift in Sources */,
				BA0EDF00DEAFB001CAFE0102 /* EditorClip.swift in Sources */,
				C010C001A15C010000000001 /* EditorColorGrade.swift in Sources */,
				C010C00AA15C01000000000A /* EditorKeyframe.swift in Sources */,
				C010C00DA15C01000000000D /* EditorSpeedRamp.swift in Sources */,
				C020C001A15C020000000001 /* EditorOverlayCompositing.swift in Sources */,
				C030C001A15C030000000001 /* EditorMotionTracking.swift in Sources */,
				C030C002A15C030000000002 /* EditorMotionTracker.swift in Sources */,
				BA0EDF00DEAFB001CAFE011C /* EditorTransition.swift in Sources */,
				BA0EDF00DEAFB001CAFE0103 /* EditorTextOverlay.swift in Sources */,
				BA0EDF00DEAFB001CAFE0104 /* EditorAudioClip.swift in Sources */,
				BA0EDF00DEAFB001CAFE0105 /* EditorAudioActionBar.swift in Sources */,
				BA0EDF00DEAFB001CAFE011A /* EditorViewModel.swift in Sources */,
				BA0EDF00DEAFB001CAFE010C /* EditorCompositionBuilder.swift in Sources */,
				BA0EDF00DEAFB001CAFE011B /* EditorTransitionCompositor.swift in Sources */,
				C010C002A15C010000000002 /* EditorColorGradeRenderer.swift in Sources */,
				C020C002A15C020000000002 /* EditorOverlayCompositingRenderer.swift in Sources */,
				BA0EDF00DEAFB001CAFE0106 /* EditorTopBar.swift in Sources */,
				BA0EDF00DEAFB001CAFE0107 /* EditorPreviewPlayer.swift in Sources */,
				BA0EDF00DEAFB001CAFE0108 /* EditorTimeline.swift in Sources */,
				BA0EDF00DEAFB001CAFE0109 /* EditorBottomToolbar.swift in Sources */,
				BA0EDF00DEAFB001CAFE010B /* ClipTrimHandleView.swift in Sources */,
				BA0EDF00DEAFB001CAFE010A /* EditorScreen.swift in Sources */,
				BA0EDF00DEAFB001CAFE0110 /* EditorTimelineSnapshot.swift in Sources */,
				BA0EDF00DEAFB001CAFE0111 /* EditorUndoManager.swift in Sources */,
				BA0EDF00DEAFB001CAFE0112 /* EditorExportService.swift in Sources */,
				BA0EDF00DEAFB001CAFE0113 /* ClipThumbnailService.swift in Sources */,
				BA0EDF00DEAFB001CAFE0114 /* SpeedToolPanel.swift in Sources */,
				C020C003A15C020000000003 /* OverlayCompositingToolPanel.swift in Sources */,
				C020C004A15C020000000004 /* CompositingMaskSelectionLayer.swift in Sources */,
				C030C003A15C030000000003 /* MotionTrackingToolPanel.swift in Sources */,
				C030C004A15C030000000004 /* MotionTrackingSelectionLayer.swift in Sources */,
				BA0EDF00DEAFB001CAFE0115 /* ClipFilmstripView.swift in Sources */,
				CED677A02FADDF701531EBF /* EditorProject.swift in Sources */,
				CED677A12FADDF711531EBF /* ProjectStore.swift in Sources */,
				CED677A22FADDF721531EBF /* ProjectListViewModel.swift in Sources */,
				BA0EDF00DEAFB001CAFE0116 /* EditorExportSettings.swift in Sources */,
				BA0EDF00DEAFB001CAFE0117 /* EditorExportScreen.swift in Sources */,
				BA0EDF00DEAFB001CAFE0118 /* EditorClipActionBar.swift in Sources */,
				BA0EDF00DEAFB001CAFE0119 /* ClipReorderGestureView.swift in Sources */,
				4FB9AB17CDC14E3939385014 /* TextOverlayEditorSheet.swift in Sources */,
				E434F1A8643FE533BE3D202B /* EditorTextActionBar.swift in Sources */,
				CEF644E2B8DD9C620CF60C35 /* EditorTextOverlayLayerView.swift in Sources */,
				1FAFCD6593F00D7A42C9DDA7 /* EditorTextOverlayRenderer.swift in Sources */,
				794DF62E89AB0BCA798BCCAA /* VolumeToolPanel.swift in Sources */,
				C010C003A15C010000000003 /* ColorAdjustmentToolPanel.swift in Sources */,
				C010C004A15C010000000004 /* ColorGradeControls.swift in Sources */,
				C010C005A15C010000000005 /* EditorColorScopeAnalyzer.swift in Sources */,
				C010C006A15C010000000006 /* ColorScopeViews.swift in Sources */,
				C010C007A15C010000000007 /* EditorFaceMaskDetector.swift in Sources */,
				C010C008A15C010000000008 /* ColorMaskControls.swift in Sources */,
				C010C00CA15C01000000000C /* EditorAdaptiveBottomSheet.swift in Sources */,
				C010C009A15C010000000009 /* EditorColorMaskTracker.swift in Sources */,
				C010C00BA15C01000000000B /* KeyframeToolPanel.swift in Sources */,
				C0505206B7B237C572F82EFF /* AudioPickerView.swift in Sources */,
			);
			runOnlyForDeploymentPostprocessing = 0;
		};
/* End PBXSourcesBuildPhase section */

/* Begin XCBuildConfiguration section */
		3C865FDD1C80B47C0A0826A2 /* Debug */ = {
			isa = XCBuildConfiguration;
			buildSettings = {
				ASSETCATALOG_COMPILER_APPICON_NAME = AppIcon;
				ASSETCATALOG_COMPILER_GLOBAL_ACCENT_COLOR_NAME = AccentColor;
				CURRENT_PROJECT_VERSION = 1;
				DEVELOPMENT_TEAM = TTJL7FNUXQ;
				GENERATE_INFOPLIST_FILE = YES;
				INFOPLIST_FILE = "Mixtape-Info.plist";
				INFOPLIST_KEY_NSPhotoLibraryAddUsageDescription = "Mixtape needs permission to save exported videos to your photo library.";
				INFOPLIST_KEY_NSPhotoLibraryUsageDescription = "Mixtape needs access to your photo library so you can pick photos and videos for your projects.";
				INFOPLIST_KEY_UIApplicationSceneManifest_Generation = YES;
				INFOPLIST_KEY_UILaunchScreen_Generation = YES;
				INFOPLIST_KEY_UISupportedInterfaceOrientations_iPad = "UIInterfaceOrientationPortrait UIInterfaceOrientationPortraitUpsideDown UIInterfaceOrientationLandscapeLeft UIInterfaceOrientationLandscapeRight";
				INFOPLIST_KEY_UISupportedInterfaceOrientations_iPhone = UIInterfaceOrientationPortrait;
				INFOPLIST_KEY_UIUserInterfaceStyle = Dark;
				IPHONEOS_DEPLOYMENT_TARGET = 18.6;
				MARKETING_VERSION = 1.0.0;
				PRODUCT_BUNDLE_IDENTIFIER = com.dev.mixtape;
				PRODUCT_NAME = "$(TARGET_NAME)";
				SWIFT_VERSION = 5.0;
				TARGETED_DEVICE_FAMILY = "1,2";
			};
			name = Debug;
		};
		61672D85E657ED2A1F0DDDE4 /* Release */ = {
			isa = XCBuildConfiguration;
			buildSettings = {
				ALWAYS_SEARCH_USER_PATHS = NO;
				CLANG_ENABLE_MODULES = YES;
				CLANG_ENABLE_OBJC_ARC = YES;
				IPHONEOS_DEPLOYMENT_TARGET = 16.0;
				SDKROOT = iphoneos;
				SWIFT_OPTIMIZATION_LEVEL = "-O";
			};
			name = Release;
		};
		C709FCC84BC9578EB9F915E2 /* Debug */ = {
			isa = XCBuildConfiguration;
			buildSettings = {
				ALWAYS_SEARCH_USER_PATHS = NO;
				CLANG_ENABLE_MODULES = YES;
				CLANG_ENABLE_OBJC_ARC = YES;
				ENABLE_STRICT_OBJC_MSGSEND = YES;
				GCC_OPTIMIZATION_LEVEL = 0;
				IPHONEOS_DEPLOYMENT_TARGET = 16.0;
				SDKROOT = iphoneos;
				SWIFT_ACTIVE_COMPILATION_CONDITIONS = DEBUG;
				SWIFT_OPTIMIZATION_LEVEL = "-Onone";
			};
			name = Debug;
		};
		CFEDFA691963B1A7B22A7D71 /* Release */ = {
			isa = XCBuildConfiguration;
			buildSettings = {
				ASSETCATALOG_COMPILER_APPICON_NAME = AppIcon;
				ASSETCATALOG_COMPILER_GLOBAL_ACCENT_COLOR_NAME = AccentColor;
				CURRENT_PROJECT_VERSION = 1;
				DEVELOPMENT_TEAM = TTJL7FNUXQ;
				GENERATE_INFOPLIST_FILE = YES;
				INFOPLIST_FILE = "Mixtape-Info.plist";
				INFOPLIST_KEY_NSPhotoLibraryAddUsageDescription = "Mixtape needs permission to save exported videos to your photo library.";
				INFOPLIST_KEY_NSPhotoLibraryUsageDescription = "Mixtape needs access to your photo library so you can pick photos and videos for your projects.";
				INFOPLIST_KEY_UIApplicationSceneManifest_Generation = YES;
				INFOPLIST_KEY_UILaunchScreen_Generation = YES;
				INFOPLIST_KEY_UISupportedInterfaceOrientations_iPad = "UIInterfaceOrientationPortrait UIInterfaceOrientationPortraitUpsideDown UIInterfaceOrientationLandscapeLeft UIInterfaceOrientationLandscapeRight";
				INFOPLIST_KEY_UISupportedInterfaceOrientations_iPhone = UIInterfaceOrientationPortrait;
				INFOPLIST_KEY_UIUserInterfaceStyle = Dark;
				IPHONEOS_DEPLOYMENT_TARGET = 18.6;
				MARKETING_VERSION = 1.0.0;
				PRODUCT_BUNDLE_IDENTIFIER = com.dev.mixtape;
				PRODUCT_NAME = "$(TARGET_NAME)";
				SWIFT_VERSION = 5.0;
				TARGETED_DEVICE_FAMILY = "1,2";
			};
			name = Release;
		};
/* End XCBuildConfiguration section */

/* Begin XCConfigurationList section */
		04381F66F2952792222CD8FA /* Build configuration list for PBXProject "Mixtape" */ = {
			isa = XCConfigurationList;
			buildConfigurations = (
				C709FCC84BC9578EB9F915E2 /* Debug */,
				61672D85E657ED2A1F0DDDE4 /* Release */,
			);
			defaultConfigurationIsVisible = 0;
			defaultConfigurationName = Release;
		};
		8B271C3BF441746F5312D6FC /* Build configuration list for PBXNativeTarget "Mixtape" */ = {
			isa = XCConfigurationList;
			buildConfigurations = (
				3C865FDD1C80B47C0A0826A2 /* Debug */,
				CFEDFA691963B1A7B22A7D71 /* Release */,
			);
			defaultConfigurationIsVisible = 0;
			defaultConfigurationName = Release;
		};
/* End XCConfigurationList section */
	};
	rootObject = 9E727FDD3AEC8274F4668544 /* Project object */;
}
